
Microsoft Visual Studio Solution File, Format Version 12.00
# Visual Studio 15
VisualStudioVersion = 15.0.28307.1062
MinimumVisualStudioVersion = 10.0.40219.1
Project("{9A19103F-16F7-4668-BE54-9A1E7A4F7556}") = "Core", "Core.csproj", "{5FDE468E-BAAB-4E67-9067-EAB915599F13}"
EndProject
Global
	GlobalSection(SolutionConfigurationPlatforms) = preSolution
		Debug|Any CPU = Debug|Any CPU
		Release|Any CPU = Release|Any CPU
	EndGlobalSection
	GlobalSection(ProjectConfigurationPlatforms) = postSolution
		{5FDE468E-BAAB-4E67-9067-EAB915599F13}.Debug|Any CPU.ActiveCfg = Debug|Any CPU
		{5FDE468E-BAAB-4E67-9067-EAB915599F13}.Debug|Any CPU.Build.0 = Debug|Any CPU
		{5FDE468E-BAAB-4E67-9067-EAB915599F13}.Release|Any CPU.ActiveCfg = Release|Any CPU
		{5FDE468E-BAAB-4E67-9067-EAB915599F13}.Release|Any CPU.Build.0 = Release|Any CPU
	EndGlobalSection
	GlobalSection(SolutionProperties) = preSolution
		HideSolutionNode = FALSE
	EndGlobalSection
	GlobalSection(ExtensibilityGlobals) = postSolution
		SolutionGuid = {3549D000-4916-48F7-ABAA-236C3E913BCF}
	EndGlobalSection
EndGlobal
