
Microsoft Visual Studio Solution File, Format Version 12.00
# Visual Studio Version 16
VisualStudioVersion = 16.0.30011.22
MinimumVisualStudioVersion = 10.0.40219.1
Project("{FAE04EC0-301F-11D3-BF4B-00C04F79EFBC}") = "KayMcCormick.Dev", "KayMcCormick.Dev\KayMcCormick.Dev.csproj", "{6FCD1EF9-8936-4C8B-9F36-255CCE291CA9}"
EndProject
Project("{2150E333-8FDC-42A3-9474-1A3956D46DE8}") = "Desktop", "Desktop", "{18C721D5-8339-4A66-8A6F-2B974ACD9598}"
EndProject
Project("{2150E333-8FDC-42A3-9474-1A3956D46DE8}") = "Analysis", "Analysis", "{99D68A6A-FD3D-4AAB-A02C-4307A6851F17}"
EndProject
Project("{2150E333-8FDC-42A3-9474-1A3956D46DE8}") = "Tests", "Tests", "{DBDC2DF6-0316-4E7D-A6D4-B09CA321CAB7}"
EndProject
Project("{FAE04EC0-301F-11D3-BF4B-00C04F79EFBC}") = "ProjInterface", "Desktop\Analysis\ProjInterface\ProjInterface.csproj", "{4451AD21-AD52-49F1-874B-0BBAB2D4DF95}"
EndProject
Project("{2150E333-8FDC-42A3-9474-1A3956D46DE8}") = "ClassLib", "ClassLib", "{AD12953D-9230-4ADC-A115-596FBFAADBE7}"
EndProject
Project("{FAE04EC0-301F-11D3-BF4B-00C04F79EFBC}") = "AnalysisControls", "Desktop\Analysis\AnalysisControls\AnalysisControls.csproj", "{BCF8F7FB-8C2A-4583-8F62-EADEE645243C}"
EndProject
Project("{2150E333-8FDC-42A3-9474-1A3956D46DE8}") = "Solution Items", "Solution Items", "{7B99D87D-95C8-4A9B-8CBD-6494E55E77BF}"
	ProjectSection(SolutionItems) = preProject
		CodeMap1.dgml = CodeMap1.dgml
		CodeMap2.dgml = CodeMap2.dgml
		CodeMap2_1.dgml = CodeMap2_1.dgml
		CodeMap2_1_1.dgml = CodeMap2_1_1.dgml
		CodeMap2_1_1_1.dgml = CodeMap2_1_1_1.dgml
		CodeMap2_1_1_2.dgml = CodeMap2_1_1_2.dgml
		CodeMap3.-2dgml.dgml = CodeMap3.-2dgml.dgml
		CodeMap3.dgml = CodeMap3.dgml
		CodeMap4.dgml = CodeMap4.dgml
	EndProjectSection
EndProject
Project("{FAE04EC0-301F-11D3-BF4B-00C04F79EFBC}") = "Explorer", "..\WpfExplorer\Explorer\Explorer.csproj", "{03FB5D97-71E4-4304-B52F-6836605398B5}"
EndProject
Project("{FAE04EC0-301F-11D3-BF4B-00C04F79EFBC}") = "AnalysisAppLib", "Desktop\Analysis\AnalysisAppLib\AnalysisAppLib.csproj", "{0381D4D0-945E-4340-B974-9D07B2830D4F}"
EndProject
Project("{FAE04EC0-301F-11D3-BF4B-00C04F79EFBC}") = "TestApp", "Desktop\TestApp\TestApp.csproj", "{26CBB4CF-1FB8-4286-AA33-8057F2EAE27F}"
EndProject
Project("{8BC9CEB8-8B4A-11D0-8D11-00A0C91BC942}") = "TestConsole", "TestConsole\TestConsole.vcxproj", "{A269725C-1ADF-4FC1-AAE5-003FBE0ED355}"
EndProject
Project("{8BC9CEB8-8B4A-11D0-8D11-00A0C91BC942}") = "CompatLib1", "CompatLib1\CompatLib1.vcxproj", "{CCF11A7F-1157-4FF7-BD00-DE4307D95F04}"
EndProject
Project("{FAE04EC0-301F-11D3-BF4B-00C04F79EFBC}") = "ModelTests", "Tests\ModelTests\ModelTests.csproj", "{B0165914-17FA-4C02-BFD1-BF2F6C664152}"
EndProject
Project("{FAE04EC0-301F-11D3-BF4B-00C04F79EFBC}") = "ProjTests", "Tests\ProjTests\ProjTests.csproj", "{6D7202D1-954A-4431-B733-6B47F17B2A02}"
EndProject
Project("{FAE04EC0-301F-11D3-BF4B-00C04F79EFBC}") = "Graveyard", "Graveyard\Graveyard.csproj", "{77C8E676-A85A-46AF-AD4E-566754F56860}"
EndProject
Project("{FAE04EC0-301F-11D3-BF4B-00C04F79EFBC}") = "FindLogUsages", "Desktop\Analysis\FindLogUsages\FindLogUsages.csproj", "{BCC116D4-A7B9-4BB8-AE90-5D95E60B41CC}"
EndProject
Project("{FAE04EC0-301F-11D3-BF4B-00C04F79EFBC}") = "ConsoleApp1", "Desktop\Analysis\Analyze\ConsoleApp1\ConsoleApp1.csproj", "{FAD293B8-C008-4243-88FC-A3A8A01DB52D}"
EndProject
Project("{FAE04EC0-301F-11D3-BF4B-00C04F79EFBC}") = "WpfLib", "Desktop\WpfLib\WpfLib.csproj", "{2012CAA5-09C0-4E58-81B4-5007C9D31DB9}"
EndProject
Project("{9A19103F-16F7-4668-BE54-9A1E7A4F7556}") = "Terminal.Gui", "..\..\..\gui.cs\Terminal.Gui\Terminal.Gui.csproj", "{A4F87345-3C09-4BF5-9B68-7E18E3154392}"
EndProject
Project("{FAE04EC0-301F-11D3-BF4B-00C04F79EFBC}") = "Client2", "Desktop\Analysis\Client2\Client2.csproj", "{FE6A2695-A003-4DD0-8C5F-D08433D3D35D}"
EndProject
Project("{FAE04EC0-301F-11D3-BF4B-00C04F79EFBC}") = "RibbonTestApp", "Desktop\RibbonTestApp\RibbonTestApp.csproj", "{FCD18E4D-AA94-4DB0-8C0A-D2647C7FFCB2}"
EndProject
Project("{FAE04EC0-301F-11D3-BF4B-00C04F79EFBC}") = "CodeView", "Desktop\Analysis\CodeView\CodeView.csproj", "{95CA5BCA-FBD7-4386-9606-9DB6F2909F12}"
EndProject
Project("{FAE04EC0-301F-11D3-BF4B-00C04F79EFBC}") = "BuildalyzerBuild", "BuildalyzerBuild\BuildalyzerBuild.csproj", "{F4E98DBA-CA43-429B-88E8-FE4990EB34F8}"
EndProject
Project("{FAE04EC0-301F-11D3-BF4B-00C04F79EFBC}") = "SyntaxTypes", "SyntaxTypes\SyntaxTypes.csproj", "{93D35F7A-3445-40AB-A3B7-914C176466A2}"
EndProject
Project("{9A19103F-16F7-4668-BE54-9A1E7A4F7556}") = "AvalonDock", "..\..\..\AvalonDock\source\Components\AvalonDock\AvalonDock.csproj", "{11221345-BC85-488C-8E5C-395C0F848682}"
EndProject
Project("{FAE04EC0-301F-11D3-BF4B-00C04F79EFBC}") = "UwpTest", "UwpTest\UwpTest.csproj", "{0CD2D8FE-A28F-4984-9F8C-00FD9F7066B9}"
EndProject
Project("{FAE04EC0-301F-11D3-BF4B-00C04F79EFBC}") = "ClassLibTests", "Tests\ClassLibTests\ClassLibTests.csproj", "{94530180-751F-4A72-A747-637D066EF5A9}"
EndProject
Project("{FAE04EC0-301F-11D3-BF4B-00C04F79EFBC}") = "KmDevWpfControls", "Desktop\Ui\KmDevWpfControls\KmDevWpfControls.csproj", "{62D5B790-0E4F-4552-88A1-5390DB6F31F2}"
EndProject
Project("{FAE04EC0-301F-11D3-BF4B-00C04F79EFBC}") = "WpfUiTests", "Tests\WpfUiTests\WpfUiTests.csproj", "{68308858-C2D0-465C-9084-35DAF200B6F0}"
EndProject
Project("{FAE04EC0-301F-11D3-BF4B-00C04F79EFBC}") = "ControlsDemo", "Desktop\Ui\ControlsDemo\ControlsDemo.csproj", "{14297FF4-A674-4398-A824-9BBCB3B09BC5}"
EndProject
Project("{8BC9CEB8-8B4A-11D0-8D11-00A0C91BC942}") = "Win32HostingWPFPage", "cpp\win32hostingwpfpage.vcxproj", "{8E4A7F4E-64A9-4313-AAD8-C0E888223A32}"
EndProject
Project("{8BC9CEB8-8B4A-11D0-8D11-00A0C91BC942}") = "MFCApplication1", "MFCApplication1\MFCApplication1.vcxproj", "{F5B39079-F185-45D6-8FF2-BFF8C1C9527C}"
EndProject
Project("{8BC9CEB8-8B4A-11D0-8D11-00A0C91BC942}") = "VSPackage1", "..\..\..\VSPackage1\VSPackage1\VSPackage1.vcxproj", "{B7F4CC92-9919-42BA-94B9-9EBC88C9E02A}"
EndProject
Project("{9A19103F-16F7-4668-BE54-9A1E7A4F7556}") = "AvalonDock.Themes.Aero", "..\..\..\AvalonDock\source\Components\AvalonDock.Themes.Aero\AvalonDock.Themes.Aero.csproj", "{9F4216D2-DE01-457F-ABD9-57FF072C2BF1}"
EndProject
Project("{8BC9CEB8-8B4A-11D0-8D11-00A0C91BC942}") = "MFCApplication2", "MFCApplication2\MFCApplication2.vcxproj", "{29380E9E-ED8A-4529-9D7D-7C92AF6CC268}"
EndProject
Global
	GlobalSection(SolutionConfigurationPlatforms) = preSolution
		Debug|Any CPU = Debug|Any CPU
		Debug|ARM = Debug|ARM
		Debug|ARM64 = Debug|ARM64
		Debug|x64 = Debug|x64
		Debug|x86 = Debug|x86
		Release|Any CPU = Release|Any CPU
		Release|ARM = Release|ARM
		Release|ARM64 = Release|ARM64
		Release|x64 = Release|x64
		Release|x86 = Release|x86
	EndGlobalSection
	GlobalSection(ProjectConfigurationPlatforms) = postSolution
		{6FCD1EF9-8936-4C8B-9F36-255CCE291CA9}.Debug|Any CPU.ActiveCfg = Debug|Any CPU
		{6FCD1EF9-8936-4C8B-9F36-255CCE291CA9}.Debug|Any CPU.Build.0 = Debug|Any CPU
		{6FCD1EF9-8936-4C8B-9F36-255CCE291CA9}.Debug|ARM.ActiveCfg = Debug|Any CPU
		{6FCD1EF9-8936-4C8B-9F36-255CCE291CA9}.Debug|ARM.Build.0 = Debug|Any CPU
		{6FCD1EF9-8936-4C8B-9F36-255CCE291CA9}.Debug|ARM64.ActiveCfg = Debug|Any CPU
		{6FCD1EF9-8936-4C8B-9F36-255CCE291CA9}.Debug|ARM64.Build.0 = Debug|Any CPU
		{6FCD1EF9-8936-4C8B-9F36-255CCE291CA9}.Debug|x64.ActiveCfg = Debug|x64
		{6FCD1EF9-8936-4C8B-9F36-255CCE291CA9}.Debug|x64.Build.0 = Debug|x64
		{6FCD1EF9-8936-4C8B-9F36-255CCE291CA9}.Debug|x86.ActiveCfg = Debug|x86
		{6FCD1EF9-8936-4C8B-9F36-255CCE291CA9}.Debug|x86.Build.0 = Debug|x86
		{6FCD1EF9-8936-4C8B-9F36-255CCE291CA9}.Release|Any CPU.ActiveCfg = Release|Any CPU
		{6FCD1EF9-8936-4C8B-9F36-255CCE291CA9}.Release|Any CPU.Build.0 = Release|Any CPU
		{6FCD1EF9-8936-4C8B-9F36-255CCE291CA9}.Release|ARM.ActiveCfg = Release|Any CPU
		{6FCD1EF9-8936-4C8B-9F36-255CCE291CA9}.Release|ARM.Build.0 = Release|Any CPU
		{6FCD1EF9-8936-4C8B-9F36-255CCE291CA9}.Release|ARM64.ActiveCfg = Release|Any CPU
		{6FCD1EF9-8936-4C8B-9F36-255CCE291CA9}.Release|ARM64.Build.0 = Release|Any CPU
		{6FCD1EF9-8936-4C8B-9F36-255CCE291CA9}.Release|x64.ActiveCfg = Release|x64
		{6FCD1EF9-8936-4C8B-9F36-255CCE291CA9}.Release|x64.Build.0 = Release|x64
		{6FCD1EF9-8936-4C8B-9F36-255CCE291CA9}.Release|x86.ActiveCfg = Release|x86
		{6FCD1EF9-8936-4C8B-9F36-255CCE291CA9}.Release|x86.Build.0 = Release|x86
		{4451AD21-AD52-49F1-874B-0BBAB2D4DF95}.Debug|Any CPU.ActiveCfg = Debug|x86
		{4451AD21-AD52-49F1-874B-0BBAB2D4DF95}.Debug|ARM.ActiveCfg = Debug|x86
		{4451AD21-AD52-49F1-874B-0BBAB2D4DF95}.Debug|ARM64.ActiveCfg = Debug|x86
		{4451AD21-AD52-49F1-874B-0BBAB2D4DF95}.Debug|x64.ActiveCfg = Debug|x64
		{4451AD21-AD52-49F1-874B-0BBAB2D4DF95}.Debug|x64.Build.0 = Debug|x64
		{4451AD21-AD52-49F1-874B-0BBAB2D4DF95}.Debug|x86.ActiveCfg = Debug|x86
		{4451AD21-AD52-49F1-874B-0BBAB2D4DF95}.Release|Any CPU.ActiveCfg = Release|x86
		{4451AD21-AD52-49F1-874B-0BBAB2D4DF95}.Release|ARM.ActiveCfg = Release|x86
		{4451AD21-AD52-49F1-874B-0BBAB2D4DF95}.Release|ARM64.ActiveCfg = Release|x86
		{4451AD21-AD52-49F1-874B-0BBAB2D4DF95}.Release|x64.ActiveCfg = Release|x64
		{4451AD21-AD52-49F1-874B-0BBAB2D4DF95}.Release|x64.Build.0 = Release|x64
		{4451AD21-AD52-49F1-874B-0BBAB2D4DF95}.Release|x86.ActiveCfg = Release|x86
		{BCF8F7FB-8C2A-4583-8F62-EADEE645243C}.Debug|Any CPU.ActiveCfg = Debug|x86
		{BCF8F7FB-8C2A-4583-8F62-EADEE645243C}.Debug|ARM.ActiveCfg = Debug|x86
		{BCF8F7FB-8C2A-4583-8F62-EADEE645243C}.Debug|ARM64.ActiveCfg = Debug|x86
		{BCF8F7FB-8C2A-4583-8F62-EADEE645243C}.Debug|x64.ActiveCfg = Debug|x64
		{BCF8F7FB-8C2A-4583-8F62-EADEE645243C}.Debug|x64.Build.0 = Debug|x64
		{BCF8F7FB-8C2A-4583-8F62-EADEE645243C}.Debug|x86.ActiveCfg = Debug|x86
		{BCF8F7FB-8C2A-4583-8F62-EADEE645243C}.Debug|x86.Build.0 = Debug|x86
		{BCF8F7FB-8C2A-4583-8F62-EADEE645243C}.Release|Any CPU.ActiveCfg = Release|x86
		{BCF8F7FB-8C2A-4583-8F62-EADEE645243C}.Release|ARM.ActiveCfg = Release|x86
		{BCF8F7FB-8C2A-4583-8F62-EADEE645243C}.Release|ARM64.ActiveCfg = Release|x86
		{BCF8F7FB-8C2A-4583-8F62-EADEE645243C}.Release|x64.ActiveCfg = Release|x64
		{BCF8F7FB-8C2A-4583-8F62-EADEE645243C}.Release|x64.Build.0 = Release|x64
		{BCF8F7FB-8C2A-4583-8F62-EADEE645243C}.Release|x86.ActiveCfg = Release|x86
		{BCF8F7FB-8C2A-4583-8F62-EADEE645243C}.Release|x86.Build.0 = Release|x86
		{03FB5D97-71E4-4304-B52F-6836605398B5}.Debug|Any CPU.ActiveCfg = Debug|x86
		{03FB5D97-71E4-4304-B52F-6836605398B5}.Debug|ARM.ActiveCfg = Debug|x86
		{03FB5D97-71E4-4304-B52F-6836605398B5}.Debug|ARM64.ActiveCfg = Debug|x86
		{03FB5D97-71E4-4304-B52F-6836605398B5}.Debug|x64.ActiveCfg = Debug|x64
		{03FB5D97-71E4-4304-B52F-6836605398B5}.Debug|x64.Build.0 = Debug|x64
		{03FB5D97-71E4-4304-B52F-6836605398B5}.Debug|x86.ActiveCfg = Debug|x86
		{03FB5D97-71E4-4304-B52F-6836605398B5}.Debug|x86.Build.0 = Debug|x86
		{03FB5D97-71E4-4304-B52F-6836605398B5}.Release|Any CPU.ActiveCfg = Release|x86
		{03FB5D97-71E4-4304-B52F-6836605398B5}.Release|ARM.ActiveCfg = Release|x86
		{03FB5D97-71E4-4304-B52F-6836605398B5}.Release|ARM64.ActiveCfg = Release|x86
		{03FB5D97-71E4-4304-B52F-6836605398B5}.Release|x64.ActiveCfg = Release|x64
		{03FB5D97-71E4-4304-B52F-6836605398B5}.Release|x64.Build.0 = Release|x64
		{03FB5D97-71E4-4304-B52F-6836605398B5}.Release|x86.ActiveCfg = Release|x86
		{03FB5D97-71E4-4304-B52F-6836605398B5}.Release|x86.Build.0 = Release|x86
		{0381D4D0-945E-4340-B974-9D07B2830D4F}.Debug|Any CPU.ActiveCfg = Debug|x86
		{0381D4D0-945E-4340-B974-9D07B2830D4F}.Debug|ARM.ActiveCfg = Debug|x86
		{0381D4D0-945E-4340-B974-9D07B2830D4F}.Debug|ARM64.ActiveCfg = Debug|x86
		{0381D4D0-945E-4340-B974-9D07B2830D4F}.Debug|x64.ActiveCfg = Debug|x64
		{0381D4D0-945E-4340-B974-9D07B2830D4F}.Debug|x64.Build.0 = Debug|x64
		{0381D4D0-945E-4340-B974-9D07B2830D4F}.Debug|x86.ActiveCfg = Debug|x86
		{0381D4D0-945E-4340-B974-9D07B2830D4F}.Debug|x86.Build.0 = Debug|x86
		{0381D4D0-945E-4340-B974-9D07B2830D4F}.Release|Any CPU.ActiveCfg = Release|x86
		{0381D4D0-945E-4340-B974-9D07B2830D4F}.Release|ARM.ActiveCfg = Release|x86
		{0381D4D0-945E-4340-B974-9D07B2830D4F}.Release|ARM64.ActiveCfg = Release|x86
		{0381D4D0-945E-4340-B974-9D07B2830D4F}.Release|x64.ActiveCfg = Release|x64
		{0381D4D0-945E-4340-B974-9D07B2830D4F}.Release|x64.Build.0 = Release|x64
		{0381D4D0-945E-4340-B974-9D07B2830D4F}.Release|x86.ActiveCfg = Release|x86
		{0381D4D0-945E-4340-B974-9D07B2830D4F}.Release|x86.Build.0 = Release|x86
		{26CBB4CF-1FB8-4286-AA33-8057F2EAE27F}.Debug|Any CPU.ActiveCfg = Debug|Any CPU
		{26CBB4CF-1FB8-4286-AA33-8057F2EAE27F}.Debug|Any CPU.Build.0 = Debug|Any CPU
		{26CBB4CF-1FB8-4286-AA33-8057F2EAE27F}.Debug|ARM.ActiveCfg = Debug|Any CPU
		{26CBB4CF-1FB8-4286-AA33-8057F2EAE27F}.Debug|ARM.Build.0 = Debug|Any CPU
		{26CBB4CF-1FB8-4286-AA33-8057F2EAE27F}.Debug|ARM64.ActiveCfg = Debug|Any CPU
		{26CBB4CF-1FB8-4286-AA33-8057F2EAE27F}.Debug|ARM64.Build.0 = Debug|Any CPU
		{26CBB4CF-1FB8-4286-AA33-8057F2EAE27F}.Debug|x64.ActiveCfg = Debug|x64
		{26CBB4CF-1FB8-4286-AA33-8057F2EAE27F}.Debug|x64.Build.0 = Debug|x64
		{26CBB4CF-1FB8-4286-AA33-8057F2EAE27F}.Debug|x86.ActiveCfg = Debug|x86
		{26CBB4CF-1FB8-4286-AA33-8057F2EAE27F}.Release|Any CPU.ActiveCfg = Release|Any CPU
		{26CBB4CF-1FB8-4286-AA33-8057F2EAE27F}.Release|Any CPU.Build.0 = Release|Any CPU
		{26CBB4CF-1FB8-4286-AA33-8057F2EAE27F}.Release|ARM.ActiveCfg = Release|Any CPU
		{26CBB4CF-1FB8-4286-AA33-8057F2EAE27F}.Release|ARM.Build.0 = Release|Any CPU
		{26CBB4CF-1FB8-4286-AA33-8057F2EAE27F}.Release|ARM64.ActiveCfg = Release|Any CPU
		{26CBB4CF-1FB8-4286-AA33-8057F2EAE27F}.Release|ARM64.Build.0 = Release|Any CPU
		{26CBB4CF-1FB8-4286-AA33-8057F2EAE27F}.Release|x64.ActiveCfg = Release|x64
		{26CBB4CF-1FB8-4286-AA33-8057F2EAE27F}.Release|x64.Build.0 = Release|x64
		{26CBB4CF-1FB8-4286-AA33-8057F2EAE27F}.Release|x86.ActiveCfg = Release|x86
		{A269725C-1ADF-4FC1-AAE5-003FBE0ED355}.Debug|Any CPU.ActiveCfg = Debug|Win32
		{A269725C-1ADF-4FC1-AAE5-003FBE0ED355}.Debug|ARM.ActiveCfg = Debug|Win32
		{A269725C-1ADF-4FC1-AAE5-003FBE0ED355}.Debug|ARM64.ActiveCfg = Debug|Win32
		{A269725C-1ADF-4FC1-AAE5-003FBE0ED355}.Debug|x64.ActiveCfg = Debug|x64
		{A269725C-1ADF-4FC1-AAE5-003FBE0ED355}.Debug|x64.Build.0 = Debug|x64
		{A269725C-1ADF-4FC1-AAE5-003FBE0ED355}.Debug|x86.ActiveCfg = Debug|Win32
		{A269725C-1ADF-4FC1-AAE5-003FBE0ED355}.Release|Any CPU.ActiveCfg = Release|Win32
		{A269725C-1ADF-4FC1-AAE5-003FBE0ED355}.Release|ARM.ActiveCfg = Release|Win32
		{A269725C-1ADF-4FC1-AAE5-003FBE0ED355}.Release|ARM64.ActiveCfg = Release|Win32
		{A269725C-1ADF-4FC1-AAE5-003FBE0ED355}.Release|x64.ActiveCfg = Release|x64
		{A269725C-1ADF-4FC1-AAE5-003FBE0ED355}.Release|x64.Build.0 = Release|x64
		{A269725C-1ADF-4FC1-AAE5-003FBE0ED355}.Release|x86.ActiveCfg = Release|Win32
		{CCF11A7F-1157-4FF7-BD00-DE4307D95F04}.Debug|Any CPU.ActiveCfg = Debug|Win32
		{CCF11A7F-1157-4FF7-BD00-DE4307D95F04}.Debug|ARM.ActiveCfg = Debug|Win32
		{CCF11A7F-1157-4FF7-BD00-DE4307D95F04}.Debug|ARM64.ActiveCfg = Debug|Win32
		{CCF11A7F-1157-4FF7-BD00-DE4307D95F04}.Debug|x64.ActiveCfg = Debug|x64
		{CCF11A7F-1157-4FF7-BD00-DE4307D95F04}.Debug|x64.Build.0 = Debug|x64
		{CCF11A7F-1157-4FF7-BD00-DE4307D95F04}.Debug|x86.ActiveCfg = Debug|Win32
		{CCF11A7F-1157-4FF7-BD00-DE4307D95F04}.Debug|x86.Build.0 = Debug|Win32
		{CCF11A7F-1157-4FF7-BD00-DE4307D95F04}.Release|Any CPU.ActiveCfg = Release|Win32
		{CCF11A7F-1157-4FF7-BD00-DE4307D95F04}.Release|ARM.ActiveCfg = Release|Win32
		{CCF11A7F-1157-4FF7-BD00-DE4307D95F04}.Release|ARM64.ActiveCfg = Release|Win32
		{CCF11A7F-1157-4FF7-BD00-DE4307D95F04}.Release|x64.ActiveCfg = Release|x64
		{CCF11A7F-1157-4FF7-BD00-DE4307D95F04}.Release|x64.Build.0 = Release|x64
		{CCF11A7F-1157-4FF7-BD00-DE4307D95F04}.Release|x86.ActiveCfg = Release|Win32
		{B0165914-17FA-4C02-BFD1-BF2F6C664152}.Debug|Any CPU.ActiveCfg = Debug|x86
		{B0165914-17FA-4C02-BFD1-BF2F6C664152}.Debug|ARM.ActiveCfg = Debug|x86
		{B0165914-17FA-4C02-BFD1-BF2F6C664152}.Debug|ARM64.ActiveCfg = Debug|x86
		{B0165914-17FA-4C02-BFD1-BF2F6C664152}.Debug|x64.ActiveCfg = Debug|x64
		{B0165914-17FA-4C02-BFD1-BF2F6C664152}.Debug|x64.Build.0 = Debug|x64
		{B0165914-17FA-4C02-BFD1-BF2F6C664152}.Debug|x86.ActiveCfg = Debug|x86
		{B0165914-17FA-4C02-BFD1-BF2F6C664152}.Debug|x86.Build.0 = Debug|x86
		{B0165914-17FA-4C02-BFD1-BF2F6C664152}.Release|Any CPU.ActiveCfg = Release|x86
		{B0165914-17FA-4C02-BFD1-BF2F6C664152}.Release|ARM.ActiveCfg = Release|x86
		{B0165914-17FA-4C02-BFD1-BF2F6C664152}.Release|ARM64.ActiveCfg = Release|x86
		{B0165914-17FA-4C02-BFD1-BF2F6C664152}.Release|x64.ActiveCfg = Release|x64
		{B0165914-17FA-4C02-BFD1-BF2F6C664152}.Release|x64.Build.0 = Release|x64
		{B0165914-17FA-4C02-BFD1-BF2F6C664152}.Release|x86.ActiveCfg = Release|x86
		{B0165914-17FA-4C02-BFD1-BF2F6C664152}.Release|x86.Build.0 = Release|x86
		{6D7202D1-954A-4431-B733-6B47F17B2A02}.Debug|Any CPU.ActiveCfg = Debug|x86
		{6D7202D1-954A-4431-B733-6B47F17B2A02}.Debug|ARM.ActiveCfg = Debug|x86
		{6D7202D1-954A-4431-B733-6B47F17B2A02}.Debug|ARM64.ActiveCfg = Debug|x86
		{6D7202D1-954A-4431-B733-6B47F17B2A02}.Debug|x64.ActiveCfg = Debug|x64
		{6D7202D1-954A-4431-B733-6B47F17B2A02}.Debug|x64.Build.0 = Debug|x64
		{6D7202D1-954A-4431-B733-6B47F17B2A02}.Debug|x86.ActiveCfg = Debug|x86
		{6D7202D1-954A-4431-B733-6B47F17B2A02}.Debug|x86.Build.0 = Debug|x86
		{6D7202D1-954A-4431-B733-6B47F17B2A02}.Release|Any CPU.ActiveCfg = Release|x86
		{6D7202D1-954A-4431-B733-6B47F17B2A02}.Release|ARM.ActiveCfg = Release|x86
		{6D7202D1-954A-4431-B733-6B47F17B2A02}.Release|ARM64.ActiveCfg = Release|x86
		{6D7202D1-954A-4431-B733-6B47F17B2A02}.Release|x64.ActiveCfg = Release|x64
		{6D7202D1-954A-4431-B733-6B47F17B2A02}.Release|x64.Build.0 = Release|x64
		{6D7202D1-954A-4431-B733-6B47F17B2A02}.Release|x86.ActiveCfg = Release|x86
		{6D7202D1-954A-4431-B733-6B47F17B2A02}.Release|x86.Build.0 = Release|x86
		{77C8E676-A85A-46AF-AD4E-566754F56860}.Debug|Any CPU.ActiveCfg = Debug|Any CPU
		{77C8E676-A85A-46AF-AD4E-566754F56860}.Debug|Any CPU.Build.0 = Debug|Any CPU
		{77C8E676-A85A-46AF-AD4E-566754F56860}.Debug|ARM.ActiveCfg = Debug|Any CPU
		{77C8E676-A85A-46AF-AD4E-566754F56860}.Debug|ARM.Build.0 = Debug|Any CPU
		{77C8E676-A85A-46AF-AD4E-566754F56860}.Debug|ARM64.ActiveCfg = Debug|Any CPU
		{77C8E676-A85A-46AF-AD4E-566754F56860}.Debug|ARM64.Build.0 = Debug|Any CPU
		{77C8E676-A85A-46AF-AD4E-566754F56860}.Debug|x64.ActiveCfg = Debug|Any CPU
		{77C8E676-A85A-46AF-AD4E-566754F56860}.Debug|x64.Build.0 = Debug|Any CPU
		{77C8E676-A85A-46AF-AD4E-566754F56860}.Debug|x86.ActiveCfg = Debug|Any CPU
		{77C8E676-A85A-46AF-AD4E-566754F56860}.Release|Any CPU.ActiveCfg = Release|Any CPU
		{77C8E676-A85A-46AF-AD4E-566754F56860}.Release|Any CPU.Build.0 = Release|Any CPU
		{77C8E676-A85A-46AF-AD4E-566754F56860}.Release|ARM.ActiveCfg = Release|Any CPU
		{77C8E676-A85A-46AF-AD4E-566754F56860}.Release|ARM.Build.0 = Release|Any CPU
		{77C8E676-A85A-46AF-AD4E-566754F56860}.Release|ARM64.ActiveCfg = Release|Any CPU
		{77C8E676-A85A-46AF-AD4E-566754F56860}.Release|ARM64.Build.0 = Release|Any CPU
		{77C8E676-A85A-46AF-AD4E-566754F56860}.Release|x64.ActiveCfg = Release|Any CPU
		{77C8E676-A85A-46AF-AD4E-566754F56860}.Release|x64.Build.0 = Release|Any CPU
		{77C8E676-A85A-46AF-AD4E-566754F56860}.Release|x86.ActiveCfg = Release|Any CPU
		{BCC116D4-A7B9-4BB8-AE90-5D95E60B41CC}.Debug|Any CPU.ActiveCfg = Debug|Any CPU
		{BCC116D4-A7B9-4BB8-AE90-5D95E60B41CC}.Debug|Any CPU.Build.0 = Debug|Any CPU
		{BCC116D4-A7B9-4BB8-AE90-5D95E60B41CC}.Debug|ARM.ActiveCfg = Debug|Any CPU
		{BCC116D4-A7B9-4BB8-AE90-5D95E60B41CC}.Debug|ARM.Build.0 = Debug|Any CPU
		{BCC116D4-A7B9-4BB8-AE90-5D95E60B41CC}.Debug|ARM64.ActiveCfg = Debug|Any CPU
		{BCC116D4-A7B9-4BB8-AE90-5D95E60B41CC}.Debug|ARM64.Build.0 = Debug|Any CPU
		{BCC116D4-A7B9-4BB8-AE90-5D95E60B41CC}.Debug|x64.ActiveCfg = Debug|Any CPU
		{BCC116D4-A7B9-4BB8-AE90-5D95E60B41CC}.Debug|x64.Build.0 = Debug|Any CPU
		{BCC116D4-A7B9-4BB8-AE90-5D95E60B41CC}.Debug|x86.ActiveCfg = Debug|x86
		{BCC116D4-A7B9-4BB8-AE90-5D95E60B41CC}.Debug|x86.Build.0 = Debug|x86
		{BCC116D4-A7B9-4BB8-AE90-5D95E60B41CC}.Release|Any CPU.ActiveCfg = Release|Any CPU
		{BCC116D4-A7B9-4BB8-AE90-5D95E60B41CC}.Release|Any CPU.Build.0 = Release|Any CPU
		{BCC116D4-A7B9-4BB8-AE90-5D95E60B41CC}.Release|ARM.ActiveCfg = Release|Any CPU
		{BCC116D4-A7B9-4BB8-AE90-5D95E60B41CC}.Release|ARM.Build.0 = Release|Any CPU
		{BCC116D4-A7B9-4BB8-AE90-5D95E60B41CC}.Release|ARM64.ActiveCfg = Release|Any CPU
		{BCC116D4-A7B9-4BB8-AE90-5D95E60B41CC}.Release|ARM64.Build.0 = Release|Any CPU
		{BCC116D4-A7B9-4BB8-AE90-5D95E60B41CC}.Release|x64.ActiveCfg = Release|Any CPU
		{BCC116D4-A7B9-4BB8-AE90-5D95E60B41CC}.Release|x64.Build.0 = Release|Any CPU
		{BCC116D4-A7B9-4BB8-AE90-5D95E60B41CC}.Release|x86.ActiveCfg = Release|x86
		{BCC116D4-A7B9-4BB8-AE90-5D95E60B41CC}.Release|x86.Build.0 = Release|x86
		{FAD293B8-C008-4243-88FC-A3A8A01DB52D}.Debug|Any CPU.ActiveCfg = Debug|x86
		{FAD293B8-C008-4243-88FC-A3A8A01DB52D}.Debug|ARM.ActiveCfg = Debug|x86
		{FAD293B8-C008-4243-88FC-A3A8A01DB52D}.Debug|ARM64.ActiveCfg = Debug|x86
		{FAD293B8-C008-4243-88FC-A3A8A01DB52D}.Debug|x64.ActiveCfg = Debug|x64
		{FAD293B8-C008-4243-88FC-A3A8A01DB52D}.Debug|x64.Build.0 = Debug|x64
		{FAD293B8-C008-4243-88FC-A3A8A01DB52D}.Debug|x86.ActiveCfg = Debug|x86
		{FAD293B8-C008-4243-88FC-A3A8A01DB52D}.Release|Any CPU.ActiveCfg = Release|x86
		{FAD293B8-C008-4243-88FC-A3A8A01DB52D}.Release|ARM.ActiveCfg = Release|x86
		{FAD293B8-C008-4243-88FC-A3A8A01DB52D}.Release|ARM64.ActiveCfg = Release|x86
		{FAD293B8-C008-4243-88FC-A3A8A01DB52D}.Release|x64.ActiveCfg = Release|x64
		{FAD293B8-C008-4243-88FC-A3A8A01DB52D}.Release|x64.Build.0 = Release|x64
		{FAD293B8-C008-4243-88FC-A3A8A01DB52D}.Release|x86.ActiveCfg = Release|x86
		{2012CAA5-09C0-4E58-81B4-5007C9D31DB9}.Debug|Any CPU.ActiveCfg = Debug|Any CPU
		{2012CAA5-09C0-4E58-81B4-5007C9D31DB9}.Debug|Any CPU.Build.0 = Debug|Any CPU
		{2012CAA5-09C0-4E58-81B4-5007C9D31DB9}.Debug|ARM.ActiveCfg = Debug|Any CPU
		{2012CAA5-09C0-4E58-81B4-5007C9D31DB9}.Debug|ARM.Build.0 = Debug|Any CPU
		{2012CAA5-09C0-4E58-81B4-5007C9D31DB9}.Debug|ARM64.ActiveCfg = Debug|Any CPU
		{2012CAA5-09C0-4E58-81B4-5007C9D31DB9}.Debug|ARM64.Build.0 = Debug|Any CPU
		{2012CAA5-09C0-4E58-81B4-5007C9D31DB9}.Debug|x64.ActiveCfg = Debug|Any CPU
		{2012CAA5-09C0-4E58-81B4-5007C9D31DB9}.Debug|x64.Build.0 = Debug|Any CPU
		{2012CAA5-09C0-4E58-81B4-5007C9D31DB9}.Debug|x86.ActiveCfg = Debug|x86
		{2012CAA5-09C0-4E58-81B4-5007C9D31DB9}.Debug|x86.Build.0 = Debug|x86
		{2012CAA5-09C0-4E58-81B4-5007C9D31DB9}.Release|Any CPU.ActiveCfg = Release|Any CPU
		{2012CAA5-09C0-4E58-81B4-5007C9D31DB9}.Release|Any CPU.Build.0 = Release|Any CPU
		{2012CAA5-09C0-4E58-81B4-5007C9D31DB9}.Release|ARM.ActiveCfg = Release|Any CPU
		{2012CAA5-09C0-4E58-81B4-5007C9D31DB9}.Release|ARM.Build.0 = Release|Any CPU
		{2012CAA5-09C0-4E58-81B4-5007C9D31DB9}.Release|ARM64.ActiveCfg = Release|Any CPU
		{2012CAA5-09C0-4E58-81B4-5007C9D31DB9}.Release|ARM64.Build.0 = Release|Any CPU
		{2012CAA5-09C0-4E58-81B4-5007C9D31DB9}.Release|x64.ActiveCfg = Release|Any CPU
		{2012CAA5-09C0-4E58-81B4-5007C9D31DB9}.Release|x64.Build.0 = Release|Any CPU
		{2012CAA5-09C0-4E58-81B4-5007C9D31DB9}.Release|x86.ActiveCfg = Release|Any CPU
		{2012CAA5-09C0-4E58-81B4-5007C9D31DB9}.Release|x86.Build.0 = Release|Any CPU
		{A4F87345-3C09-4BF5-9B68-7E18E3154392}.Debug|Any CPU.ActiveCfg = Debug|Any CPU
		{A4F87345-3C09-4BF5-9B68-7E18E3154392}.Debug|Any CPU.Build.0 = Debug|Any CPU
		{A4F87345-3C09-4BF5-9B68-7E18E3154392}.Debug|ARM.ActiveCfg = Debug|Any CPU
		{A4F87345-3C09-4BF5-9B68-7E18E3154392}.Debug|ARM.Build.0 = Debug|Any CPU
		{A4F87345-3C09-4BF5-9B68-7E18E3154392}.Debug|ARM64.ActiveCfg = Debug|Any CPU
		{A4F87345-3C09-4BF5-9B68-7E18E3154392}.Debug|ARM64.Build.0 = Debug|Any CPU
		{A4F87345-3C09-4BF5-9B68-7E18E3154392}.Debug|x64.ActiveCfg = Debug|Any CPU
		{A4F87345-3C09-4BF5-9B68-7E18E3154392}.Debug|x64.Build.0 = Debug|Any CPU
		{A4F87345-3C09-4BF5-9B68-7E18E3154392}.Debug|x86.ActiveCfg = Debug|Any CPU
		{A4F87345-3C09-4BF5-9B68-7E18E3154392}.Release|Any CPU.ActiveCfg = Release|Any CPU
		{A4F87345-3C09-4BF5-9B68-7E18E3154392}.Release|Any CPU.Build.0 = Release|Any CPU
		{A4F87345-3C09-4BF5-9B68-7E18E3154392}.Release|ARM.ActiveCfg = Release|Any CPU
		{A4F87345-3C09-4BF5-9B68-7E18E3154392}.Release|ARM.Build.0 = Release|Any CPU
		{A4F87345-3C09-4BF5-9B68-7E18E3154392}.Release|ARM64.ActiveCfg = Release|Any CPU
		{A4F87345-3C09-4BF5-9B68-7E18E3154392}.Release|ARM64.Build.0 = Release|Any CPU
		{A4F87345-3C09-4BF5-9B68-7E18E3154392}.Release|x64.ActiveCfg = Release|Any CPU
		{A4F87345-3C09-4BF5-9B68-7E18E3154392}.Release|x64.Build.0 = Release|Any CPU
		{A4F87345-3C09-4BF5-9B68-7E18E3154392}.Release|x86.ActiveCfg = Release|Any CPU
		{FE6A2695-A003-4DD0-8C5F-D08433D3D35D}.Debug|Any CPU.ActiveCfg = Debug|x86
		{FE6A2695-A003-4DD0-8C5F-D08433D3D35D}.Debug|ARM.ActiveCfg = Debug|x86
		{FE6A2695-A003-4DD0-8C5F-D08433D3D35D}.Debug|ARM64.ActiveCfg = Debug|x86
		{FE6A2695-A003-4DD0-8C5F-D08433D3D35D}.Debug|x64.ActiveCfg = Debug|x64
		{FE6A2695-A003-4DD0-8C5F-D08433D3D35D}.Debug|x64.Build.0 = Debug|x64
		{FE6A2695-A003-4DD0-8C5F-D08433D3D35D}.Debug|x86.ActiveCfg = Debug|x86
		{FE6A2695-A003-4DD0-8C5F-D08433D3D35D}.Debug|x86.Build.0 = Debug|x86
		{FE6A2695-A003-4DD0-8C5F-D08433D3D35D}.Release|Any CPU.ActiveCfg = Release|x86
		{FE6A2695-A003-4DD0-8C5F-D08433D3D35D}.Release|ARM.ActiveCfg = Release|x86
		{FE6A2695-A003-4DD0-8C5F-D08433D3D35D}.Release|ARM64.ActiveCfg = Release|x86
		{FE6A2695-A003-4DD0-8C5F-D08433D3D35D}.Release|x64.ActiveCfg = Release|x64
		{FE6A2695-A003-4DD0-8C5F-D08433D3D35D}.Release|x64.Build.0 = Release|x64
		{FE6A2695-A003-4DD0-8C5F-D08433D3D35D}.Release|x86.ActiveCfg = Release|x86
		{FE6A2695-A003-4DD0-8C5F-D08433D3D35D}.Release|x86.Build.0 = Release|x86
		{FCD18E4D-AA94-4DB0-8C0A-D2647C7FFCB2}.Debug|Any CPU.ActiveCfg = Debug|Any CPU
		{FCD18E4D-AA94-4DB0-8C0A-D2647C7FFCB2}.Debug|Any CPU.Build.0 = Debug|Any CPU
		{FCD18E4D-AA94-4DB0-8C0A-D2647C7FFCB2}.Debug|ARM.ActiveCfg = Debug|Any CPU
		{FCD18E4D-AA94-4DB0-8C0A-D2647C7FFCB2}.Debug|ARM.Build.0 = Debug|Any CPU
		{FCD18E4D-AA94-4DB0-8C0A-D2647C7FFCB2}.Debug|ARM64.ActiveCfg = Debug|Any CPU
		{FCD18E4D-AA94-4DB0-8C0A-D2647C7FFCB2}.Debug|ARM64.Build.0 = Debug|Any CPU
		{FCD18E4D-AA94-4DB0-8C0A-D2647C7FFCB2}.Debug|x64.ActiveCfg = Debug|Any CPU
		{FCD18E4D-AA94-4DB0-8C0A-D2647C7FFCB2}.Debug|x64.Build.0 = Debug|Any CPU
		{FCD18E4D-AA94-4DB0-8C0A-D2647C7FFCB2}.Debug|x86.ActiveCfg = Debug|x86
		{FCD18E4D-AA94-4DB0-8C0A-D2647C7FFCB2}.Release|Any CPU.ActiveCfg = Release|Any CPU
		{FCD18E4D-AA94-4DB0-8C0A-D2647C7FFCB2}.Release|Any CPU.Build.0 = Release|Any CPU
		{FCD18E4D-AA94-4DB0-8C0A-D2647C7FFCB2}.Release|ARM.ActiveCfg = Release|Any CPU
		{FCD18E4D-AA94-4DB0-8C0A-D2647C7FFCB2}.Release|ARM.Build.0 = Release|Any CPU
		{FCD18E4D-AA94-4DB0-8C0A-D2647C7FFCB2}.Release|ARM64.ActiveCfg = Release|Any CPU
		{FCD18E4D-AA94-4DB0-8C0A-D2647C7FFCB2}.Release|ARM64.Build.0 = Release|Any CPU
		{FCD18E4D-AA94-4DB0-8C0A-D2647C7FFCB2}.Release|x64.ActiveCfg = Release|Any CPU
		{FCD18E4D-AA94-4DB0-8C0A-D2647C7FFCB2}.Release|x64.Build.0 = Release|Any CPU
		{FCD18E4D-AA94-4DB0-8C0A-D2647C7FFCB2}.Release|x86.ActiveCfg = Release|Any CPU
		{95CA5BCA-FBD7-4386-9606-9DB6F2909F12}.Debug|Any CPU.ActiveCfg = Debug|Any CPU
		{95CA5BCA-FBD7-4386-9606-9DB6F2909F12}.Debug|Any CPU.Build.0 = Debug|Any CPU
		{95CA5BCA-FBD7-4386-9606-9DB6F2909F12}.Debug|ARM.ActiveCfg = Debug|Any CPU
		{95CA5BCA-FBD7-4386-9606-9DB6F2909F12}.Debug|ARM.Build.0 = Debug|Any CPU
		{95CA5BCA-FBD7-4386-9606-9DB6F2909F12}.Debug|ARM64.ActiveCfg = Debug|Any CPU
		{95CA5BCA-FBD7-4386-9606-9DB6F2909F12}.Debug|ARM64.Build.0 = Debug|Any CPU
		{95CA5BCA-FBD7-4386-9606-9DB6F2909F12}.Debug|x64.ActiveCfg = Debug|Any CPU
		{95CA5BCA-FBD7-4386-9606-9DB6F2909F12}.Debug|x64.Build.0 = Debug|Any CPU
		{95CA5BCA-FBD7-4386-9606-9DB6F2909F12}.Debug|x86.ActiveCfg = Debug|x86
		{95CA5BCA-FBD7-4386-9606-9DB6F2909F12}.Release|Any CPU.ActiveCfg = Release|Any CPU
		{95CA5BCA-FBD7-4386-9606-9DB6F2909F12}.Release|Any CPU.Build.0 = Release|Any CPU
		{95CA5BCA-FBD7-4386-9606-9DB6F2909F12}.Release|ARM.ActiveCfg = Release|Any CPU
		{95CA5BCA-FBD7-4386-9606-9DB6F2909F12}.Release|ARM.Build.0 = Release|Any CPU
		{95CA5BCA-FBD7-4386-9606-9DB6F2909F12}.Release|ARM64.ActiveCfg = Release|Any CPU
		{95CA5BCA-FBD7-4386-9606-9DB6F2909F12}.Release|ARM64.Build.0 = Release|Any CPU
		{95CA5BCA-FBD7-4386-9606-9DB6F2909F12}.Release|x64.ActiveCfg = Release|Any CPU
		{95CA5BCA-FBD7-4386-9606-9DB6F2909F12}.Release|x64.Build.0 = Release|Any CPU
		{95CA5BCA-FBD7-4386-9606-9DB6F2909F12}.Release|x86.ActiveCfg = Release|Any CPU
		{F4E98DBA-CA43-429B-88E8-FE4990EB34F8}.Debug|Any CPU.ActiveCfg = Debug|Any CPU
		{F4E98DBA-CA43-429B-88E8-FE4990EB34F8}.Debug|Any CPU.Build.0 = Debug|Any CPU
		{F4E98DBA-CA43-429B-88E8-FE4990EB34F8}.Debug|ARM.ActiveCfg = Debug|Any CPU
		{F4E98DBA-CA43-429B-88E8-FE4990EB34F8}.Debug|ARM.Build.0 = Debug|Any CPU
		{F4E98DBA-CA43-429B-88E8-FE4990EB34F8}.Debug|ARM64.ActiveCfg = Debug|Any CPU
		{F4E98DBA-CA43-429B-88E8-FE4990EB34F8}.Debug|ARM64.Build.0 = Debug|Any CPU
		{F4E98DBA-CA43-429B-88E8-FE4990EB34F8}.Debug|x64.ActiveCfg = Debug|Any CPU
		{F4E98DBA-CA43-429B-88E8-FE4990EB34F8}.Debug|x64.Build.0 = Debug|Any CPU
		{F4E98DBA-CA43-429B-88E8-FE4990EB34F8}.Debug|x86.ActiveCfg = Debug|x86
		{F4E98DBA-CA43-429B-88E8-FE4990EB34F8}.Debug|x86.Build.0 = Debug|x86
		{F4E98DBA-CA43-429B-88E8-FE4990EB34F8}.Release|Any CPU.ActiveCfg = Release|Any CPU
		{F4E98DBA-CA43-429B-88E8-FE4990EB34F8}.Release|Any CPU.Build.0 = Release|Any CPU
		{F4E98DBA-CA43-429B-88E8-FE4990EB34F8}.Release|ARM.ActiveCfg = Release|Any CPU
		{F4E98DBA-CA43-429B-88E8-FE4990EB34F8}.Release|ARM.Build.0 = Release|Any CPU
		{F4E98DBA-CA43-429B-88E8-FE4990EB34F8}.Release|ARM64.ActiveCfg = Release|Any CPU
		{F4E98DBA-CA43-429B-88E8-FE4990EB34F8}.Release|ARM64.Build.0 = Release|Any CPU
		{F4E98DBA-CA43-429B-88E8-FE4990EB34F8}.Release|x64.ActiveCfg = Release|Any CPU
		{F4E98DBA-CA43-429B-88E8-FE4990EB34F8}.Release|x64.Build.0 = Release|Any CPU
		{F4E98DBA-CA43-429B-88E8-FE4990EB34F8}.Release|x86.ActiveCfg = Release|Any CPU
		{93D35F7A-3445-40AB-A3B7-914C176466A2}.Debug|Any CPU.ActiveCfg = Debug|Any CPU
		{93D35F7A-3445-40AB-A3B7-914C176466A2}.Debug|Any CPU.Build.0 = Debug|Any CPU
		{93D35F7A-3445-40AB-A3B7-914C176466A2}.Debug|ARM.ActiveCfg = Debug|Any CPU
		{93D35F7A-3445-40AB-A3B7-914C176466A2}.Debug|ARM.Build.0 = Debug|Any CPU
		{93D35F7A-3445-40AB-A3B7-914C176466A2}.Debug|ARM64.ActiveCfg = Debug|Any CPU
		{93D35F7A-3445-40AB-A3B7-914C176466A2}.Debug|ARM64.Build.0 = Debug|Any CPU
		{93D35F7A-3445-40AB-A3B7-914C176466A2}.Debug|x64.ActiveCfg = Debug|Any CPU
		{93D35F7A-3445-40AB-A3B7-914C176466A2}.Debug|x64.Build.0 = Debug|Any CPU
		{93D35F7A-3445-40AB-A3B7-914C176466A2}.Debug|x86.ActiveCfg = Debug|x86
		{93D35F7A-3445-40AB-A3B7-914C176466A2}.Release|Any CPU.ActiveCfg = Release|Any CPU
		{93D35F7A-3445-40AB-A3B7-914C176466A2}.Release|Any CPU.Build.0 = Release|Any CPU
		{93D35F7A-3445-40AB-A3B7-914C176466A2}.Release|ARM.ActiveCfg = Release|Any CPU
		{93D35F7A-3445-40AB-A3B7-914C176466A2}.Release|ARM.Build.0 = Release|Any CPU
		{93D35F7A-3445-40AB-A3B7-914C176466A2}.Release|ARM64.ActiveCfg = Release|Any CPU
		{93D35F7A-3445-40AB-A3B7-914C176466A2}.Release|ARM64.Build.0 = Release|Any CPU
		{93D35F7A-3445-40AB-A3B7-914C176466A2}.Release|x64.ActiveCfg = Release|Any CPU
		{93D35F7A-3445-40AB-A3B7-914C176466A2}.Release|x64.Build.0 = Release|Any CPU
		{93D35F7A-3445-40AB-A3B7-914C176466A2}.Release|x86.ActiveCfg = Release|Any CPU
		{11221345-BC85-488C-8E5C-395C0F848682}.Debug|Any CPU.ActiveCfg = Debug|Any CPU
		{11221345-BC85-488C-8E5C-395C0F848682}.Debug|Any CPU.Build.0 = Debug|Any CPU
		{11221345-BC85-488C-8E5C-395C0F848682}.Debug|ARM.ActiveCfg = Debug|Any CPU
		{11221345-BC85-488C-8E5C-395C0F848682}.Debug|ARM.Build.0 = Debug|Any CPU
		{11221345-BC85-488C-8E5C-395C0F848682}.Debug|ARM64.ActiveCfg = Debug|Any CPU
		{11221345-BC85-488C-8E5C-395C0F848682}.Debug|ARM64.Build.0 = Debug|Any CPU
		{11221345-BC85-488C-8E5C-395C0F848682}.Debug|x64.ActiveCfg = Debug|Any CPU
		{11221345-BC85-488C-8E5C-395C0F848682}.Debug|x64.Build.0 = Debug|Any CPU
		{11221345-BC85-488C-8E5C-395C0F848682}.Debug|x86.ActiveCfg = Debug|Any CPU
		{11221345-BC85-488C-8E5C-395C0F848682}.Debug|x86.Build.0 = Debug|Any CPU
		{11221345-BC85-488C-8E5C-395C0F848682}.Release|Any CPU.ActiveCfg = Release|Any CPU
		{11221345-BC85-488C-8E5C-395C0F848682}.Release|Any CPU.Build.0 = Release|Any CPU
		{11221345-BC85-488C-8E5C-395C0F848682}.Release|ARM.ActiveCfg = Release|Any CPU
		{11221345-BC85-488C-8E5C-395C0F848682}.Release|ARM.Build.0 = Release|Any CPU
		{11221345-BC85-488C-8E5C-395C0F848682}.Release|ARM64.ActiveCfg = Release|Any CPU
		{11221345-BC85-488C-8E5C-395C0F848682}.Release|ARM64.Build.0 = Release|Any CPU
		{11221345-BC85-488C-8E5C-395C0F848682}.Release|x64.ActiveCfg = Release|Any CPU
		{11221345-BC85-488C-8E5C-395C0F848682}.Release|x64.Build.0 = Release|Any CPU
		{11221345-BC85-488C-8E5C-395C0F848682}.Release|x86.ActiveCfg = Release|Any CPU
		{11221345-BC85-488C-8E5C-395C0F848682}.Release|x86.Build.0 = Release|Any CPU
		{0CD2D8FE-A28F-4984-9F8C-00FD9F7066B9}.Debug|Any CPU.ActiveCfg = Debug|x86
		{0CD2D8FE-A28F-4984-9F8C-00FD9F7066B9}.Debug|ARM.ActiveCfg = Debug|ARM
		{0CD2D8FE-A28F-4984-9F8C-00FD9F7066B9}.Debug|ARM.Build.0 = Debug|ARM
		{0CD2D8FE-A28F-4984-9F8C-00FD9F7066B9}.Debug|ARM.Deploy.0 = Debug|ARM
		{0CD2D8FE-A28F-4984-9F8C-00FD9F7066B9}.Debug|ARM64.ActiveCfg = Debug|ARM64
		{0CD2D8FE-A28F-4984-9F8C-00FD9F7066B9}.Debug|ARM64.Build.0 = Debug|ARM64
		{0CD2D8FE-A28F-4984-9F8C-00FD9F7066B9}.Debug|ARM64.Deploy.0 = Debug|ARM64
		{0CD2D8FE-A28F-4984-9F8C-00FD9F7066B9}.Debug|x64.ActiveCfg = Debug|x64
		{0CD2D8FE-A28F-4984-9F8C-00FD9F7066B9}.Debug|x64.Build.0 = Debug|x64
		{0CD2D8FE-A28F-4984-9F8C-00FD9F7066B9}.Debug|x64.Deploy.0 = Debug|x64
		{0CD2D8FE-A28F-4984-9F8C-00FD9F7066B9}.Debug|x86.ActiveCfg = Debug|x86
		{0CD2D8FE-A28F-4984-9F8C-00FD9F7066B9}.Debug|x86.Deploy.0 = Debug|x86
		{0CD2D8FE-A28F-4984-9F8C-00FD9F7066B9}.Release|Any CPU.ActiveCfg = Release|x86
		{0CD2D8FE-A28F-4984-9F8C-00FD9F7066B9}.Release|ARM.ActiveCfg = Release|ARM
		{0CD2D8FE-A28F-4984-9F8C-00FD9F7066B9}.Release|ARM.Build.0 = Release|ARM
		{0CD2D8FE-A28F-4984-9F8C-00FD9F7066B9}.Release|ARM.Deploy.0 = Release|ARM
		{0CD2D8FE-A28F-4984-9F8C-00FD9F7066B9}.Release|ARM64.ActiveCfg = Release|ARM64
		{0CD2D8FE-A28F-4984-9F8C-00FD9F7066B9}.Release|ARM64.Build.0 = Release|ARM64
		{0CD2D8FE-A28F-4984-9F8C-00FD9F7066B9}.Release|ARM64.Deploy.0 = Release|ARM64
		{0CD2D8FE-A28F-4984-9F8C-00FD9F7066B9}.Release|x64.ActiveCfg = Release|x64
		{0CD2D8FE-A28F-4984-9F8C-00FD9F7066B9}.Release|x64.Build.0 = Release|x64
		{0CD2D8FE-A28F-4984-9F8C-00FD9F7066B9}.Release|x64.Deploy.0 = Release|x64
		{0CD2D8FE-A28F-4984-9F8C-00FD9F7066B9}.Release|x86.ActiveCfg = Release|x86
		{0CD2D8FE-A28F-4984-9F8C-00FD9F7066B9}.Release|x86.Deploy.0 = Release|x86
		{94530180-751F-4A72-A747-637D066EF5A9}.Debug|Any CPU.ActiveCfg = Debug|x86
		{94530180-751F-4A72-A747-637D066EF5A9}.Debug|ARM.ActiveCfg = Debug|x86
		{94530180-751F-4A72-A747-637D066EF5A9}.Debug|ARM64.ActiveCfg = Debug|x86
		{94530180-751F-4A72-A747-637D066EF5A9}.Debug|x64.ActiveCfg = Debug|x64
		{94530180-751F-4A72-A747-637D066EF5A9}.Debug|x64.Build.0 = Debug|x64
		{94530180-751F-4A72-A747-637D066EF5A9}.Debug|x86.ActiveCfg = Debug|x86
		{94530180-751F-4A72-A747-637D066EF5A9}.Debug|x86.Build.0 = Debug|x86
		{94530180-751F-4A72-A747-637D066EF5A9}.Release|Any CPU.ActiveCfg = Release|x86
		{94530180-751F-4A72-A747-637D066EF5A9}.Release|ARM.ActiveCfg = Release|x86
		{94530180-751F-4A72-A747-637D066EF5A9}.Release|ARM64.ActiveCfg = Release|x86
		{94530180-751F-4A72-A747-637D066EF5A9}.Release|x64.ActiveCfg = Release|x64
		{94530180-751F-4A72-A747-637D066EF5A9}.Release|x64.Build.0 = Release|x64
		{94530180-751F-4A72-A747-637D066EF5A9}.Release|x86.ActiveCfg = Release|x86
		{94530180-751F-4A72-A747-637D066EF5A9}.Release|x86.Build.0 = Release|x86
		{62D5B790-0E4F-4552-88A1-5390DB6F31F2}.Debug|Any CPU.ActiveCfg = Debug|Any CPU
		{62D5B790-0E4F-4552-88A1-5390DB6F31F2}.Debug|Any CPU.Build.0 = Debug|Any CPU
		{62D5B790-0E4F-4552-88A1-5390DB6F31F2}.Debug|ARM.ActiveCfg = Debug|Any CPU
		{62D5B790-0E4F-4552-88A1-5390DB6F31F2}.Debug|ARM.Build.0 = Debug|Any CPU
		{62D5B790-0E4F-4552-88A1-5390DB6F31F2}.Debug|ARM64.ActiveCfg = Debug|Any CPU
		{62D5B790-0E4F-4552-88A1-5390DB6F31F2}.Debug|ARM64.Build.0 = Debug|Any CPU
		{62D5B790-0E4F-4552-88A1-5390DB6F31F2}.Debug|x64.ActiveCfg = Debug|Any CPU
		{62D5B790-0E4F-4552-88A1-5390DB6F31F2}.Debug|x64.Build.0 = Debug|Any CPU
		{62D5B790-0E4F-4552-88A1-5390DB6F31F2}.Debug|x86.ActiveCfg = Debug|Any CPU
		{62D5B790-0E4F-4552-88A1-5390DB6F31F2}.Debug|x86.Build.0 = Debug|Any CPU
		{62D5B790-0E4F-4552-88A1-5390DB6F31F2}.Release|Any CPU.ActiveCfg = Release|Any CPU
		{62D5B790-0E4F-4552-88A1-5390DB6F31F2}.Release|Any CPU.Build.0 = Release|Any CPU
		{62D5B790-0E4F-4552-88A1-5390DB6F31F2}.Release|ARM.ActiveCfg = Release|Any CPU
		{62D5B790-0E4F-4552-88A1-5390DB6F31F2}.Release|ARM.Build.0 = Release|Any CPU
		{62D5B790-0E4F-4552-88A1-5390DB6F31F2}.Release|ARM64.ActiveCfg = Release|Any CPU
		{62D5B790-0E4F-4552-88A1-5390DB6F31F2}.Release|ARM64.Build.0 = Release|Any CPU
		{62D5B790-0E4F-4552-88A1-5390DB6F31F2}.Release|x64.ActiveCfg = Release|Any CPU
		{62D5B790-0E4F-4552-88A1-5390DB6F31F2}.Release|x64.Build.0 = Release|Any CPU
		{62D5B790-0E4F-4552-88A1-5390DB6F31F2}.Release|x86.ActiveCfg = Release|Any CPU
		{62D5B790-0E4F-4552-88A1-5390DB6F31F2}.Release|x86.Build.0 = Release|Any CPU
		{68308858-C2D0-465C-9084-35DAF200B6F0}.Debug|Any CPU.ActiveCfg = Debug|Any CPU
		{68308858-C2D0-465C-9084-35DAF200B6F0}.Debug|Any CPU.Build.0 = Debug|Any CPU
		{68308858-C2D0-465C-9084-35DAF200B6F0}.Debug|ARM.ActiveCfg = Debug|Any CPU
		{68308858-C2D0-465C-9084-35DAF200B6F0}.Debug|ARM.Build.0 = Debug|Any CPU
		{68308858-C2D0-465C-9084-35DAF200B6F0}.Debug|ARM64.ActiveCfg = Debug|Any CPU
		{68308858-C2D0-465C-9084-35DAF200B6F0}.Debug|ARM64.Build.0 = Debug|Any CPU
		{68308858-C2D0-465C-9084-35DAF200B6F0}.Debug|x64.ActiveCfg = Debug|Any CPU
		{68308858-C2D0-465C-9084-35DAF200B6F0}.Debug|x64.Build.0 = Debug|Any CPU
		{68308858-C2D0-465C-9084-35DAF200B6F0}.Debug|x86.ActiveCfg = Debug|x86
		{68308858-C2D0-465C-9084-35DAF200B6F0}.Debug|x86.Build.0 = Debug|x86
		{68308858-C2D0-465C-9084-35DAF200B6F0}.Release|Any CPU.ActiveCfg = Release|Any CPU
		{68308858-C2D0-465C-9084-35DAF200B6F0}.Release|Any CPU.Build.0 = Release|Any CPU
		{68308858-C2D0-465C-9084-35DAF200B6F0}.Release|ARM.ActiveCfg = Release|Any CPU
		{68308858-C2D0-465C-9084-35DAF200B6F0}.Release|ARM.Build.0 = Release|Any CPU
		{68308858-C2D0-465C-9084-35DAF200B6F0}.Release|ARM64.ActiveCfg = Release|Any CPU
		{68308858-C2D0-465C-9084-35DAF200B6F0}.Release|ARM64.Build.0 = Release|Any CPU
		{68308858-C2D0-465C-9084-35DAF200B6F0}.Release|x64.ActiveCfg = Release|Any CPU
		{68308858-C2D0-465C-9084-35DAF200B6F0}.Release|x64.Build.0 = Release|Any CPU
		{68308858-C2D0-465C-9084-35DAF200B6F0}.Release|x86.ActiveCfg = Release|Any CPU
		{68308858-C2D0-465C-9084-35DAF200B6F0}.Release|x86.Build.0 = Release|Any CPU
		{14297FF4-A674-4398-A824-9BBCB3B09BC5}.Debug|Any CPU.ActiveCfg = Debug|Any CPU
		{14297FF4-A674-4398-A824-9BBCB3B09BC5}.Debug|Any CPU.Build.0 = Debug|Any CPU
		{14297FF4-A674-4398-A824-9BBCB3B09BC5}.Debug|ARM.ActiveCfg = Debug|Any CPU
		{14297FF4-A674-4398-A824-9BBCB3B09BC5}.Debug|ARM.Build.0 = Debug|Any CPU
		{14297FF4-A674-4398-A824-9BBCB3B09BC5}.Debug|ARM64.ActiveCfg = Debug|Any CPU
		{14297FF4-A674-4398-A824-9BBCB3B09BC5}.Debug|ARM64.Build.0 = Debug|Any CPU
		{14297FF4-A674-4398-A824-9BBCB3B09BC5}.Debug|x64.ActiveCfg = Debug|Any CPU
		{14297FF4-A674-4398-A824-9BBCB3B09BC5}.Debug|x64.Build.0 = Debug|Any CPU
		{14297FF4-A674-4398-A824-9BBCB3B09BC5}.Debug|x86.ActiveCfg = Debug|x86
		{14297FF4-A674-4398-A824-9BBCB3B09BC5}.Debug|x86.Build.0 = Debug|x86
		{14297FF4-A674-4398-A824-9BBCB3B09BC5}.Release|Any CPU.ActiveCfg = Release|Any CPU
		{14297FF4-A674-4398-A824-9BBCB3B09BC5}.Release|Any CPU.Build.0 = Release|Any CPU
		{14297FF4-A674-4398-A824-9BBCB3B09BC5}.Release|ARM.ActiveCfg = Release|Any CPU
		{14297FF4-A674-4398-A824-9BBCB3B09BC5}.Release|ARM.Build.0 = Release|Any CPU
		{14297FF4-A674-4398-A824-9BBCB3B09BC5}.Release|ARM64.ActiveCfg = Release|Any CPU
		{14297FF4-A674-4398-A824-9BBCB3B09BC5}.Release|ARM64.Build.0 = Release|Any CPU
		{14297FF4-A674-4398-A824-9BBCB3B09BC5}.Release|x64.ActiveCfg = Release|Any CPU
		{14297FF4-A674-4398-A824-9BBCB3B09BC5}.Release|x64.Build.0 = Release|Any CPU
		{14297FF4-A674-4398-A824-9BBCB3B09BC5}.Release|x86.ActiveCfg = Release|Any CPU
		{14297FF4-A674-4398-A824-9BBCB3B09BC5}.Release|x86.Build.0 = Release|Any CPU
		{8E4A7F4E-64A9-4313-AAD8-C0E888223A32}.Debug|Any CPU.ActiveCfg = Debug|Win32
		{8E4A7F4E-64A9-4313-AAD8-C0E888223A32}.Debug|ARM.ActiveCfg = Debug|Win32
		{8E4A7F4E-64A9-4313-AAD8-C0E888223A32}.Debug|ARM64.ActiveCfg = Debug|Win32
		{8E4A7F4E-64A9-4313-AAD8-C0E888223A32}.Debug|x64.ActiveCfg = Debug|x64
		{8E4A7F4E-64A9-4313-AAD8-C0E888223A32}.Debug|x64.Build.0 = Debug|x64
		{8E4A7F4E-64A9-4313-AAD8-C0E888223A32}.Debug|x86.ActiveCfg = Debug|Win32
		{8E4A7F4E-64A9-4313-AAD8-C0E888223A32}.Debug|x86.Build.0 = Debug|Win32
		{8E4A7F4E-64A9-4313-AAD8-C0E888223A32}.Release|Any CPU.ActiveCfg = Release|Win32
		{8E4A7F4E-64A9-4313-AAD8-C0E888223A32}.Release|ARM.ActiveCfg = Release|Win32
		{8E4A7F4E-64A9-4313-AAD8-C0E888223A32}.Release|ARM64.ActiveCfg = Release|Win32
		{8E4A7F4E-64A9-4313-AAD8-C0E888223A32}.Release|x64.ActiveCfg = Release|x64
		{8E4A7F4E-64A9-4313-AAD8-C0E888223A32}.Release|x64.Build.0 = Release|x64
		{8E4A7F4E-64A9-4313-AAD8-C0E888223A32}.Release|x86.ActiveCfg = Release|Win32
		{8E4A7F4E-64A9-4313-AAD8-C0E888223A32}.Release|x86.Build.0 = Release|Win32
		{F5B39079-F185-45D6-8FF2-BFF8C1C9527C}.Debug|Any CPU.ActiveCfg = Debug|Win32
		{F5B39079-F185-45D6-8FF2-BFF8C1C9527C}.Debug|ARM.ActiveCfg = Debug|Win32
		{F5B39079-F185-45D6-8FF2-BFF8C1C9527C}.Debug|ARM64.ActiveCfg = Debug|Win32
		{F5B39079-F185-45D6-8FF2-BFF8C1C9527C}.Debug|x64.ActiveCfg = Debug|x64
		{F5B39079-F185-45D6-8FF2-BFF8C1C9527C}.Debug|x64.Build.0 = Debug|x64
		{F5B39079-F185-45D6-8FF2-BFF8C1C9527C}.Debug|x86.ActiveCfg = Debug1|Win32
		{F5B39079-F185-45D6-8FF2-BFF8C1C9527C}.Debug|x86.Build.0 = Debug1|Win32
		{F5B39079-F185-45D6-8FF2-BFF8C1C9527C}.Release|Any CPU.ActiveCfg = Release|Win32
		{F5B39079-F185-45D6-8FF2-BFF8C1C9527C}.Release|ARM.ActiveCfg = Release|Win32
		{F5B39079-F185-45D6-8FF2-BFF8C1C9527C}.Release|ARM64.ActiveCfg = Release|Win32
		{F5B39079-F185-45D6-8FF2-BFF8C1C9527C}.Release|x64.ActiveCfg = Release|x64
		{F5B39079-F185-45D6-8FF2-BFF8C1C9527C}.Release|x64.Build.0 = Release|x64
		{F5B39079-F185-45D6-8FF2-BFF8C1C9527C}.Release|x86.ActiveCfg = Release|Win32
		{F5B39079-F185-45D6-8FF2-BFF8C1C9527C}.Release|x86.Build.0 = Release|Win32
		{B7F4CC92-9919-42BA-94B9-9EBC88C9E02A}.Debug|Any CPU.ActiveCfg = Debug|Win32
		{B7F4CC92-9919-42BA-94B9-9EBC88C9E02A}.Debug|ARM.ActiveCfg = Debug|Win32
		{B7F4CC92-9919-42BA-94B9-9EBC88C9E02A}.Debug|ARM64.ActiveCfg = Debug|Win32
		{B7F4CC92-9919-42BA-94B9-9EBC88C9E02A}.Debug|x64.ActiveCfg = Debug|Win32
		{B7F4CC92-9919-42BA-94B9-9EBC88C9E02A}.Debug|x86.ActiveCfg = Debug|Win32
		{B7F4CC92-9919-42BA-94B9-9EBC88C9E02A}.Debug|x86.Build.0 = Debug|Win32
		{B7F4CC92-9919-42BA-94B9-9EBC88C9E02A}.Release|Any CPU.ActiveCfg = Release|Win32
		{B7F4CC92-9919-42BA-94B9-9EBC88C9E02A}.Release|ARM.ActiveCfg = Release|Win32
		{B7F4CC92-9919-42BA-94B9-9EBC88C9E02A}.Release|ARM64.ActiveCfg = Release|Win32
		{B7F4CC92-9919-42BA-94B9-9EBC88C9E02A}.Release|x64.ActiveCfg = Release|Win32
		{B7F4CC92-9919-42BA-94B9-9EBC88C9E02A}.Release|x86.ActiveCfg = Release|Win32
		{B7F4CC92-9919-42BA-94B9-9EBC88C9E02A}.Release|x86.Build.0 = Release|Win32
		{9F4216D2-DE01-457F-ABD9-57FF072C2BF1}.Debug|Any CPU.ActiveCfg = Debug|Any CPU
		{9F4216D2-DE01-457F-ABD9-57FF072C2BF1}.Debug|Any CPU.Build.0 = Debug|Any CPU
		{9F4216D2-DE01-457F-ABD9-57FF072C2BF1}.Debug|ARM.ActiveCfg = Debug|Any CPU
		{9F4216D2-DE01-457F-ABD9-57FF072C2BF1}.Debug|ARM.Build.0 = Debug|Any CPU
		{9F4216D2-DE01-457F-ABD9-57FF072C2BF1}.Debug|ARM64.ActiveCfg = Debug|Any CPU
		{9F4216D2-DE01-457F-ABD9-57FF072C2BF1}.Debug|ARM64.Build.0 = Debug|Any CPU
		{9F4216D2-DE01-457F-ABD9-57FF072C2BF1}.Debug|x64.ActiveCfg = Debug|Any CPU
		{9F4216D2-DE01-457F-ABD9-57FF072C2BF1}.Debug|x64.Build.0 = Debug|Any CPU
		{9F4216D2-DE01-457F-ABD9-57FF072C2BF1}.Debug|x86.ActiveCfg = Debug|Any CPU
		{9F4216D2-DE01-457F-ABD9-57FF072C2BF1}.Debug|x86.Build.0 = Debug|Any CPU
		{9F4216D2-DE01-457F-ABD9-57FF072C2BF1}.Release|Any CPU.ActiveCfg = Release|Any CPU
		{9F4216D2-DE01-457F-ABD9-57FF072C2BF1}.Release|Any CPU.Build.0 = Release|Any CPU
		{9F4216D2-DE01-457F-ABD9-57FF072C2BF1}.Release|ARM.ActiveCfg = Release|Any CPU
		{9F4216D2-DE01-457F-ABD9-57FF072C2BF1}.Release|ARM.Build.0 = Release|Any CPU
		{9F4216D2-DE01-457F-ABD9-57FF072C2BF1}.Release|ARM64.ActiveCfg = Release|Any CPU
		{9F4216D2-DE01-457F-ABD9-57FF072C2BF1}.Release|ARM64.Build.0 = Release|Any CPU
		{9F4216D2-DE01-457F-ABD9-57FF072C2BF1}.Release|x64.ActiveCfg = Release|Any CPU
		{9F4216D2-DE01-457F-ABD9-57FF072C2BF1}.Release|x64.Build.0 = Release|Any CPU
		{9F4216D2-DE01-457F-ABD9-57FF072C2BF1}.Release|x86.ActiveCfg = Release|Any CPU
		{9F4216D2-DE01-457F-ABD9-57FF072C2BF1}.Release|x86.Build.0 = Release|Any CPU
		{29380E9E-ED8A-4529-9D7D-7C92AF6CC268}.Debug|Any CPU.ActiveCfg = Debug|Win32
		{29380E9E-ED8A-4529-9D7D-7C92AF6CC268}.Debug|ARM.ActiveCfg = Debug|Win32
		{29380E9E-ED8A-4529-9D7D-7C92AF6CC268}.Debug|ARM64.ActiveCfg = Debug|Win32
		{29380E9E-ED8A-4529-9D7D-7C92AF6CC268}.Debug|x64.ActiveCfg = Debug|x64
		{29380E9E-ED8A-4529-9D7D-7C92AF6CC268}.Debug|x64.Build.0 = Debug|x64
		{29380E9E-ED8A-4529-9D7D-7C92AF6CC268}.Debug|x86.ActiveCfg = Debug|Win32
		{29380E9E-ED8A-4529-9D7D-7C92AF6CC268}.Debug|x86.Build.0 = Debug|Win32
		{29380E9E-ED8A-4529-9D7D-7C92AF6CC268}.Release|Any CPU.ActiveCfg = Release|Win32
		{29380E9E-ED8A-4529-9D7D-7C92AF6CC268}.Release|ARM.ActiveCfg = Release|Win32
		{29380E9E-ED8A-4529-9D7D-7C92AF6CC268}.Release|ARM64.ActiveCfg = Release|Win32
		{29380E9E-ED8A-4529-9D7D-7C92AF6CC268}.Release|x64.ActiveCfg = Release|x64
		{29380E9E-ED8A-4529-9D7D-7C92AF6CC268}.Release|x64.Build.0 = Release|x64
		{29380E9E-ED8A-4529-9D7D-7C92AF6CC268}.Release|x86.ActiveCfg = Release|Win32
		{29380E9E-ED8A-4529-9D7D-7C92AF6CC268}.Release|x86.Build.0 = Release|Win32
	EndGlobalSection
	GlobalSection(SolutionProperties) = preSolution
		HideSolutionNode = FALSE
	EndGlobalSection
	GlobalSection(NestedProjects) = preSolution
		{6FCD1EF9-8936-4C8B-9F36-255CCE291CA9} = {AD12953D-9230-4ADC-A115-596FBFAADBE7}
		{18C721D5-8339-4A66-8A6F-2B974ACD9598} = {99D68A6A-FD3D-4AAB-A02C-4307A6851F17}
		{4451AD21-AD52-49F1-874B-0BBAB2D4DF95} = {99D68A6A-FD3D-4AAB-A02C-4307A6851F17}
		{AD12953D-9230-4ADC-A115-596FBFAADBE7} = {18C721D5-8339-4A66-8A6F-2B974ACD9598}
		{BCF8F7FB-8C2A-4583-8F62-EADEE645243C} = {99D68A6A-FD3D-4AAB-A02C-4307A6851F17}
		{03FB5D97-71E4-4304-B52F-6836605398B5} = {18C721D5-8339-4A66-8A6F-2B974ACD9598}
		{0381D4D0-945E-4340-B974-9D07B2830D4F} = {99D68A6A-FD3D-4AAB-A02C-4307A6851F17}
		{26CBB4CF-1FB8-4286-AA33-8057F2EAE27F} = {18C721D5-8339-4A66-8A6F-2B974ACD9598}
		{A269725C-1ADF-4FC1-AAE5-003FBE0ED355} = {18C721D5-8339-4A66-8A6F-2B974ACD9598}
		{CCF11A7F-1157-4FF7-BD00-DE4307D95F04} = {18C721D5-8339-4A66-8A6F-2B974ACD9598}
		{B0165914-17FA-4C02-BFD1-BF2F6C664152} = {DBDC2DF6-0316-4E7D-A6D4-B09CA321CAB7}
		{6D7202D1-954A-4431-B733-6B47F17B2A02} = {DBDC2DF6-0316-4E7D-A6D4-B09CA321CAB7}
		{77C8E676-A85A-46AF-AD4E-566754F56860} = {18C721D5-8339-4A66-8A6F-2B974ACD9598}
		{BCC116D4-A7B9-4BB8-AE90-5D95E60B41CC} = {99D68A6A-FD3D-4AAB-A02C-4307A6851F17}
		{FAD293B8-C008-4243-88FC-A3A8A01DB52D} = {99D68A6A-FD3D-4AAB-A02C-4307A6851F17}
		{2012CAA5-09C0-4E58-81B4-5007C9D31DB9} = {AD12953D-9230-4ADC-A115-596FBFAADBE7}
		{A4F87345-3C09-4BF5-9B68-7E18E3154392} = {18C721D5-8339-4A66-8A6F-2B974ACD9598}
		{FE6A2695-A003-4DD0-8C5F-D08433D3D35D} = {99D68A6A-FD3D-4AAB-A02C-4307A6851F17}
		{95CA5BCA-FBD7-4386-9606-9DB6F2909F12} = {18C721D5-8339-4A66-8A6F-2B974ACD9598}
		{F4E98DBA-CA43-429B-88E8-FE4990EB34F8} = {99D68A6A-FD3D-4AAB-A02C-4307A6851F17}
		{93D35F7A-3445-40AB-A3B7-914C176466A2} = {99D68A6A-FD3D-4AAB-A02C-4307A6851F17}
		{11221345-BC85-488C-8E5C-395C0F848682} = {18C721D5-8339-4A66-8A6F-2B974ACD9598}
		{0CD2D8FE-A28F-4984-9F8C-00FD9F7066B9} = {18C721D5-8339-4A66-8A6F-2B974ACD9598}
		{94530180-751F-4A72-A747-637D066EF5A9} = {DBDC2DF6-0316-4E7D-A6D4-B09CA321CAB7}
		{68308858-C2D0-465C-9084-35DAF200B6F0} = {DBDC2DF6-0316-4E7D-A6D4-B09CA321CAB7}
		{9F4216D2-DE01-457F-ABD9-57FF072C2BF1} = {18C721D5-8339-4A66-8A6F-2B974ACD9598}
	EndGlobalSection
	GlobalSection(ExtensibilityGlobals) = postSolution
		SolutionGuid = {4E0A2F67-7D8F-4910-BFB7-8AE9E0B25204}
	EndGlobalSection
EndGlobal
