
Microsoft Visual Studio Solution File, Format Version 12.00
# Visual Studio Version 16
VisualStudioVersion = 16.0.30011.22
MinimumVisualStudioVersion = 10.0.40219.1
Project("{FAE04EC0-301F-11D3-BF4B-00C04F79EFBC}") = "KayMcCormick.Dev", "KayMcCormick.Dev\KayMcCormick.Dev.csproj", "{6FCD1EF9-8936-4C8B-9F36-255CCE291CA9}"
EndProject
Project("{2150E333-8FDC-42A3-9474-1A3956D46DE8}") = "Desktop", "Desktop", "{18C721D5-8339-4A66-8A6F-2B974ACD9598}"
EndProject
Project("{2150E333-8FDC-42A3-9474-1A3956D46DE8}") = "Analysis", "Analysis", "{99D68A6A-FD3D-4AAB-A02C-4307A6851F17}"
EndProject
Project("{2150E333-8FDC-42A3-9474-1A3956D46DE8}") = "Tests", "Tests", "{DBDC2DF6-0316-4E7D-A6D4-B09CA321CAB7}"
EndProject
Project("{FAE04EC0-301F-11D3-BF4B-00C04F79EFBC}") = "ProjInterface", "Desktop\Analysis\ProjInterface\ProjInterface.csproj", "{4451AD21-AD52-49F1-874B-0BBAB2D4DF95}"
EndProject
Project("{2150E333-8FDC-42A3-9474-1A3956D46DE8}") = "ClassLib", "ClassLib", "{AD12953D-9230-4ADC-A115-596FBFAADBE7}"
EndProject
Project("{FAE04EC0-301F-11D3-BF4B-00C04F79EFBC}") = "AnalysisControls", "Desktop\Analysis\AnalysisControls\AnalysisControls.csproj", "{BCF8F7FB-8C2A-4583-8F62-EADEE645243C}"
EndProject
Project("{2150E333-8FDC-42A3-9474-1A3956D46DE8}") = "Solution Items", "Solution Items", "{7B99D87D-95C8-4A9B-8CBD-6494E55E77BF}"
	ProjectSection(SolutionItems) = preProject
		CodeMap1.dgml = CodeMap1.dgml
		CodeMap2.dgml = CodeMap2.dgml
		CodeMap2_1.dgml = CodeMap2_1.dgml
		CodeMap2_1_1.dgml = CodeMap2_1_1.dgml
		CodeMap2_1_1_1.dgml = CodeMap2_1_1_1.dgml
		CodeMap2_1_1_2.dgml = CodeMap2_1_1_2.dgml
		CodeMap3.-2dgml.dgml = CodeMap3.-2dgml.dgml
		CodeMap3.dgml = CodeMap3.dgml
		CodeMap4.dgml = CodeMap4.dgml
	EndProjectSection
EndProject
Project("{FAE04EC0-301F-11D3-BF4B-00C04F79EFBC}") = "Explorer", "..\WpfExplorer\Explorer\Explorer.csproj", "{03FB5D97-71E4-4304-B52F-6836605398B5}"
EndProject
Project("{FAE04EC0-301F-11D3-BF4B-00C04F79EFBC}") = "AnalysisAppLib", "Desktop\Analysis\AnalysisAppLib\AnalysisAppLib.csproj", "{0381D4D0-945E-4340-B974-9D07B2830D4F}"
EndProject
Project("{FAE04EC0-301F-11D3-BF4B-00C04F79EFBC}") = "TestApp", "Desktop\TestApp\TestApp.csproj", "{26CBB4CF-1FB8-4286-AA33-8057F2EAE27F}"
EndProject
Project("{8BC9CEB8-8B4A-11D0-8D11-00A0C91BC942}") = "TestConsole", "TestConsole\TestConsole.vcxproj", "{A269725C-1ADF-4FC1-AAE5-003FBE0ED355}"
EndProject
Project("{8BC9CEB8-8B4A-11D0-8D11-00A0C91BC942}") = "CompatLib1", "CompatLib1\CompatLib1.vcxproj", "{CCF11A7F-1157-4FF7-BD00-DE4307D95F04}"
EndProject
Project("{FAE04EC0-301F-11D3-BF4B-00C04F79EFBC}") = "ModelTests", "Tests\ModelTests\ModelTests.csproj", "{B0165914-17FA-4C02-BFD1-BF2F6C664152}"
EndProject
Project("{FAE04EC0-301F-11D3-BF4B-00C04F79EFBC}") = "ProjTests", "Tests\ProjTests\ProjTests.csproj", "{6D7202D1-954A-4431-B733-6B47F17B2A02}"
EndProject
Project("{FAE04EC0-301F-11D3-BF4B-00C04F79EFBC}") = "Graveyard", "Graveyard\Graveyard.csproj", "{77C8E676-A85A-46AF-AD4E-566754F56860}"
EndProject
Project("{FAE04EC0-301F-11D3-BF4B-00C04F79EFBC}") = "FindLogUsages", "Desktop\Analysis\FindLogUsages\FindLogUsages.csproj", "{BCC116D4-A7B9-4BB8-AE90-5D95E60B41CC}"
EndProject
Project("{FAE04EC0-301F-11D3-BF4B-00C04F79EFBC}") = "ConsoleApp1", "Desktop\Analysis\Analyze\ConsoleApp1\ConsoleApp1.csproj", "{FAD293B8-C008-4243-88FC-A3A8A01DB52D}"
EndProject
Project("{FAE04EC0-301F-11D3-BF4B-00C04F79EFBC}") = "WpfLib", "Desktop\WpfLib\WpfLib.csproj", "{2012CAA5-09C0-4E58-81B4-5007C9D31DB9}"
EndProject
Project("{9A19103F-16F7-4668-BE54-9A1E7A4F7556}") = "Terminal.Gui", "..\..\..\gui.cs\Terminal.Gui\Terminal.Gui.csproj", "{A4F87345-3C09-4BF5-9B68-7E18E3154392}"
EndProject
Project("{FAE04EC0-301F-11D3-BF4B-00C04F79EFBC}") = "Client2", "Desktop\Analysis\Client2\Client2.csproj", "{FE6A2695-A003-4DD0-8C5F-D08433D3D35D}"
EndProject
Project("{FAE04EC0-301F-11D3-BF4B-00C04F79EFBC}") = "RibbonTestApp", "Desktop\RibbonTestApp\RibbonTestApp.csproj", "{FCD18E4D-AA94-4DB0-8C0A-D2647C7FFCB2}"
EndProject
Project("{FAE04EC0-301F-11D3-BF4B-00C04F79EFBC}") = "CodeView", "Desktop\Analysis\CodeView\CodeView.csproj", "{95CA5BCA-FBD7-4386-9606-9DB6F2909F12}"
EndProject
Project("{FAE04EC0-301F-11D3-BF4B-00C04F79EFBC}") = "BuildalyzerBuild", "BuildalyzerBuild\BuildalyzerBuild.csproj", "{F4E98DBA-CA43-429B-88E8-FE4990EB34F8}"
EndProject
Project("{FAE04EC0-301F-11D3-BF4B-00C04F79EFBC}") = "SyntaxTypes", "SyntaxTypes\SyntaxTypes.csproj", "{93D35F7A-3445-40AB-A3B7-914C176466A2}"
EndProject
Global
	GlobalSection(SolutionConfigurationPlatforms) = preSolution
		Debug|Any CPU = Debug|Any CPU
		Debug|x64 = Debug|x64
		Debug|x86 = Debug|x86
		Release|Any CPU = Release|Any CPU
		Release|x64 = Release|x64
		Release|x86 = Release|x86
	EndGlobalSection
	GlobalSection(ProjectConfigurationPlatforms) = postSolution
		{6FCD1EF9-8936-4C8B-9F36-255CCE291CA9}.Debug|Any CPU.ActiveCfg = Debug|Any CPU
		{6FCD1EF9-8936-4C8B-9F36-255CCE291CA9}.Debug|Any CPU.Build.0 = Debug|Any CPU
		{6FCD1EF9-8936-4C8B-9F36-255CCE291CA9}.Debug|x64.ActiveCfg = Debug|x64
		{6FCD1EF9-8936-4C8B-9F36-255CCE291CA9}.Debug|x64.Build.0 = Debug|x64
		{6FCD1EF9-8936-4C8B-9F36-255CCE291CA9}.Debug|x86.ActiveCfg = Debug|x86
		{6FCD1EF9-8936-4C8B-9F36-255CCE291CA9}.Debug|x86.Build.0 = Debug|x86
		{6FCD1EF9-8936-4C8B-9F36-255CCE291CA9}.Release|Any CPU.ActiveCfg = Release|Any CPU
		{6FCD1EF9-8936-4C8B-9F36-255CCE291CA9}.Release|Any CPU.Build.0 = Release|Any CPU
		{6FCD1EF9-8936-4C8B-9F36-255CCE291CA9}.Release|x64.ActiveCfg = Release|x64
		{6FCD1EF9-8936-4C8B-9F36-255CCE291CA9}.Release|x64.Build.0 = Release|x64
		{6FCD1EF9-8936-4C8B-9F36-255CCE291CA9}.Release|x86.ActiveCfg = Release|x86
		{6FCD1EF9-8936-4C8B-9F36-255CCE291CA9}.Release|x86.Build.0 = Release|x86
		{4451AD21-AD52-49F1-874B-0BBAB2D4DF95}.Debug|Any CPU.ActiveCfg = Debug|x86
		{4451AD21-AD52-49F1-874B-0BBAB2D4DF95}.Debug|x64.ActiveCfg = Debug|x64
		{4451AD21-AD52-49F1-874B-0BBAB2D4DF95}.Debug|x64.Build.0 = Debug|x64
		{4451AD21-AD52-49F1-874B-0BBAB2D4DF95}.Debug|x86.ActiveCfg = Debug|x86
		{4451AD21-AD52-49F1-874B-0BBAB2D4DF95}.Debug|x86.Build.0 = Debug|x86
		{4451AD21-AD52-49F1-874B-0BBAB2D4DF95}.Release|Any CPU.ActiveCfg = Release|x86
		{4451AD21-AD52-49F1-874B-0BBAB2D4DF95}.Release|x64.ActiveCfg = Release|x64
		{4451AD21-AD52-49F1-874B-0BBAB2D4DF95}.Release|x64.Build.0 = Release|x64
		{4451AD21-AD52-49F1-874B-0BBAB2D4DF95}.Release|x86.ActiveCfg = Release|x86
		{4451AD21-AD52-49F1-874B-0BBAB2D4DF95}.Release|x86.Build.0 = Release|x86
		{BCF8F7FB-8C2A-4583-8F62-EADEE645243C}.Debug|Any CPU.ActiveCfg = Debug|x86
		{BCF8F7FB-8C2A-4583-8F62-EADEE645243C}.Debug|x64.ActiveCfg = Debug|x64
		{BCF8F7FB-8C2A-4583-8F62-EADEE645243C}.Debug|x64.Build.0 = Debug|x64
		{BCF8F7FB-8C2A-4583-8F62-EADEE645243C}.Debug|x86.ActiveCfg = Debug|x86
		{BCF8F7FB-8C2A-4583-8F62-EADEE645243C}.Debug|x86.Build.0 = Debug|x86
		{BCF8F7FB-8C2A-4583-8F62-EADEE645243C}.Release|Any CPU.ActiveCfg = Release|x86
		{BCF8F7FB-8C2A-4583-8F62-EADEE645243C}.Release|x64.ActiveCfg = Release|x64
		{BCF8F7FB-8C2A-4583-8F62-EADEE645243C}.Release|x64.Build.0 = Release|x64
		{BCF8F7FB-8C2A-4583-8F62-EADEE645243C}.Release|x86.ActiveCfg = Release|x86
		{BCF8F7FB-8C2A-4583-8F62-EADEE645243C}.Release|x86.Build.0 = Release|x86
		{03FB5D97-71E4-4304-B52F-6836605398B5}.Debug|Any CPU.ActiveCfg = Debug|x86
		{03FB5D97-71E4-4304-B52F-6836605398B5}.Debug|x64.ActiveCfg = Debug|x64
		{03FB5D97-71E4-4304-B52F-6836605398B5}.Debug|x64.Build.0 = Debug|x64
		{03FB5D97-71E4-4304-B52F-6836605398B5}.Debug|x86.ActiveCfg = Debug|x86
		{03FB5D97-71E4-4304-B52F-6836605398B5}.Debug|x86.Build.0 = Debug|x86
		{03FB5D97-71E4-4304-B52F-6836605398B5}.Release|Any CPU.ActiveCfg = Release|x86
		{03FB5D97-71E4-4304-B52F-6836605398B5}.Release|x64.ActiveCfg = Release|x64
		{03FB5D97-71E4-4304-B52F-6836605398B5}.Release|x64.Build.0 = Release|x64
		{03FB5D97-71E4-4304-B52F-6836605398B5}.Release|x86.ActiveCfg = Release|x86
		{03FB5D97-71E4-4304-B52F-6836605398B5}.Release|x86.Build.0 = Release|x86
		{0381D4D0-945E-4340-B974-9D07B2830D4F}.Debug|Any CPU.ActiveCfg = Debug|x86
		{0381D4D0-945E-4340-B974-9D07B2830D4F}.Debug|x64.ActiveCfg = Debug|x64
		{0381D4D0-945E-4340-B974-9D07B2830D4F}.Debug|x64.Build.0 = Debug|x64
		{0381D4D0-945E-4340-B974-9D07B2830D4F}.Debug|x86.ActiveCfg = Debug|x86
		{0381D4D0-945E-4340-B974-9D07B2830D4F}.Debug|x86.Build.0 = Debug|x86
		{0381D4D0-945E-4340-B974-9D07B2830D4F}.Release|Any CPU.ActiveCfg = Release|x86
		{0381D4D0-945E-4340-B974-9D07B2830D4F}.Release|x64.ActiveCfg = Release|x64
		{0381D4D0-945E-4340-B974-9D07B2830D4F}.Release|x64.Build.0 = Release|x64
		{0381D4D0-945E-4340-B974-9D07B2830D4F}.Release|x86.ActiveCfg = Release|x86
		{0381D4D0-945E-4340-B974-9D07B2830D4F}.Release|x86.Build.0 = Release|x86
		{26CBB4CF-1FB8-4286-AA33-8057F2EAE27F}.Debug|Any CPU.ActiveCfg = Debug|Any CPU
		{26CBB4CF-1FB8-4286-AA33-8057F2EAE27F}.Debug|Any CPU.Build.0 = Debug|Any CPU
		{26CBB4CF-1FB8-4286-AA33-8057F2EAE27F}.Debug|x64.ActiveCfg = Debug|x64
		{26CBB4CF-1FB8-4286-AA33-8057F2EAE27F}.Debug|x64.Build.0 = Debug|x64
		{26CBB4CF-1FB8-4286-AA33-8057F2EAE27F}.Debug|x86.ActiveCfg = Debug|x86
		{26CBB4CF-1FB8-4286-AA33-8057F2EAE27F}.Debug|x86.Build.0 = Debug|x86
		{26CBB4CF-1FB8-4286-AA33-8057F2EAE27F}.Release|Any CPU.ActiveCfg = Release|Any CPU
		{26CBB4CF-1FB8-4286-AA33-8057F2EAE27F}.Release|Any CPU.Build.0 = Release|Any CPU
		{26CBB4CF-1FB8-4286-AA33-8057F2EAE27F}.Release|x64.ActiveCfg = Release|x64
		{26CBB4CF-1FB8-4286-AA33-8057F2EAE27F}.Release|x64.Build.0 = Release|x64
		{26CBB4CF-1FB8-4286-AA33-8057F2EAE27F}.Release|x86.ActiveCfg = Release|x86
		{26CBB4CF-1FB8-4286-AA33-8057F2EAE27F}.Release|x86.Build.0 = Release|x86
		{A269725C-1ADF-4FC1-AAE5-003FBE0ED355}.Debug|Any CPU.ActiveCfg = Debug|Win32
		{A269725C-1ADF-4FC1-AAE5-003FBE0ED355}.Debug|x64.ActiveCfg = Debug|x64
		{A269725C-1ADF-4FC1-AAE5-003FBE0ED355}.Debug|x64.Build.0 = Debug|x64
		{A269725C-1ADF-4FC1-AAE5-003FBE0ED355}.Debug|x86.ActiveCfg = Debug|Win32
		{A269725C-1ADF-4FC1-AAE5-003FBE0ED355}.Debug|x86.Build.0 = Debug|Win32
		{A269725C-1ADF-4FC1-AAE5-003FBE0ED355}.Release|Any CPU.ActiveCfg = Release|Win32
		{A269725C-1ADF-4FC1-AAE5-003FBE0ED355}.Release|x64.ActiveCfg = Release|x64
		{A269725C-1ADF-4FC1-AAE5-003FBE0ED355}.Release|x64.Build.0 = Release|x64
		{A269725C-1ADF-4FC1-AAE5-003FBE0ED355}.Release|x86.ActiveCfg = Release|Win32
		{A269725C-1ADF-4FC1-AAE5-003FBE0ED355}.Release|x86.Build.0 = Release|Win32
		{CCF11A7F-1157-4FF7-BD00-DE4307D95F04}.Debug|Any CPU.ActiveCfg = Debug|Win32
		{CCF11A7F-1157-4FF7-BD00-DE4307D95F04}.Debug|x64.ActiveCfg = Debug|x64
		{CCF11A7F-1157-4FF7-BD00-DE4307D95F04}.Debug|x64.Build.0 = Debug|x64
		{CCF11A7F-1157-4FF7-BD00-DE4307D95F04}.Debug|x86.ActiveCfg = Debug|Win32
		{CCF11A7F-1157-4FF7-BD00-DE4307D95F04}.Debug|x86.Build.0 = Debug|Win32
		{CCF11A7F-1157-4FF7-BD00-DE4307D95F04}.Release|Any CPU.ActiveCfg = Release|Win32
		{CCF11A7F-1157-4FF7-BD00-DE4307D95F04}.Release|x64.ActiveCfg = Release|x64
		{CCF11A7F-1157-4FF7-BD00-DE4307D95F04}.Release|x64.Build.0 = Release|x64
		{CCF11A7F-1157-4FF7-BD00-DE4307D95F04}.Release|x86.ActiveCfg = Release|Win32
		{CCF11A7F-1157-4FF7-BD00-DE4307D95F04}.Release|x86.Build.0 = Release|Win32
		{B0165914-17FA-4C02-BFD1-BF2F6C664152}.Debug|Any CPU.ActiveCfg = Debug|x86
		{B0165914-17FA-4C02-BFD1-BF2F6C664152}.Debug|x64.ActiveCfg = Debug|x64
		{B0165914-17FA-4C02-BFD1-BF2F6C664152}.Debug|x64.Build.0 = Debug|x64
		{B0165914-17FA-4C02-BFD1-BF2F6C664152}.Debug|x86.ActiveCfg = Debug|x86
		{B0165914-17FA-4C02-BFD1-BF2F6C664152}.Debug|x86.Build.0 = Debug|x86
		{B0165914-17FA-4C02-BFD1-BF2F6C664152}.Release|Any CPU.ActiveCfg = Release|x86
		{B0165914-17FA-4C02-BFD1-BF2F6C664152}.Release|x64.ActiveCfg = Release|x64
		{B0165914-17FA-4C02-BFD1-BF2F6C664152}.Release|x64.Build.0 = Release|x64
		{B0165914-17FA-4C02-BFD1-BF2F6C664152}.Release|x86.ActiveCfg = Release|x86
		{B0165914-17FA-4C02-BFD1-BF2F6C664152}.Release|x86.Build.0 = Release|x86
		{6D7202D1-954A-4431-B733-6B47F17B2A02}.Debug|Any CPU.ActiveCfg = Debug|x86
		{6D7202D1-954A-4431-B733-6B47F17B2A02}.Debug|x64.ActiveCfg = Debug|x64
		{6D7202D1-954A-4431-B733-6B47F17B2A02}.Debug|x64.Build.0 = Debug|x64
		{6D7202D1-954A-4431-B733-6B47F17B2A02}.Debug|x86.ActiveCfg = Debug|x86
		{6D7202D1-954A-4431-B733-6B47F17B2A02}.Debug|x86.Build.0 = Debug|x86
		{6D7202D1-954A-4431-B733-6B47F17B2A02}.Release|Any CPU.ActiveCfg = Release|x86
		{6D7202D1-954A-4431-B733-6B47F17B2A02}.Release|x64.ActiveCfg = Release|x64
		{6D7202D1-954A-4431-B733-6B47F17B2A02}.Release|x64.Build.0 = Release|x64
		{6D7202D1-954A-4431-B733-6B47F17B2A02}.Release|x86.ActiveCfg = Release|x86
		{6D7202D1-954A-4431-B733-6B47F17B2A02}.Release|x86.Build.0 = Release|x86
		{77C8E676-A85A-46AF-AD4E-566754F56860}.Debug|Any CPU.ActiveCfg = Debug|Any CPU
		{77C8E676-A85A-46AF-AD4E-566754F56860}.Debug|Any CPU.Build.0 = Debug|Any CPU
		{77C8E676-A85A-46AF-AD4E-566754F56860}.Debug|x64.ActiveCfg = Debug|Any CPU
		{77C8E676-A85A-46AF-AD4E-566754F56860}.Debug|x64.Build.0 = Debug|Any CPU
		{77C8E676-A85A-46AF-AD4E-566754F56860}.Debug|x86.ActiveCfg = Debug|Any CPU
		{77C8E676-A85A-46AF-AD4E-566754F56860}.Release|Any CPU.ActiveCfg = Release|Any CPU
		{77C8E676-A85A-46AF-AD4E-566754F56860}.Release|Any CPU.Build.0 = Release|Any CPU
		{77C8E676-A85A-46AF-AD4E-566754F56860}.Release|x64.ActiveCfg = Release|Any CPU
		{77C8E676-A85A-46AF-AD4E-566754F56860}.Release|x64.Build.0 = Release|Any CPU
		{77C8E676-A85A-46AF-AD4E-566754F56860}.Release|x86.ActiveCfg = Release|Any CPU
		{BCC116D4-A7B9-4BB8-AE90-5D95E60B41CC}.Debug|Any CPU.ActiveCfg = Debug|Any CPU
		{BCC116D4-A7B9-4BB8-AE90-5D95E60B41CC}.Debug|Any CPU.Build.0 = Debug|Any CPU
		{BCC116D4-A7B9-4BB8-AE90-5D95E60B41CC}.Debug|x64.ActiveCfg = Debug|Any CPU
		{BCC116D4-A7B9-4BB8-AE90-5D95E60B41CC}.Debug|x64.Build.0 = Debug|Any CPU
		{BCC116D4-A7B9-4BB8-AE90-5D95E60B41CC}.Debug|x86.ActiveCfg = Debug|Any CPU
		{BCC116D4-A7B9-4BB8-AE90-5D95E60B41CC}.Debug|x86.Build.0 = Debug|Any CPU
		{BCC116D4-A7B9-4BB8-AE90-5D95E60B41CC}.Release|Any CPU.ActiveCfg = Release|Any CPU
		{BCC116D4-A7B9-4BB8-AE90-5D95E60B41CC}.Release|Any CPU.Build.0 = Release|Any CPU
		{BCC116D4-A7B9-4BB8-AE90-5D95E60B41CC}.Release|x64.ActiveCfg = Release|Any CPU
		{BCC116D4-A7B9-4BB8-AE90-5D95E60B41CC}.Release|x64.Build.0 = Release|Any CPU
		{BCC116D4-A7B9-4BB8-AE90-5D95E60B41CC}.Release|x86.ActiveCfg = Release|x86
		{BCC116D4-A7B9-4BB8-AE90-5D95E60B41CC}.Release|x86.Build.0 = Release|x86
		{FAD293B8-C008-4243-88FC-A3A8A01DB52D}.Debug|Any CPU.ActiveCfg = Debug|x86
		{FAD293B8-C008-4243-88FC-A3A8A01DB52D}.Debug|x64.ActiveCfg = Debug|x64
		{FAD293B8-C008-4243-88FC-A3A8A01DB52D}.Debug|x64.Build.0 = Debug|x64
		{FAD293B8-C008-4243-88FC-A3A8A01DB52D}.Debug|x86.ActiveCfg = Debug|x86
		{FAD293B8-C008-4243-88FC-A3A8A01DB52D}.Debug|x86.Build.0 = Debug|x86
		{FAD293B8-C008-4243-88FC-A3A8A01DB52D}.Release|Any CPU.ActiveCfg = Release|x86
		{FAD293B8-C008-4243-88FC-A3A8A01DB52D}.Release|x64.ActiveCfg = Release|x64
		{FAD293B8-C008-4243-88FC-A3A8A01DB52D}.Release|x64.Build.0 = Release|x64
		{FAD293B8-C008-4243-88FC-A3A8A01DB52D}.Release|x86.ActiveCfg = Release|x86
		{FAD293B8-C008-4243-88FC-A3A8A01DB52D}.Release|x86.Build.0 = Release|x86
		{2012CAA5-09C0-4E58-81B4-5007C9D31DB9}.Debug|Any CPU.ActiveCfg = Debug|Any CPU
		{2012CAA5-09C0-4E58-81B4-5007C9D31DB9}.Debug|Any CPU.Build.0 = Debug|Any CPU
		{2012CAA5-09C0-4E58-81B4-5007C9D31DB9}.Debug|x64.ActiveCfg = Debug|Any CPU
		{2012CAA5-09C0-4E58-81B4-5007C9D31DB9}.Debug|x64.Build.0 = Debug|Any CPU
		{2012CAA5-09C0-4E58-81B4-5007C9D31DB9}.Debug|x86.ActiveCfg = Debug|x86
		{2012CAA5-09C0-4E58-81B4-5007C9D31DB9}.Debug|x86.Build.0 = Debug|x86
		{2012CAA5-09C0-4E58-81B4-5007C9D31DB9}.Release|Any CPU.ActiveCfg = Release|Any CPU
		{2012CAA5-09C0-4E58-81B4-5007C9D31DB9}.Release|Any CPU.Build.0 = Release|Any CPU
		{2012CAA5-09C0-4E58-81B4-5007C9D31DB9}.Release|x64.ActiveCfg = Release|Any CPU
		{2012CAA5-09C0-4E58-81B4-5007C9D31DB9}.Release|x64.Build.0 = Release|Any CPU
		{2012CAA5-09C0-4E58-81B4-5007C9D31DB9}.Release|x86.ActiveCfg = Release|Any CPU
		{2012CAA5-09C0-4E58-81B4-5007C9D31DB9}.Release|x86.Build.0 = Release|Any CPU
		{A4F87345-3C09-4BF5-9B68-7E18E3154392}.Debug|Any CPU.ActiveCfg = Debug|Any CPU
		{A4F87345-3C09-4BF5-9B68-7E18E3154392}.Debug|Any CPU.Build.0 = Debug|Any CPU
		{A4F87345-3C09-4BF5-9B68-7E18E3154392}.Debug|x64.ActiveCfg = Debug|Any CPU
		{A4F87345-3C09-4BF5-9B68-7E18E3154392}.Debug|x64.Build.0 = Debug|Any CPU
		{A4F87345-3C09-4BF5-9B68-7E18E3154392}.Debug|x86.ActiveCfg = Debug|Any CPU
		{A4F87345-3C09-4BF5-9B68-7E18E3154392}.Debug|x86.Build.0 = Debug|Any CPU
		{A4F87345-3C09-4BF5-9B68-7E18E3154392}.Release|Any CPU.ActiveCfg = Release|Any CPU
		{A4F87345-3C09-4BF5-9B68-7E18E3154392}.Release|Any CPU.Build.0 = Release|Any CPU
		{A4F87345-3C09-4BF5-9B68-7E18E3154392}.Release|x64.ActiveCfg = Release|Any CPU
		{A4F87345-3C09-4BF5-9B68-7E18E3154392}.Release|x64.Build.0 = Release|Any CPU
		{A4F87345-3C09-4BF5-9B68-7E18E3154392}.Release|x86.ActiveCfg = Release|Any CPU
		{A4F87345-3C09-4BF5-9B68-7E18E3154392}.Release|x86.Build.0 = Release|Any CPU
		{FE6A2695-A003-4DD0-8C5F-D08433D3D35D}.Debug|Any CPU.ActiveCfg = Debug|x86
		{FE6A2695-A003-4DD0-8C5F-D08433D3D35D}.Debug|x64.ActiveCfg = Debug|x64
		{FE6A2695-A003-4DD0-8C5F-D08433D3D35D}.Debug|x64.Build.0 = Debug|x64
		{FE6A2695-A003-4DD0-8C5F-D08433D3D35D}.Debug|x86.ActiveCfg = Debug|x86
		{FE6A2695-A003-4DD0-8C5F-D08433D3D35D}.Debug|x86.Build.0 = Debug|x86
		{FE6A2695-A003-4DD0-8C5F-D08433D3D35D}.Release|Any CPU.ActiveCfg = Release|x86
		{FE6A2695-A003-4DD0-8C5F-D08433D3D35D}.Release|x64.ActiveCfg = Release|x64
		{FE6A2695-A003-4DD0-8C5F-D08433D3D35D}.Release|x64.Build.0 = Release|x64
		{FE6A2695-A003-4DD0-8C5F-D08433D3D35D}.Release|x86.ActiveCfg = Release|x86
		{FE6A2695-A003-4DD0-8C5F-D08433D3D35D}.Release|x86.Build.0 = Release|x86
		{FCD18E4D-AA94-4DB0-8C0A-D2647C7FFCB2}.Debug|Any CPU.ActiveCfg = Debug|Any CPU
		{FCD18E4D-AA94-4DB0-8C0A-D2647C7FFCB2}.Debug|Any CPU.Build.0 = Debug|Any CPU
		{FCD18E4D-AA94-4DB0-8C0A-D2647C7FFCB2}.Debug|x64.ActiveCfg = Debug|Any CPU
		{FCD18E4D-AA94-4DB0-8C0A-D2647C7FFCB2}.Debug|x64.Build.0 = Debug|Any CPU
		{FCD18E4D-AA94-4DB0-8C0A-D2647C7FFCB2}.Debug|x86.ActiveCfg = Debug|Any CPU
		{FCD18E4D-AA94-4DB0-8C0A-D2647C7FFCB2}.Debug|x86.Build.0 = Debug|Any CPU
		{FCD18E4D-AA94-4DB0-8C0A-D2647C7FFCB2}.Release|Any CPU.ActiveCfg = Release|Any CPU
		{FCD18E4D-AA94-4DB0-8C0A-D2647C7FFCB2}.Release|Any CPU.Build.0 = Release|Any CPU
		{FCD18E4D-AA94-4DB0-8C0A-D2647C7FFCB2}.Release|x64.ActiveCfg = Release|Any CPU
		{FCD18E4D-AA94-4DB0-8C0A-D2647C7FFCB2}.Release|x64.Build.0 = Release|Any CPU
		{FCD18E4D-AA94-4DB0-8C0A-D2647C7FFCB2}.Release|x86.ActiveCfg = Release|Any CPU
		{FCD18E4D-AA94-4DB0-8C0A-D2647C7FFCB2}.Release|x86.Build.0 = Release|Any CPU
		{95CA5BCA-FBD7-4386-9606-9DB6F2909F12}.Debug|Any CPU.ActiveCfg = Debug|Any CPU
		{95CA5BCA-FBD7-4386-9606-9DB6F2909F12}.Debug|Any CPU.Build.0 = Debug|Any CPU
		{95CA5BCA-FBD7-4386-9606-9DB6F2909F12}.Debug|x64.ActiveCfg = Debug|Any CPU
		{95CA5BCA-FBD7-4386-9606-9DB6F2909F12}.Debug|x64.Build.0 = Debug|Any CPU
		{95CA5BCA-FBD7-4386-9606-9DB6F2909F12}.Debug|x86.ActiveCfg = Debug|Any CPU
		{95CA5BCA-FBD7-4386-9606-9DB6F2909F12}.Debug|x86.Build.0 = Debug|Any CPU
		{95CA5BCA-FBD7-4386-9606-9DB6F2909F12}.Release|Any CPU.ActiveCfg = Release|Any CPU
		{95CA5BCA-FBD7-4386-9606-9DB6F2909F12}.Release|Any CPU.Build.0 = Release|Any CPU
		{95CA5BCA-FBD7-4386-9606-9DB6F2909F12}.Release|x64.ActiveCfg = Release|Any CPU
		{95CA5BCA-FBD7-4386-9606-9DB6F2909F12}.Release|x64.Build.0 = Release|Any CPU
		{95CA5BCA-FBD7-4386-9606-9DB6F2909F12}.Release|x86.ActiveCfg = Release|Any CPU
		{95CA5BCA-FBD7-4386-9606-9DB6F2909F12}.Release|x86.Build.0 = Release|Any CPU
		{F4E98DBA-CA43-429B-88E8-FE4990EB34F8}.Debug|Any CPU.ActiveCfg = Debug|Any CPU
		{F4E98DBA-CA43-429B-88E8-FE4990EB34F8}.Debug|Any CPU.Build.0 = Debug|Any CPU
		{F4E98DBA-CA43-429B-88E8-FE4990EB34F8}.Debug|x64.ActiveCfg = Debug|Any CPU
		{F4E98DBA-CA43-429B-88E8-FE4990EB34F8}.Debug|x64.Build.0 = Debug|Any CPU
		{F4E98DBA-CA43-429B-88E8-FE4990EB34F8}.Debug|x86.ActiveCfg = Debug|Any CPU
		{F4E98DBA-CA43-429B-88E8-FE4990EB34F8}.Debug|x86.Build.0 = Debug|Any CPU
		{F4E98DBA-CA43-429B-88E8-FE4990EB34F8}.Release|Any CPU.ActiveCfg = Release|Any CPU
		{F4E98DBA-CA43-429B-88E8-FE4990EB34F8}.Release|Any CPU.Build.0 = Release|Any CPU
		{F4E98DBA-CA43-429B-88E8-FE4990EB34F8}.Release|x64.ActiveCfg = Release|Any CPU
		{F4E98DBA-CA43-429B-88E8-FE4990EB34F8}.Release|x64.Build.0 = Release|Any CPU
		{F4E98DBA-CA43-429B-88E8-FE4990EB34F8}.Release|x86.ActiveCfg = Release|Any CPU
		{F4E98DBA-CA43-429B-88E8-FE4990EB34F8}.Release|x86.Build.0 = Release|Any CPU
		{93D35F7A-3445-40AB-A3B7-914C176466A2}.Debug|Any CPU.ActiveCfg = Debug|Any CPU
		{93D35F7A-3445-40AB-A3B7-914C176466A2}.Debug|Any CPU.Build.0 = Debug|Any CPU
		{93D35F7A-3445-40AB-A3B7-914C176466A2}.Debug|x64.ActiveCfg = Debug|Any CPU
		{93D35F7A-3445-40AB-A3B7-914C176466A2}.Debug|x64.Build.0 = Debug|Any CPU
		{93D35F7A-3445-40AB-A3B7-914C176466A2}.Debug|x86.ActiveCfg = Debug|Any CPU
		{93D35F7A-3445-40AB-A3B7-914C176466A2}.Debug|x86.Build.0 = Debug|Any CPU
		{93D35F7A-3445-40AB-A3B7-914C176466A2}.Release|Any CPU.ActiveCfg = Release|Any CPU
		{93D35F7A-3445-40AB-A3B7-914C176466A2}.Release|Any CPU.Build.0 = Release|Any CPU
		{93D35F7A-3445-40AB-A3B7-914C176466A2}.Release|x64.ActiveCfg = Release|Any CPU
		{93D35F7A-3445-40AB-A3B7-914C176466A2}.Release|x64.Build.0 = Release|Any CPU
		{93D35F7A-3445-40AB-A3B7-914C176466A2}.Release|x86.ActiveCfg = Release|Any CPU
		{93D35F7A-3445-40AB-A3B7-914C176466A2}.Release|x86.Build.0 = Release|Any CPU
	EndGlobalSection
	GlobalSection(SolutionProperties) = preSolution
		HideSolutionNode = FALSE
	EndGlobalSection
	GlobalSection(NestedProjects) = preSolution
		{6FCD1EF9-8936-4C8B-9F36-255CCE291CA9} = {AD12953D-9230-4ADC-A115-596FBFAADBE7}
		{4451AD21-AD52-49F1-874B-0BBAB2D4DF95} = {99D68A6A-FD3D-4AAB-A02C-4307A6851F17}
		{AD12953D-9230-4ADC-A115-596FBFAADBE7} = {18C721D5-8339-4A66-8A6F-2B974ACD9598}
		{BCF8F7FB-8C2A-4583-8F62-EADEE645243C} = {99D68A6A-FD3D-4AAB-A02C-4307A6851F17}
		{03FB5D97-71E4-4304-B52F-6836605398B5} = {18C721D5-8339-4A66-8A6F-2B974ACD9598}
		{0381D4D0-945E-4340-B974-9D07B2830D4F} = {99D68A6A-FD3D-4AAB-A02C-4307A6851F17}
		{26CBB4CF-1FB8-4286-AA33-8057F2EAE27F} = {18C721D5-8339-4A66-8A6F-2B974ACD9598}
		{A269725C-1ADF-4FC1-AAE5-003FBE0ED355} = {18C721D5-8339-4A66-8A6F-2B974ACD9598}
		{CCF11A7F-1157-4FF7-BD00-DE4307D95F04} = {18C721D5-8339-4A66-8A6F-2B974ACD9598}
		{B0165914-17FA-4C02-BFD1-BF2F6C664152} = {DBDC2DF6-0316-4E7D-A6D4-B09CA321CAB7}
		{6D7202D1-954A-4431-B733-6B47F17B2A02} = {DBDC2DF6-0316-4E7D-A6D4-B09CA321CAB7}
		{77C8E676-A85A-46AF-AD4E-566754F56860} = {18C721D5-8339-4A66-8A6F-2B974ACD9598}
		{BCC116D4-A7B9-4BB8-AE90-5D95E60B41CC} = {99D68A6A-FD3D-4AAB-A02C-4307A6851F17}
		{FAD293B8-C008-4243-88FC-A3A8A01DB52D} = {99D68A6A-FD3D-4AAB-A02C-4307A6851F17}
		{2012CAA5-09C0-4E58-81B4-5007C9D31DB9} = {AD12953D-9230-4ADC-A115-596FBFAADBE7}
		{A4F87345-3C09-4BF5-9B68-7E18E3154392} = {18C721D5-8339-4A66-8A6F-2B974ACD9598}
		{FE6A2695-A003-4DD0-8C5F-D08433D3D35D} = {99D68A6A-FD3D-4AAB-A02C-4307A6851F17}
		{95CA5BCA-FBD7-4386-9606-9DB6F2909F12} = {18C721D5-8339-4A66-8A6F-2B974ACD9598}
		{F4E98DBA-CA43-429B-88E8-FE4990EB34F8} = {99D68A6A-FD3D-4AAB-A02C-4307A6851F17}
		{93D35F7A-3445-40AB-A3B7-914C176466A2} = {99D68A6A-FD3D-4AAB-A02C-4307A6851F17}
	EndGlobalSection
	GlobalSection(ExtensibilityGlobals) = postSolution
		SolutionGuid = {4E0A2F67-7D8F-4910-BFB7-8AE9E0B25204}
	EndGlobalSection
EndGlobal
