
Microsoft Visual Studio Solution File, Format Version 12.00
# Visual Studio 15
VisualStudioVersion = 15.0.28307.1022
MinimumVisualStudioVersion = 10.0.40219.1
Project("{FAE04EC0-301F-11D3-BF4B-00C04F79EFBC}") = "ConsoleApp1", "Desktop\Analysis\Analyze\ConsoleApp1\ConsoleApp1.csproj", "{FAD293B8-C008-4243-88FC-A3A8A01DB52D}"
EndProject
Project("{FAE04EC0-301F-11D3-BF4B-00C04F79EFBC}") = "KayMcCormick.Dev", "KayMcCormick.Dev\KayMcCormick.Dev.csproj", "{6FCD1EF9-8936-4C8B-9F36-255CCE291CA9}"
EndProject
Project("{FAE04EC0-301F-11D3-BF4B-00C04F79EFBC}") = "AnalysisAppLib", "Desktop\Analysis\AnalysisAppLib\AnalysisAppLib.csproj", "{0381D4D0-945E-4340-B974-9D07B2830D4F}"
EndProject
Global
	GlobalSection(SolutionConfigurationPlatforms) = preSolution
		Debug|Any CPU = Debug|Any CPU
		Debug|x64 = Debug|x64
		Debug|x86 = Debug|x86
		Release|Any CPU = Release|Any CPU
		Release|x64 = Release|x64
		Release|x86 = Release|x86
	EndGlobalSection
	GlobalSection(ProjectConfigurationPlatforms) = postSolution
		{FAD293B8-C008-4243-88FC-A3A8A01DB52D}.Debug|Any CPU.ActiveCfg = Debug|x86
		{FAD293B8-C008-4243-88FC-A3A8A01DB52D}.Debug|x64.ActiveCfg = Debug|x64
		{FAD293B8-C008-4243-88FC-A3A8A01DB52D}.Debug|x64.Build.0 = Debug|x64
		{FAD293B8-C008-4243-88FC-A3A8A01DB52D}.Debug|x86.ActiveCfg = Debug|x86
		{FAD293B8-C008-4243-88FC-A3A8A01DB52D}.Debug|x86.Build.0 = Debug|x86
		{FAD293B8-C008-4243-88FC-A3A8A01DB52D}.Release|Any CPU.ActiveCfg = Release|x86
		{FAD293B8-C008-4243-88FC-A3A8A01DB52D}.Release|x64.ActiveCfg = Release|x64
		{FAD293B8-C008-4243-88FC-A3A8A01DB52D}.Release|x64.Build.0 = Release|x64
		{FAD293B8-C008-4243-88FC-A3A8A01DB52D}.Release|x86.ActiveCfg = Release|x86
		{FAD293B8-C008-4243-88FC-A3A8A01DB52D}.Release|x86.Build.0 = Release|x86
		{6FCD1EF9-8936-4C8B-9F36-255CCE291CA9}.Debug|Any CPU.ActiveCfg = Debug|Any CPU
		{6FCD1EF9-8936-4C8B-9F36-255CCE291CA9}.Debug|Any CPU.Build.0 = Debug|Any CPU
		{6FCD1EF9-8936-4C8B-9F36-255CCE291CA9}.Debug|x64.ActiveCfg = Debug|x64
		{6FCD1EF9-8936-4C8B-9F36-255CCE291CA9}.Debug|x64.Build.0 = Debug|x64
		{6FCD1EF9-8936-4C8B-9F36-255CCE291CA9}.Debug|x86.ActiveCfg = Debug|x86
		{6FCD1EF9-8936-4C8B-9F36-255CCE291CA9}.Debug|x86.Build.0 = Debug|x86
		{6FCD1EF9-8936-4C8B-9F36-255CCE291CA9}.Release|Any CPU.ActiveCfg = Release|Any CPU
		{6FCD1EF9-8936-4C8B-9F36-255CCE291CA9}.Release|Any CPU.Build.0 = Release|Any CPU
		{6FCD1EF9-8936-4C8B-9F36-255CCE291CA9}.Release|x64.ActiveCfg = Release|x64
		{6FCD1EF9-8936-4C8B-9F36-255CCE291CA9}.Release|x64.Build.0 = Release|x64
		{6FCD1EF9-8936-4C8B-9F36-255CCE291CA9}.Release|x86.ActiveCfg = Release|x86
		{6FCD1EF9-8936-4C8B-9F36-255CCE291CA9}.Release|x86.Build.0 = Release|x86
		{0381D4D0-945E-4340-B974-9D07B2830D4F}.Debug|Any CPU.ActiveCfg = Debug|x86
		{0381D4D0-945E-4340-B974-9D07B2830D4F}.Debug|x64.ActiveCfg = Debug|x64
		{0381D4D0-945E-4340-B974-9D07B2830D4F}.Debug|x64.Build.0 = Debug|x64
		{0381D4D0-945E-4340-B974-9D07B2830D4F}.Debug|x86.ActiveCfg = Debug|x86
		{0381D4D0-945E-4340-B974-9D07B2830D4F}.Debug|x86.Build.0 = Debug|x86
		{0381D4D0-945E-4340-B974-9D07B2830D4F}.Release|Any CPU.ActiveCfg = Release|x86
		{0381D4D0-945E-4340-B974-9D07B2830D4F}.Release|x64.ActiveCfg = Release|x64
		{0381D4D0-945E-4340-B974-9D07B2830D4F}.Release|x64.Build.0 = Release|x64
		{0381D4D0-945E-4340-B974-9D07B2830D4F}.Release|x86.ActiveCfg = Release|x86
		{0381D4D0-945E-4340-B974-9D07B2830D4F}.Release|x86.Build.0 = Release|x86
	EndGlobalSection
	GlobalSection(SolutionProperties) = preSolution
		HideSolutionNode = FALSE
	EndGlobalSection
	GlobalSection(ExtensibilityGlobals) = postSolution
		SolutionGuid = {C3CB894B-EDD6-466A-8C8B-4FD40FC2227C}
	EndGlobalSection
EndGlobal
