
Microsoft Visual Studio Solution File, Format Version 12.00
# Visual Studio Version 16
VisualStudioVersion = 16.0.29806.167
MinimumVisualStudioVersion = 10.0.40219.1
Project("{FAE04EC0-301F-11D3-BF4B-00C04F79EFBC}") = "ConsoleServiceHost", "ConsoleServiceHost\ConsoleServiceHost.csproj", "{70264C77-6A64-4B26-B934-01B7D032A5B3}"
EndProject
Project("{FAE04EC0-301F-11D3-BF4B-00C04F79EFBC}") = "KayMcCormick.Dev", "KayMcCormick.Dev\KayMcCormick.Dev.csproj", "{6FCD1EF9-8936-4C8B-9F36-255CCE291CA9}"
EndProject
Project("{FAE04EC0-301F-11D3-BF4B-00C04F79EFBC}") = "AnalysisServiceLibrary", "AnalysisServiceLibrary\AnalysisServiceLibrary.csproj", "{1F5D1B87-40FF-42C0-88D9-874162E5D234}"
EndProject
Global
	GlobalSection(SolutionConfigurationPlatforms) = preSolution
		Debug|Any CPU = Debug|Any CPU
		Debug|x64 = Debug|x64
		Debug|x86 = Debug|x86
		Release|Any CPU = Release|Any CPU
		Release|x64 = Release|x64
		Release|x86 = Release|x86
	EndGlobalSection
	GlobalSection(ProjectConfigurationPlatforms) = postSolution
		{70264C77-6A64-4B26-B934-01B7D032A5B3}.Debug|Any CPU.ActiveCfg = Debug|x86
		{70264C77-6A64-4B26-B934-01B7D032A5B3}.Debug|x64.ActiveCfg = Debug|x64
		{70264C77-6A64-4B26-B934-01B7D032A5B3}.Debug|x64.Build.0 = Debug|x64
		{70264C77-6A64-4B26-B934-01B7D032A5B3}.Debug|x86.ActiveCfg = Debug|x86
		{70264C77-6A64-4B26-B934-01B7D032A5B3}.Debug|x86.Build.0 = Debug|x86
		{70264C77-6A64-4B26-B934-01B7D032A5B3}.Release|Any CPU.ActiveCfg = Release|x86
		{70264C77-6A64-4B26-B934-01B7D032A5B3}.Release|x64.ActiveCfg = Release|x64
		{70264C77-6A64-4B26-B934-01B7D032A5B3}.Release|x64.Build.0 = Release|x64
		{70264C77-6A64-4B26-B934-01B7D032A5B3}.Release|x86.ActiveCfg = Release|x86
		{70264C77-6A64-4B26-B934-01B7D032A5B3}.Release|x86.Build.0 = Release|x86
		{6FCD1EF9-8936-4C8B-9F36-255CCE291CA9}.Debug|Any CPU.ActiveCfg = Debug|Any CPU
		{6FCD1EF9-8936-4C8B-9F36-255CCE291CA9}.Debug|Any CPU.Build.0 = Debug|Any CPU
		{6FCD1EF9-8936-4C8B-9F36-255CCE291CA9}.Debug|x64.ActiveCfg = Debug|x64
		{6FCD1EF9-8936-4C8B-9F36-255CCE291CA9}.Debug|x64.Build.0 = Debug|x64
		{6FCD1EF9-8936-4C8B-9F36-255CCE291CA9}.Debug|x86.ActiveCfg = Debug|x86
		{6FCD1EF9-8936-4C8B-9F36-255CCE291CA9}.Debug|x86.Build.0 = Debug|x86
		{6FCD1EF9-8936-4C8B-9F36-255CCE291CA9}.Release|Any CPU.ActiveCfg = Release|Any CPU
		{6FCD1EF9-8936-4C8B-9F36-255CCE291CA9}.Release|Any CPU.Build.0 = Release|Any CPU
		{6FCD1EF9-8936-4C8B-9F36-255CCE291CA9}.Release|x64.ActiveCfg = Release|x64
		{6FCD1EF9-8936-4C8B-9F36-255CCE291CA9}.Release|x64.Build.0 = Release|x64
		{6FCD1EF9-8936-4C8B-9F36-255CCE291CA9}.Release|x86.ActiveCfg = Release|x86
		{6FCD1EF9-8936-4C8B-9F36-255CCE291CA9}.Release|x86.Build.0 = Release|x86
		{1F5D1B87-40FF-42C0-88D9-874162E5D234}.Debug|Any CPU.ActiveCfg = Debug|Any CPU
		{1F5D1B87-40FF-42C0-88D9-874162E5D234}.Debug|Any CPU.Build.0 = Debug|Any CPU
		{1F5D1B87-40FF-42C0-88D9-874162E5D234}.Debug|x64.ActiveCfg = Debug|x64
		{1F5D1B87-40FF-42C0-88D9-874162E5D234}.Debug|x64.Build.0 = Debug|x64
		{1F5D1B87-40FF-42C0-88D9-874162E5D234}.Debug|x86.ActiveCfg = Debug|x86
		{1F5D1B87-40FF-42C0-88D9-874162E5D234}.Debug|x86.Build.0 = Debug|x86
		{1F5D1B87-40FF-42C0-88D9-874162E5D234}.Release|Any CPU.ActiveCfg = Release|Any CPU
		{1F5D1B87-40FF-42C0-88D9-874162E5D234}.Release|Any CPU.Build.0 = Release|Any CPU
		{1F5D1B87-40FF-42C0-88D9-874162E5D234}.Release|x64.ActiveCfg = Release|x64
		{1F5D1B87-40FF-42C0-88D9-874162E5D234}.Release|x64.Build.0 = Release|x64
		{1F5D1B87-40FF-42C0-88D9-874162E5D234}.Release|x86.ActiveCfg = Release|x86
		{1F5D1B87-40FF-42C0-88D9-874162E5D234}.Release|x86.Build.0 = Release|x86
	EndGlobalSection
	GlobalSection(SolutionProperties) = preSolution
		HideSolutionNode = FALSE
	EndGlobalSection
	GlobalSection(ExtensibilityGlobals) = postSolution
		SolutionGuid = {04D31A77-9F6F-4B81-879F-FFDBAB1729AA}
	EndGlobalSection
EndGlobal
