
Microsoft Visual Studio Solution File, Format Version 12.00
# Visual Studio 15
VisualStudioVersion = 15.0.28307.1022
MinimumVisualStudioVersion = 10.0.40219.1
Project("{FAE04EC0-301F-11D3-BF4B-00C04F79EFBC}") = "KayMcCormick.Dev", "KayMcCormick.Dev\KayMcCormick.Dev.csproj", "{6FCD1EF9-8936-4C8B-9F36-255CCE291CA9}"
EndProject
Project("{2150E333-8FDC-42A3-9474-1A3956D46DE8}") = "Desktop", "Desktop", "{18C721D5-8339-4A66-8A6F-2B974ACD9598}"
EndProject
Project("{2150E333-8FDC-42A3-9474-1A3956D46DE8}") = "Analysis", "Analysis", "{99D68A6A-FD3D-4AAB-A02C-4307A6851F17}"
EndProject
Project("{2150E333-8FDC-42A3-9474-1A3956D46DE8}") = "Tests", "Tests", "{DBDC2DF6-0316-4E7D-A6D4-B09CA321CAB7}"
EndProject
Project("{FAE04EC0-301F-11D3-BF4B-00C04F79EFBC}") = "ProjInterface", "Desktop\Analysis\ProjInterface\ProjInterface.csproj", "{4451AD21-AD52-49F1-874B-0BBAB2D4DF95}"
EndProject
Project("{FAE04EC0-301F-11D3-BF4B-00C04F79EFBC}") = "ProjLib", "Desktop\Analysis\ProjLib\ProjLib.csproj", "{558E1C70-3D0F-4124-B115-91C35FE19379}"
EndProject
Project("{2150E333-8FDC-42A3-9474-1A3956D46DE8}") = "ClassLib", "ClassLib", "{AD12953D-9230-4ADC-A115-596FBFAADBE7}"
EndProject
Project("{2150E333-8FDC-42A3-9474-1A3956D46DE8}") = "Apps", "Apps", "{627C754E-CB96-49CC-BC0E-9EEDF9C5385B}"
EndProject
Project("{FAE04EC0-301F-11D3-BF4B-00C04F79EFBC}") = "KayMcCormick.Lib.Wpf", "Desktop\Wpf\KayMcCormick.Lib.Wpf.csproj", "{3434E74C-D7B5-4315-A8E1-51DBCE878199}"
EndProject
Project("{2150E333-8FDC-42A3-9474-1A3956D46DE8}") = "Wpf", "Wpf", "{F17432BC-45DF-4048-864F-F642879C34A0}"
EndProject
Project("{2150E333-8FDC-42A3-9474-1A3956D46DE8}") = "Services", "Services", "{6EE92035-958C-468C-A823-6B780535207D}"
EndProject
Project("{FAE04EC0-301F-11D3-BF4B-00C04F79EFBC}") = "ProjTests", "ProjTests\ProjTests.csproj", "{6D7202D1-954A-4431-B733-6B47F17B2A02}"
EndProject
Project("{FAE04EC0-301F-11D3-BF4B-00C04F79EFBC}") = "ClassLibTests", "Tests\ClassLibTests\ClassLibTests.csproj", "{94530180-751F-4A72-A747-637D066EF5A9}"
EndProject
Project("{FAE04EC0-301F-11D3-BF4B-00C04F79EFBC}") = "ConfigTest", "ConfigTest\ConfigTest.csproj", "{A688C320-781A-4453-B86B-324785618DD8}"
EndProject
Project("{FAE04EC0-301F-11D3-BF4B-00C04F79EFBC}") = "ConsoleApp1", "Desktop\Analysis\Analyze\ConsoleApp1\ConsoleApp1.csproj", "{FAD293B8-C008-4243-88FC-A3A8A01DB52D}"
EndProject
Project("{FAE04EC0-301F-11D3-BF4B-00C04F79EFBC}") = "AnalysisControls", "Desktop\Analysis\AnalysisControls\AnalysisControls.csproj", "{BCF8F7FB-8C2A-4583-8F62-EADEE645243C}"
EndProject
Project("{FAE04EC0-301F-11D3-BF4B-00C04F79EFBC}") = "AnalysisServiceLibrary", "AnalysisServiceLibrary\AnalysisServiceLibrary.csproj", "{1F5D1B87-40FF-42C0-88D9-874162E5D234}"
EndProject
Project("{930C7802-8A8C-48F9-8165-68863BCCD9DD}") = "Kay McCormick Deployment", "Kay McCormick Deployment\Kay McCormick Deployment.wixproj", "{44E3B99F-9DA6-419E-B9BC-ED0FEB5A177C}"
EndProject
Project("{FAE04EC0-301F-11D3-BF4B-00C04F79EFBC}") = "LeafService", "Services\LeafService\LeafService.csproj", "{0F1983A4-F3A8-4340-8F91-1FEA45B798FB}"
EndProject
Project("{2150E333-8FDC-42A3-9474-1A3956D46DE8}") = "Solution Items", "Solution Items", "{FA3D5A54-4541-41D3-9EA6-490FC560B494}"
	ProjectSection(SolutionItems) = preProject
		.editorconfig = .editorconfig
	EndProjectSection
EndProject
Project("{FAE04EC0-301F-11D3-BF4B-00C04F79EFBC}") = "AddInService1V1", "Services\AddInService1V1\AddInService1V1.csproj", "{342CB2B6-1F8C-4A1A-9415-6FCE35B0E54A}"
EndProject
Project("{FAE04EC0-301F-11D3-BF4B-00C04F79EFBC}") = "Leaf1AddInSideAdapter", "Services\Leaf1AddInSideAdapter\Leaf1AddInSideAdapter.csproj", "{2A64540F-EA06-4DEC-9597-BEB1095DEF5F}"
EndProject
Project("{FAE04EC0-301F-11D3-BF4B-00C04F79EFBC}") = "Leaf1Contract", "Services\Leaf1Contract\Leaf1Contract.csproj", "{E631F2A3-FE02-451A-A298-B72EA0935329}"
EndProject
Project("{FAE04EC0-301F-11D3-BF4B-00C04F79EFBC}") = "Leaf1HVA", "Services\LeafHVA1\Leaf1HVA.csproj", "{B57CF9DF-0446-40A7-AABA-1140FD3B5C79}"
EndProject
Project("{FAE04EC0-301F-11D3-BF4B-00C04F79EFBC}") = "Service1AddInView", "Services\ServiceAddIn1\Service1AddInView.csproj", "{F2F394BF-088C-4ED4-8610-C96ABA021DD1}"
EndProject
Project("{2150E333-8FDC-42A3-9474-1A3956D46DE8}") = "Add in", "Add in", "{D3C62A68-4047-4B0A-BEDF-AB0096A880B6}"
EndProject
Project("{FAE04EC0-301F-11D3-BF4B-00C04F79EFBC}") = "Leaf1HostSideAdapter", "Services\Leaf1HostSideAdapter\Leaf1HostSideAdapter.csproj", "{04F7D174-201A-40B9-BA19-204499F38091}"
EndProject
Project("{FAE04EC0-301F-11D3-BF4B-00C04F79EFBC}") = "AnalysisAppLib", "Desktop\Analysis\AnalysisAppLib\AnalysisAppLib.csproj", "{0381D4D0-945E-4340-B974-9D07B2830D4F}"
EndProject
Project("{FAE04EC0-301F-11D3-BF4B-00C04F79EFBC}") = "Explorer", "..\WpfExplorer\Explorer\Explorer.csproj", "{03FB5D97-71E4-4304-B52F-6836605398B5}"
EndProject
Project("{FAE04EC0-301F-11D3-BF4B-00C04F79EFBC}") = "ModelTests", "Tests\ModelTests\ModelTests.csproj", "{B0165914-17FA-4C02-BFD1-BF2F6C664152}"
EndProject
Global
	GlobalSection(SolutionConfigurationPlatforms) = preSolution
		Debug|x64 = Debug|x64
		Debug|x86 = Debug|x86
		Release|x64 = Release|x64
		Release|x86 = Release|x86
	EndGlobalSection
	GlobalSection(ProjectConfigurationPlatforms) = postSolution
		{6FCD1EF9-8936-4C8B-9F36-255CCE291CA9}.Debug|x64.ActiveCfg = Debug|x64
		{6FCD1EF9-8936-4C8B-9F36-255CCE291CA9}.Debug|x64.Build.0 = Debug|x64
		{6FCD1EF9-8936-4C8B-9F36-255CCE291CA9}.Debug|x86.ActiveCfg = Debug|x86
		{6FCD1EF9-8936-4C8B-9F36-255CCE291CA9}.Debug|x86.Build.0 = Debug|x86
		{6FCD1EF9-8936-4C8B-9F36-255CCE291CA9}.Release|x64.ActiveCfg = Release|x64
		{6FCD1EF9-8936-4C8B-9F36-255CCE291CA9}.Release|x64.Build.0 = Release|x64
		{6FCD1EF9-8936-4C8B-9F36-255CCE291CA9}.Release|x86.ActiveCfg = Release|x86
		{6FCD1EF9-8936-4C8B-9F36-255CCE291CA9}.Release|x86.Build.0 = Release|x86
		{4451AD21-AD52-49F1-874B-0BBAB2D4DF95}.Debug|x64.ActiveCfg = Debug|x64
		{4451AD21-AD52-49F1-874B-0BBAB2D4DF95}.Debug|x64.Build.0 = Debug|x64
		{4451AD21-AD52-49F1-874B-0BBAB2D4DF95}.Debug|x86.ActiveCfg = Debug|x86
		{4451AD21-AD52-49F1-874B-0BBAB2D4DF95}.Debug|x86.Build.0 = Debug|x86
		{4451AD21-AD52-49F1-874B-0BBAB2D4DF95}.Release|x64.ActiveCfg = Release|x64
		{4451AD21-AD52-49F1-874B-0BBAB2D4DF95}.Release|x64.Build.0 = Release|x64
		{4451AD21-AD52-49F1-874B-0BBAB2D4DF95}.Release|x86.ActiveCfg = Release|x86
		{4451AD21-AD52-49F1-874B-0BBAB2D4DF95}.Release|x86.Build.0 = Release|x86
		{558E1C70-3D0F-4124-B115-91C35FE19379}.Debug|x64.ActiveCfg = Debug|x64
		{558E1C70-3D0F-4124-B115-91C35FE19379}.Debug|x64.Build.0 = Debug|x64
		{558E1C70-3D0F-4124-B115-91C35FE19379}.Debug|x86.ActiveCfg = Debug|x86
		{558E1C70-3D0F-4124-B115-91C35FE19379}.Debug|x86.Build.0 = Debug|x86
		{558E1C70-3D0F-4124-B115-91C35FE19379}.Release|x64.ActiveCfg = Release|x64
		{558E1C70-3D0F-4124-B115-91C35FE19379}.Release|x64.Build.0 = Release|x64
		{558E1C70-3D0F-4124-B115-91C35FE19379}.Release|x86.ActiveCfg = Release|x86
		{558E1C70-3D0F-4124-B115-91C35FE19379}.Release|x86.Build.0 = Release|x86
		{3434E74C-D7B5-4315-A8E1-51DBCE878199}.Debug|x64.ActiveCfg = Debug|x64
		{3434E74C-D7B5-4315-A8E1-51DBCE878199}.Debug|x64.Build.0 = Debug|x64
		{3434E74C-D7B5-4315-A8E1-51DBCE878199}.Debug|x86.ActiveCfg = Debug|x86
		{3434E74C-D7B5-4315-A8E1-51DBCE878199}.Debug|x86.Build.0 = Debug|x86
		{3434E74C-D7B5-4315-A8E1-51DBCE878199}.Release|x64.ActiveCfg = Release|x64
		{3434E74C-D7B5-4315-A8E1-51DBCE878199}.Release|x64.Build.0 = Release|x64
		{3434E74C-D7B5-4315-A8E1-51DBCE878199}.Release|x86.ActiveCfg = Release|x86
		{3434E74C-D7B5-4315-A8E1-51DBCE878199}.Release|x86.Build.0 = Release|x86
		{6D7202D1-954A-4431-B733-6B47F17B2A02}.Debug|x64.ActiveCfg = Debug|x64
		{6D7202D1-954A-4431-B733-6B47F17B2A02}.Debug|x64.Build.0 = Debug|x64
		{6D7202D1-954A-4431-B733-6B47F17B2A02}.Debug|x86.ActiveCfg = Debug|x86
		{6D7202D1-954A-4431-B733-6B47F17B2A02}.Debug|x86.Build.0 = Debug|x86
		{6D7202D1-954A-4431-B733-6B47F17B2A02}.Release|x64.ActiveCfg = Release|x64
		{6D7202D1-954A-4431-B733-6B47F17B2A02}.Release|x64.Build.0 = Release|x64
		{6D7202D1-954A-4431-B733-6B47F17B2A02}.Release|x86.ActiveCfg = Release|x86
		{6D7202D1-954A-4431-B733-6B47F17B2A02}.Release|x86.Build.0 = Release|x86
		{94530180-751F-4A72-A747-637D066EF5A9}.Debug|x64.ActiveCfg = Debug|x64
		{94530180-751F-4A72-A747-637D066EF5A9}.Debug|x64.Build.0 = Debug|x64
		{94530180-751F-4A72-A747-637D066EF5A9}.Debug|x86.ActiveCfg = Debug|x86
		{94530180-751F-4A72-A747-637D066EF5A9}.Debug|x86.Build.0 = Debug|x86
		{94530180-751F-4A72-A747-637D066EF5A9}.Release|x64.ActiveCfg = Release|x64
		{94530180-751F-4A72-A747-637D066EF5A9}.Release|x64.Build.0 = Release|x64
		{94530180-751F-4A72-A747-637D066EF5A9}.Release|x86.ActiveCfg = Release|x86
		{94530180-751F-4A72-A747-637D066EF5A9}.Release|x86.Build.0 = Release|x86
		{A688C320-781A-4453-B86B-324785618DD8}.Debug|x64.ActiveCfg = Debug|x64
		{A688C320-781A-4453-B86B-324785618DD8}.Debug|x64.Build.0 = Debug|x64
		{A688C320-781A-4453-B86B-324785618DD8}.Debug|x86.ActiveCfg = Debug|x86
		{A688C320-781A-4453-B86B-324785618DD8}.Debug|x86.Build.0 = Debug|x86
		{A688C320-781A-4453-B86B-324785618DD8}.Release|x64.ActiveCfg = Release|x64
		{A688C320-781A-4453-B86B-324785618DD8}.Release|x64.Build.0 = Release|x64
		{A688C320-781A-4453-B86B-324785618DD8}.Release|x86.ActiveCfg = Release|x86
		{A688C320-781A-4453-B86B-324785618DD8}.Release|x86.Build.0 = Release|x86
		{FAD293B8-C008-4243-88FC-A3A8A01DB52D}.Debug|x64.ActiveCfg = Debug|x64
		{FAD293B8-C008-4243-88FC-A3A8A01DB52D}.Debug|x64.Build.0 = Debug|x64
		{FAD293B8-C008-4243-88FC-A3A8A01DB52D}.Debug|x86.ActiveCfg = Debug|x86
		{FAD293B8-C008-4243-88FC-A3A8A01DB52D}.Debug|x86.Build.0 = Debug|x86
		{FAD293B8-C008-4243-88FC-A3A8A01DB52D}.Release|x64.ActiveCfg = Release|x64
		{FAD293B8-C008-4243-88FC-A3A8A01DB52D}.Release|x64.Build.0 = Release|x64
		{FAD293B8-C008-4243-88FC-A3A8A01DB52D}.Release|x86.ActiveCfg = Release|x86
		{FAD293B8-C008-4243-88FC-A3A8A01DB52D}.Release|x86.Build.0 = Release|x86
		{BCF8F7FB-8C2A-4583-8F62-EADEE645243C}.Debug|x64.ActiveCfg = Debug|x64
		{BCF8F7FB-8C2A-4583-8F62-EADEE645243C}.Debug|x64.Build.0 = Debug|x64
		{BCF8F7FB-8C2A-4583-8F62-EADEE645243C}.Debug|x86.ActiveCfg = Debug|x86
		{BCF8F7FB-8C2A-4583-8F62-EADEE645243C}.Debug|x86.Build.0 = Debug|x86
		{BCF8F7FB-8C2A-4583-8F62-EADEE645243C}.Release|x64.ActiveCfg = Release|x64
		{BCF8F7FB-8C2A-4583-8F62-EADEE645243C}.Release|x64.Build.0 = Release|x64
		{BCF8F7FB-8C2A-4583-8F62-EADEE645243C}.Release|x86.ActiveCfg = Release|x86
		{BCF8F7FB-8C2A-4583-8F62-EADEE645243C}.Release|x86.Build.0 = Release|x86
		{1F5D1B87-40FF-42C0-88D9-874162E5D234}.Debug|x64.ActiveCfg = Debug|x64
		{1F5D1B87-40FF-42C0-88D9-874162E5D234}.Debug|x64.Build.0 = Debug|x64
		{1F5D1B87-40FF-42C0-88D9-874162E5D234}.Debug|x86.ActiveCfg = Debug|x64
		{1F5D1B87-40FF-42C0-88D9-874162E5D234}.Debug|x86.Build.0 = Debug|x64
		{1F5D1B87-40FF-42C0-88D9-874162E5D234}.Release|x64.ActiveCfg = Release|x64
		{1F5D1B87-40FF-42C0-88D9-874162E5D234}.Release|x64.Build.0 = Release|x64
		{1F5D1B87-40FF-42C0-88D9-874162E5D234}.Release|x86.ActiveCfg = Release|x64
		{1F5D1B87-40FF-42C0-88D9-874162E5D234}.Release|x86.Build.0 = Release|x64
		{44E3B99F-9DA6-419E-B9BC-ED0FEB5A177C}.Debug|x64.ActiveCfg = Debug|x86
		{44E3B99F-9DA6-419E-B9BC-ED0FEB5A177C}.Debug|x64.Build.0 = Debug|x86
		{44E3B99F-9DA6-419E-B9BC-ED0FEB5A177C}.Debug|x86.ActiveCfg = Debug|x86
		{44E3B99F-9DA6-419E-B9BC-ED0FEB5A177C}.Debug|x86.Build.0 = Debug|x86
		{44E3B99F-9DA6-419E-B9BC-ED0FEB5A177C}.Release|x64.ActiveCfg = Release|x86
		{44E3B99F-9DA6-419E-B9BC-ED0FEB5A177C}.Release|x64.Build.0 = Release|x86
		{44E3B99F-9DA6-419E-B9BC-ED0FEB5A177C}.Release|x86.ActiveCfg = Release|x86
		{44E3B99F-9DA6-419E-B9BC-ED0FEB5A177C}.Release|x86.Build.0 = Release|x86
		{0F1983A4-F3A8-4340-8F91-1FEA45B798FB}.Debug|x64.ActiveCfg = Debug|x64
		{0F1983A4-F3A8-4340-8F91-1FEA45B798FB}.Debug|x64.Build.0 = Debug|x64
		{0F1983A4-F3A8-4340-8F91-1FEA45B798FB}.Debug|x86.ActiveCfg = Debug|x86
		{0F1983A4-F3A8-4340-8F91-1FEA45B798FB}.Debug|x86.Build.0 = Debug|x86
		{0F1983A4-F3A8-4340-8F91-1FEA45B798FB}.Release|x64.ActiveCfg = Release|x64
		{0F1983A4-F3A8-4340-8F91-1FEA45B798FB}.Release|x64.Build.0 = Release|x64
		{0F1983A4-F3A8-4340-8F91-1FEA45B798FB}.Release|x86.ActiveCfg = Release|x86
		{0F1983A4-F3A8-4340-8F91-1FEA45B798FB}.Release|x86.Build.0 = Release|x86
		{342CB2B6-1F8C-4A1A-9415-6FCE35B0E54A}.Debug|x64.ActiveCfg = Debug|x64
		{342CB2B6-1F8C-4A1A-9415-6FCE35B0E54A}.Debug|x64.Build.0 = Debug|x64
		{342CB2B6-1F8C-4A1A-9415-6FCE35B0E54A}.Debug|x86.ActiveCfg = Debug|x86
		{342CB2B6-1F8C-4A1A-9415-6FCE35B0E54A}.Debug|x86.Build.0 = Debug|x86
		{342CB2B6-1F8C-4A1A-9415-6FCE35B0E54A}.Release|x64.ActiveCfg = Release|x64
		{342CB2B6-1F8C-4A1A-9415-6FCE35B0E54A}.Release|x64.Build.0 = Release|x64
		{342CB2B6-1F8C-4A1A-9415-6FCE35B0E54A}.Release|x86.ActiveCfg = Release|x86
		{342CB2B6-1F8C-4A1A-9415-6FCE35B0E54A}.Release|x86.Build.0 = Release|x86
		{2A64540F-EA06-4DEC-9597-BEB1095DEF5F}.Debug|x64.ActiveCfg = Debug|x64
		{2A64540F-EA06-4DEC-9597-BEB1095DEF5F}.Debug|x64.Build.0 = Debug|x64
		{2A64540F-EA06-4DEC-9597-BEB1095DEF5F}.Debug|x86.ActiveCfg = Debug|x86
		{2A64540F-EA06-4DEC-9597-BEB1095DEF5F}.Debug|x86.Build.0 = Debug|x86
		{2A64540F-EA06-4DEC-9597-BEB1095DEF5F}.Release|x64.ActiveCfg = Release|x64
		{2A64540F-EA06-4DEC-9597-BEB1095DEF5F}.Release|x64.Build.0 = Release|x64
		{2A64540F-EA06-4DEC-9597-BEB1095DEF5F}.Release|x86.ActiveCfg = Release|x86
		{2A64540F-EA06-4DEC-9597-BEB1095DEF5F}.Release|x86.Build.0 = Release|x86
		{E631F2A3-FE02-451A-A298-B72EA0935329}.Debug|x64.ActiveCfg = Debug|x64
		{E631F2A3-FE02-451A-A298-B72EA0935329}.Debug|x64.Build.0 = Debug|x64
		{E631F2A3-FE02-451A-A298-B72EA0935329}.Debug|x86.ActiveCfg = Debug|x86
		{E631F2A3-FE02-451A-A298-B72EA0935329}.Debug|x86.Build.0 = Debug|x86
		{E631F2A3-FE02-451A-A298-B72EA0935329}.Release|x64.ActiveCfg = Release|x64
		{E631F2A3-FE02-451A-A298-B72EA0935329}.Release|x64.Build.0 = Release|x64
		{E631F2A3-FE02-451A-A298-B72EA0935329}.Release|x86.ActiveCfg = Release|x86
		{E631F2A3-FE02-451A-A298-B72EA0935329}.Release|x86.Build.0 = Release|x86
		{B57CF9DF-0446-40A7-AABA-1140FD3B5C79}.Debug|x64.ActiveCfg = Debug|x64
		{B57CF9DF-0446-40A7-AABA-1140FD3B5C79}.Debug|x64.Build.0 = Debug|x64
		{B57CF9DF-0446-40A7-AABA-1140FD3B5C79}.Debug|x86.ActiveCfg = Debug|x86
		{B57CF9DF-0446-40A7-AABA-1140FD3B5C79}.Debug|x86.Build.0 = Debug|x86
		{B57CF9DF-0446-40A7-AABA-1140FD3B5C79}.Release|x64.ActiveCfg = Release|x64
		{B57CF9DF-0446-40A7-AABA-1140FD3B5C79}.Release|x64.Build.0 = Release|x64
		{B57CF9DF-0446-40A7-AABA-1140FD3B5C79}.Release|x86.ActiveCfg = Release|x86
		{B57CF9DF-0446-40A7-AABA-1140FD3B5C79}.Release|x86.Build.0 = Release|x86
		{F2F394BF-088C-4ED4-8610-C96ABA021DD1}.Debug|x64.ActiveCfg = Debug|x64
		{F2F394BF-088C-4ED4-8610-C96ABA021DD1}.Debug|x64.Build.0 = Debug|x64
		{F2F394BF-088C-4ED4-8610-C96ABA021DD1}.Debug|x86.ActiveCfg = Debug|x86
		{F2F394BF-088C-4ED4-8610-C96ABA021DD1}.Debug|x86.Build.0 = Debug|x86
		{F2F394BF-088C-4ED4-8610-C96ABA021DD1}.Release|x64.ActiveCfg = Release|x64
		{F2F394BF-088C-4ED4-8610-C96ABA021DD1}.Release|x64.Build.0 = Release|x64
		{F2F394BF-088C-4ED4-8610-C96ABA021DD1}.Release|x86.ActiveCfg = Release|x86
		{F2F394BF-088C-4ED4-8610-C96ABA021DD1}.Release|x86.Build.0 = Release|x86
		{04F7D174-201A-40B9-BA19-204499F38091}.Debug|x64.ActiveCfg = Debug|x64
		{04F7D174-201A-40B9-BA19-204499F38091}.Debug|x64.Build.0 = Debug|x64
		{04F7D174-201A-40B9-BA19-204499F38091}.Debug|x86.ActiveCfg = Debug|x86
		{04F7D174-201A-40B9-BA19-204499F38091}.Debug|x86.Build.0 = Debug|x86
		{04F7D174-201A-40B9-BA19-204499F38091}.Release|x64.ActiveCfg = Release|x64
		{04F7D174-201A-40B9-BA19-204499F38091}.Release|x64.Build.0 = Release|x64
		{04F7D174-201A-40B9-BA19-204499F38091}.Release|x86.ActiveCfg = Release|x86
		{04F7D174-201A-40B9-BA19-204499F38091}.Release|x86.Build.0 = Release|x86
		{0381D4D0-945E-4340-B974-9D07B2830D4F}.Debug|x64.ActiveCfg = Debug|x64
		{0381D4D0-945E-4340-B974-9D07B2830D4F}.Debug|x64.Build.0 = Debug|x64
		{0381D4D0-945E-4340-B974-9D07B2830D4F}.Debug|x86.ActiveCfg = Debug|x86
		{0381D4D0-945E-4340-B974-9D07B2830D4F}.Debug|x86.Build.0 = Debug|x86
		{0381D4D0-945E-4340-B974-9D07B2830D4F}.Release|x64.ActiveCfg = Release|x64
		{0381D4D0-945E-4340-B974-9D07B2830D4F}.Release|x64.Build.0 = Release|x64
		{0381D4D0-945E-4340-B974-9D07B2830D4F}.Release|x86.ActiveCfg = Release|x86
		{0381D4D0-945E-4340-B974-9D07B2830D4F}.Release|x86.Build.0 = Release|x86
		{03FB5D97-71E4-4304-B52F-6836605398B5}.Debug|x64.ActiveCfg = Debug|x64
		{03FB5D97-71E4-4304-B52F-6836605398B5}.Debug|x64.Build.0 = Debug|x64
		{03FB5D97-71E4-4304-B52F-6836605398B5}.Debug|x86.ActiveCfg = Debug|x86
		{03FB5D97-71E4-4304-B52F-6836605398B5}.Debug|x86.Build.0 = Debug|x86
		{03FB5D97-71E4-4304-B52F-6836605398B5}.Release|x64.ActiveCfg = Release|x64
		{03FB5D97-71E4-4304-B52F-6836605398B5}.Release|x64.Build.0 = Release|x64
		{03FB5D97-71E4-4304-B52F-6836605398B5}.Release|x86.ActiveCfg = Release|x86
		{03FB5D97-71E4-4304-B52F-6836605398B5}.Release|x86.Build.0 = Release|x86
		{B0165914-17FA-4C02-BFD1-BF2F6C664152}.Debug|x64.ActiveCfg = Debug|x64
		{B0165914-17FA-4C02-BFD1-BF2F6C664152}.Debug|x64.Build.0 = Debug|x64
		{B0165914-17FA-4C02-BFD1-BF2F6C664152}.Debug|x86.ActiveCfg = Debug|x86
		{B0165914-17FA-4C02-BFD1-BF2F6C664152}.Debug|x86.Build.0 = Debug|x86
		{B0165914-17FA-4C02-BFD1-BF2F6C664152}.Release|x64.ActiveCfg = Release|x64
		{B0165914-17FA-4C02-BFD1-BF2F6C664152}.Release|x64.Build.0 = Release|x64
		{B0165914-17FA-4C02-BFD1-BF2F6C664152}.Release|x86.ActiveCfg = Release|x86
		{B0165914-17FA-4C02-BFD1-BF2F6C664152}.Release|x86.Build.0 = Release|x86
	EndGlobalSection
	GlobalSection(SolutionProperties) = preSolution
		HideSolutionNode = FALSE
	EndGlobalSection
	GlobalSection(NestedProjects) = preSolution
		{6FCD1EF9-8936-4C8B-9F36-255CCE291CA9} = {AD12953D-9230-4ADC-A115-596FBFAADBE7}
		{99D68A6A-FD3D-4AAB-A02C-4307A6851F17} = {18C721D5-8339-4A66-8A6F-2B974ACD9598}
		{DBDC2DF6-0316-4E7D-A6D4-B09CA321CAB7} = {18C721D5-8339-4A66-8A6F-2B974ACD9598}
		{4451AD21-AD52-49F1-874B-0BBAB2D4DF95} = {99D68A6A-FD3D-4AAB-A02C-4307A6851F17}
		{558E1C70-3D0F-4124-B115-91C35FE19379} = {99D68A6A-FD3D-4AAB-A02C-4307A6851F17}
		{627C754E-CB96-49CC-BC0E-9EEDF9C5385B} = {18C721D5-8339-4A66-8A6F-2B974ACD9598}
		{3434E74C-D7B5-4315-A8E1-51DBCE878199} = {F17432BC-45DF-4048-864F-F642879C34A0}
		{F17432BC-45DF-4048-864F-F642879C34A0} = {18C721D5-8339-4A66-8A6F-2B974ACD9598}
		{6D7202D1-954A-4431-B733-6B47F17B2A02} = {DBDC2DF6-0316-4E7D-A6D4-B09CA321CAB7}
		{94530180-751F-4A72-A747-637D066EF5A9} = {DBDC2DF6-0316-4E7D-A6D4-B09CA321CAB7}
		{A688C320-781A-4453-B86B-324785618DD8} = {18C721D5-8339-4A66-8A6F-2B974ACD9598}
		{FAD293B8-C008-4243-88FC-A3A8A01DB52D} = {99D68A6A-FD3D-4AAB-A02C-4307A6851F17}
		{BCF8F7FB-8C2A-4583-8F62-EADEE645243C} = {99D68A6A-FD3D-4AAB-A02C-4307A6851F17}
		{0F1983A4-F3A8-4340-8F91-1FEA45B798FB} = {6EE92035-958C-468C-A823-6B780535207D}
		{342CB2B6-1F8C-4A1A-9415-6FCE35B0E54A} = {6EE92035-958C-468C-A823-6B780535207D}
		{2A64540F-EA06-4DEC-9597-BEB1095DEF5F} = {6EE92035-958C-468C-A823-6B780535207D}
		{E631F2A3-FE02-451A-A298-B72EA0935329} = {6EE92035-958C-468C-A823-6B780535207D}
		{B57CF9DF-0446-40A7-AABA-1140FD3B5C79} = {6EE92035-958C-468C-A823-6B780535207D}
		{F2F394BF-088C-4ED4-8610-C96ABA021DD1} = {6EE92035-958C-468C-A823-6B780535207D}
		{D3C62A68-4047-4B0A-BEDF-AB0096A880B6} = {6EE92035-958C-468C-A823-6B780535207D}
		{04F7D174-201A-40B9-BA19-204499F38091} = {6EE92035-958C-468C-A823-6B780535207D}
	EndGlobalSection
	GlobalSection(ExtensibilityGlobals) = postSolution
		SolutionGuid = {4E0A2F67-7D8F-4910-BFB7-8AE9E0B25204}
	EndGlobalSection
EndGlobal
