
Microsoft Visual Studio Solution File, Format Version 12.00
# Visual Studio 15
VisualStudioVersion = 15.0.28307.1022
MinimumVisualStudioVersion = 10.0.40219.1
Project("{FAE04EC0-301F-11D3-BF4B-00C04F79EFBC}") = "KayMcCormick.Dev", "KayMcCormick.Dev\KayMcCormick.Dev.csproj", "{6FCD1EF9-8936-4C8B-9F36-255CCE291CA9}"
EndProject
Project("{FAE04EC0-301F-11D3-BF4B-00C04F79EFBC}") = "WpfApp", "Desktop\WpfApp\WpfApp.csproj", "{74792445-F224-4C75-B204-094FF689D950}"
EndProject
Project("{2150E333-8FDC-42A3-9474-1A3956D46DE8}") = "Desktop", "Desktop", "{18C721D5-8339-4A66-8A6F-2B974ACD9598}"
EndProject
Project("{2150E333-8FDC-42A3-9474-1A3956D46DE8}") = "Analysis", "Analysis", "{99D68A6A-FD3D-4AAB-A02C-4307A6851F17}"
EndProject
Project("{2150E333-8FDC-42A3-9474-1A3956D46DE8}") = "Tests", "Tests", "{DBDC2DF6-0316-4E7D-A6D4-B09CA321CAB7}"
EndProject
Project("{FAE04EC0-301F-11D3-BF4B-00C04F79EFBC}") = "ProjInterface", "Desktop\Analysis\ProjInterface\ProjInterface.csproj", "{4451AD21-AD52-49F1-874B-0BBAB2D4DF95}"
EndProject
Project("{FAE04EC0-301F-11D3-BF4B-00C04F79EFBC}") = "ProjLib", "Desktop\Analysis\ProjLib\ProjLib.csproj", "{558E1C70-3D0F-4124-B115-91C35FE19379}"
EndProject
Project("{8BC9CEB8-8B4A-11D0-8D11-00A0C91BC942}") = "StaticLib1", "Desktop\StaticLib1\StaticLib1.vcxproj", "{694E1F18-C1BE-4741-870C-86645033BBC9}"
EndProject
Project("{2150E333-8FDC-42A3-9474-1A3956D46DE8}") = "Native", "Native", "{01EF580E-0E69-4C67-8BE1-904D34CBE92A}"
EndProject
Project("{2150E333-8FDC-42A3-9474-1A3956D46DE8}") = "ClassLib", "ClassLib", "{AD12953D-9230-4ADC-A115-596FBFAADBE7}"
EndProject
Project("{2150E333-8FDC-42A3-9474-1A3956D46DE8}") = "Apps", "Apps", "{627C754E-CB96-49CC-BC0E-9EEDF9C5385B}"
EndProject
Project("{FAE04EC0-301F-11D3-BF4B-00C04F79EFBC}") = "WpfApp2", "Desktop\WpfApp2\WpfApp2.csproj", "{FC03E7AD-F794-49EE-9803-61A7423BCEF7}"
EndProject
Project("{FAE04EC0-301F-11D3-BF4B-00C04F79EFBC}") = "KayMcCormick.Lib.Wpf", "Desktop\Wpf\KayMcCormick.Lib.Wpf.csproj", "{3434E74C-D7B5-4315-A8E1-51DBCE878199}"
EndProject
Project("{2150E333-8FDC-42A3-9474-1A3956D46DE8}") = "Services", "Services", "{6EE92035-958C-468C-A823-6B780535207D}"
EndProject
Project("{FAE04EC0-301F-11D3-BF4B-00C04F79EFBC}") = "ProjTests", "ProjTests\ProjTests.csproj", "{6D7202D1-954A-4431-B733-6B47F17B2A02}"
EndProject
Project("{FAE04EC0-301F-11D3-BF4B-00C04F79EFBC}") = "ConfigTest", "ConfigTest\ConfigTest.csproj", "{A688C320-781A-4453-B86B-324785618DD8}"
EndProject
Project("{FAE04EC0-301F-11D3-BF4B-00C04F79EFBC}") = "ConsoleApp1", "Desktop\Analysis\Analyze\ConsoleApp1\ConsoleApp1.csproj", "{FAD293B8-C008-4243-88FC-A3A8A01DB52D}"
EndProject
Project("{FAE04EC0-301F-11D3-BF4B-00C04F79EFBC}") = "AnalysisFramework", "Desktop\Analysis\AnalysisFramework\AnalysisFramework.csproj", "{4B41601C-F950-4E9D-9B9F-FF0920B96AAB}"
EndProject
Project("{FAE04EC0-301F-11D3-BF4B-00C04F79EFBC}") = "AnalysisControls", "Desktop\Analysis\AnalysisControls\AnalysisControls.csproj", "{BCF8F7FB-8C2A-4583-8F62-EADEE645243C}"
EndProject
Project("{FAE04EC0-301F-11D3-BF4B-00C04F79EFBC}") = "AnalysisServiceLibrary", "AnalysisServiceLibrary\AnalysisServiceLibrary.csproj", "{1F5D1B87-40FF-42C0-88D9-874162E5D234}"
EndProject
Project("{FAE04EC0-301F-11D3-BF4B-00C04F79EFBC}") = "LeafService", "Services\LeafService\LeafService.csproj", "{0F1983A4-F3A8-4340-8F91-1FEA45B798FB}"
EndProject
Project("{2150E333-8FDC-42A3-9474-1A3956D46DE8}") = "Solution Items", "Solution Items", "{7B99D87D-95C8-4A9B-8CBD-6494E55E77BF}"
	ProjectSection(SolutionItems) = preProject
		CodeMap1.dgml = CodeMap1.dgml
		CodeMap2.dgml = CodeMap2.dgml
		CodeMap2_1.dgml = CodeMap2_1.dgml
		CodeMap2_1_1.dgml = CodeMap2_1_1.dgml
		CodeMap2_1_1_1.dgml = CodeMap2_1_1_1.dgml
		CodeMap2_1_1_2.dgml = CodeMap2_1_1_2.dgml
		CodeMap3.-2dgml.dgml = CodeMap3.-2dgml.dgml
		CodeMap3.dgml = CodeMap3.dgml
		CodeMap4.dgml = CodeMap4.dgml
	EndProjectSection
EndProject
Project("{FAE04EC0-301F-11D3-BF4B-00C04F79EFBC}") = "AddInService1V1", "Services\AddInService1V1\AddInService1V1.csproj", "{342CB2B6-1F8C-4A1A-9415-6FCE35B0E54A}"
EndProject
Project("{FAE04EC0-301F-11D3-BF4B-00C04F79EFBC}") = "Leaf1AddInSideAdapter", "Services\Leaf1AddInSideAdapter\Leaf1AddInSideAdapter.csproj", "{2A64540F-EA06-4DEC-9597-BEB1095DEF5F}"
EndProject
Project("{FAE04EC0-301F-11D3-BF4B-00C04F79EFBC}") = "Leaf1Contract", "Services\Leaf1Contract\Leaf1Contract.csproj", "{E631F2A3-FE02-451A-A298-B72EA0935329}"
EndProject
Project("{FAE04EC0-301F-11D3-BF4B-00C04F79EFBC}") = "Leaf1HostSideAdapter", "Services\Leaf1HostSideAdapter\Leaf1HostSideAdapter.csproj", "{04F7D174-201A-40B9-BA19-204499F38091}"
EndProject
Project("{FAE04EC0-301F-11D3-BF4B-00C04F79EFBC}") = "Leaf1HVA", "Services\LeafHVA1\Leaf1HVA.csproj", "{B57CF9DF-0446-40A7-AABA-1140FD3B5C79}"
EndProject
Project("{FAE04EC0-301F-11D3-BF4B-00C04F79EFBC}") = "Service1AddInView", "Services\ServiceAddIn1\Service1AddInView.csproj", "{F2F394BF-088C-4ED4-8610-C96ABA021DD1}"
EndProject
Project("{FAE04EC0-301F-11D3-BF4B-00C04F79EFBC}") = "Explorer", "..\WpfExplorer\Explorer\Explorer.csproj", "{03FB5D97-71E4-4304-B52F-6836605398B5}"
EndProject
Project("{FAE04EC0-301F-11D3-BF4B-00C04F79EFBC}") = "WpfTestApp", "Desktop\WpfTestApp\WpfTestApp.csproj", "{6F98AED1-5215-4347-B8AF-F66504B2941E}"
	ProjectSection(ProjectDependencies) = postProject
		{6D7202D1-954A-4431-B733-6B47F17B2A02} = {6D7202D1-954A-4431-B733-6B47F17B2A02}
	EndProjectSection
EndProject
Project("{8BC9CEB8-8B4A-11D0-8D11-00A0C91BC942}") = "CompatLib1", "CompatLib1\CompatLib1.vcxproj", "{CCF11A7F-1157-4FF7-BD00-DE4307D95F04}"
EndProject
Project("{8BC9CEB8-8B4A-11D0-8D11-00A0C91BC942}") = "Dll1", "Dll1\Dll1.vcxproj", "{49A91B40-AA68-43E0-AA17-B26DA7430489}"
EndProject
Project("{9A19103F-16F7-4668-BE54-9A1E7A4F7556}") = "Xunit.StaFact", "..\..\..\Xunit.StaFact\src\Xunit.StaFact\Xunit.StaFact.csproj", "{69DD4D0A-FFB3-4C18-AA98-4DD13A65E2C8}"
EndProject
Project("{FAE04EC0-301F-11D3-BF4B-00C04F79EFBC}") = "ModelTests", "ModelTests\ModelTests.csproj", "{B0165914-17FA-4C02-BFD1-BF2F6C664152}"
EndProject
Project("{FAE04EC0-301F-11D3-BF4B-00C04F79EFBC}") = "AnalysisAppLib", "Desktop\Analysis\AnalysisAppLib\AnalysisAppLib.csproj", "{0381D4D0-945E-4340-B974-9D07B2830D4F}"
EndProject
Global
	GlobalSection(SolutionConfigurationPlatforms) = preSolution
		Debug|Any CPU = Debug|Any CPU
		Debug|x64 = Debug|x64
		Debug|x86 = Debug|x86
		Release|Any CPU = Release|Any CPU
		Release|x64 = Release|x64
		Release|x86 = Release|x86
	EndGlobalSection
	GlobalSection(ProjectConfigurationPlatforms) = postSolution
		{6FCD1EF9-8936-4C8B-9F36-255CCE291CA9}.Debug|Any CPU.ActiveCfg = Debug|Any CPU
		{6FCD1EF9-8936-4C8B-9F36-255CCE291CA9}.Debug|Any CPU.Build.0 = Debug|Any CPU
		{6FCD1EF9-8936-4C8B-9F36-255CCE291CA9}.Debug|x64.ActiveCfg = Debug|x64
		{6FCD1EF9-8936-4C8B-9F36-255CCE291CA9}.Debug|x64.Build.0 = Debug|x64
		{6FCD1EF9-8936-4C8B-9F36-255CCE291CA9}.Debug|x86.ActiveCfg = Debug|x86
		{6FCD1EF9-8936-4C8B-9F36-255CCE291CA9}.Debug|x86.Build.0 = Debug|x86
		{6FCD1EF9-8936-4C8B-9F36-255CCE291CA9}.Release|Any CPU.ActiveCfg = Release|Any CPU
		{6FCD1EF9-8936-4C8B-9F36-255CCE291CA9}.Release|Any CPU.Build.0 = Release|Any CPU
		{6FCD1EF9-8936-4C8B-9F36-255CCE291CA9}.Release|x64.ActiveCfg = Release|x64
		{6FCD1EF9-8936-4C8B-9F36-255CCE291CA9}.Release|x64.Build.0 = Release|x64
		{6FCD1EF9-8936-4C8B-9F36-255CCE291CA9}.Release|x86.ActiveCfg = Release|x86
		{6FCD1EF9-8936-4C8B-9F36-255CCE291CA9}.Release|x86.Build.0 = Release|x86
		{74792445-F224-4C75-B204-094FF689D950}.Debug|Any CPU.ActiveCfg = Debug|x86
		{74792445-F224-4C75-B204-094FF689D950}.Debug|x64.ActiveCfg = Debug|x64
		{74792445-F224-4C75-B204-094FF689D950}.Debug|x64.Build.0 = Debug|x64
		{74792445-F224-4C75-B204-094FF689D950}.Debug|x86.ActiveCfg = Debug|x86
		{74792445-F224-4C75-B204-094FF689D950}.Debug|x86.Build.0 = Debug|x86
		{74792445-F224-4C75-B204-094FF689D950}.Release|Any CPU.ActiveCfg = Release|x86
		{74792445-F224-4C75-B204-094FF689D950}.Release|x64.ActiveCfg = Release|x64
		{74792445-F224-4C75-B204-094FF689D950}.Release|x64.Build.0 = Release|x64
		{74792445-F224-4C75-B204-094FF689D950}.Release|x86.ActiveCfg = Release|x86
		{74792445-F224-4C75-B204-094FF689D950}.Release|x86.Build.0 = Release|x86
		{4451AD21-AD52-49F1-874B-0BBAB2D4DF95}.Debug|Any CPU.ActiveCfg = Debug|x86
		{4451AD21-AD52-49F1-874B-0BBAB2D4DF95}.Debug|x64.ActiveCfg = Debug|x64
		{4451AD21-AD52-49F1-874B-0BBAB2D4DF95}.Debug|x64.Build.0 = Debug|x64
		{4451AD21-AD52-49F1-874B-0BBAB2D4DF95}.Debug|x86.ActiveCfg = Debug|x86
		{4451AD21-AD52-49F1-874B-0BBAB2D4DF95}.Debug|x86.Build.0 = Debug|x86
		{4451AD21-AD52-49F1-874B-0BBAB2D4DF95}.Release|Any CPU.ActiveCfg = Release|x86
		{4451AD21-AD52-49F1-874B-0BBAB2D4DF95}.Release|x64.ActiveCfg = Release|x64
		{4451AD21-AD52-49F1-874B-0BBAB2D4DF95}.Release|x64.Build.0 = Release|x64
		{4451AD21-AD52-49F1-874B-0BBAB2D4DF95}.Release|x86.ActiveCfg = Release|x86
		{4451AD21-AD52-49F1-874B-0BBAB2D4DF95}.Release|x86.Build.0 = Release|x86
		{558E1C70-3D0F-4124-B115-91C35FE19379}.Debug|Any CPU.ActiveCfg = Debug|x86
		{558E1C70-3D0F-4124-B115-91C35FE19379}.Debug|x64.ActiveCfg = Debug|x64
		{558E1C70-3D0F-4124-B115-91C35FE19379}.Debug|x64.Build.0 = Debug|x64
		{558E1C70-3D0F-4124-B115-91C35FE19379}.Debug|x86.ActiveCfg = Debug|x86
		{558E1C70-3D0F-4124-B115-91C35FE19379}.Debug|x86.Build.0 = Debug|x86
		{558E1C70-3D0F-4124-B115-91C35FE19379}.Release|Any CPU.ActiveCfg = Release|x86
		{558E1C70-3D0F-4124-B115-91C35FE19379}.Release|x64.ActiveCfg = Release|x64
		{558E1C70-3D0F-4124-B115-91C35FE19379}.Release|x64.Build.0 = Release|x64
		{558E1C70-3D0F-4124-B115-91C35FE19379}.Release|x86.ActiveCfg = Release|x86
		{558E1C70-3D0F-4124-B115-91C35FE19379}.Release|x86.Build.0 = Release|x86
		{694E1F18-C1BE-4741-870C-86645033BBC9}.Debug|Any CPU.ActiveCfg = Debug|Win32
		{694E1F18-C1BE-4741-870C-86645033BBC9}.Debug|x64.ActiveCfg = Debug|x64
		{694E1F18-C1BE-4741-870C-86645033BBC9}.Debug|x64.Build.0 = Debug|x64
		{694E1F18-C1BE-4741-870C-86645033BBC9}.Debug|x86.ActiveCfg = Debug|Win32
		{694E1F18-C1BE-4741-870C-86645033BBC9}.Release|Any CPU.ActiveCfg = Release|Win32
		{694E1F18-C1BE-4741-870C-86645033BBC9}.Release|x64.ActiveCfg = Release|x64
		{694E1F18-C1BE-4741-870C-86645033BBC9}.Release|x64.Build.0 = Release|x64
		{694E1F18-C1BE-4741-870C-86645033BBC9}.Release|x86.ActiveCfg = Release|Win32
		{FC03E7AD-F794-49EE-9803-61A7423BCEF7}.Debug|Any CPU.ActiveCfg = Debug|x86
		{FC03E7AD-F794-49EE-9803-61A7423BCEF7}.Debug|x64.ActiveCfg = Debug|x64
		{FC03E7AD-F794-49EE-9803-61A7423BCEF7}.Debug|x64.Build.0 = Debug|x64
		{FC03E7AD-F794-49EE-9803-61A7423BCEF7}.Debug|x86.ActiveCfg = Debug|x86
		{FC03E7AD-F794-49EE-9803-61A7423BCEF7}.Debug|x86.Build.0 = Debug|x86
		{FC03E7AD-F794-49EE-9803-61A7423BCEF7}.Release|Any CPU.ActiveCfg = Release|x86
		{FC03E7AD-F794-49EE-9803-61A7423BCEF7}.Release|x64.ActiveCfg = Release|x64
		{FC03E7AD-F794-49EE-9803-61A7423BCEF7}.Release|x64.Build.0 = Release|x64
		{FC03E7AD-F794-49EE-9803-61A7423BCEF7}.Release|x86.ActiveCfg = Release|x86
		{FC03E7AD-F794-49EE-9803-61A7423BCEF7}.Release|x86.Build.0 = Release|x86
		{3434E74C-D7B5-4315-A8E1-51DBCE878199}.Debug|Any CPU.ActiveCfg = Debug|x86
		{3434E74C-D7B5-4315-A8E1-51DBCE878199}.Debug|x64.ActiveCfg = Debug|x64
		{3434E74C-D7B5-4315-A8E1-51DBCE878199}.Debug|x64.Build.0 = Debug|x64
		{3434E74C-D7B5-4315-A8E1-51DBCE878199}.Debug|x86.ActiveCfg = Debug|x86
		{3434E74C-D7B5-4315-A8E1-51DBCE878199}.Debug|x86.Build.0 = Debug|x86
		{3434E74C-D7B5-4315-A8E1-51DBCE878199}.Release|Any CPU.ActiveCfg = Release|x86
		{3434E74C-D7B5-4315-A8E1-51DBCE878199}.Release|x64.ActiveCfg = Release|x64
		{3434E74C-D7B5-4315-A8E1-51DBCE878199}.Release|x64.Build.0 = Release|x64
		{3434E74C-D7B5-4315-A8E1-51DBCE878199}.Release|x86.ActiveCfg = Release|x86
		{3434E74C-D7B5-4315-A8E1-51DBCE878199}.Release|x86.Build.0 = Release|x86
		{6D7202D1-954A-4431-B733-6B47F17B2A02}.Debug|Any CPU.ActiveCfg = Debug|x86
		{6D7202D1-954A-4431-B733-6B47F17B2A02}.Debug|x64.ActiveCfg = Debug|x64
		{6D7202D1-954A-4431-B733-6B47F17B2A02}.Debug|x64.Build.0 = Debug|x64
		{6D7202D1-954A-4431-B733-6B47F17B2A02}.Debug|x86.ActiveCfg = Debug|x86
		{6D7202D1-954A-4431-B733-6B47F17B2A02}.Debug|x86.Build.0 = Debug|x86
		{6D7202D1-954A-4431-B733-6B47F17B2A02}.Release|Any CPU.ActiveCfg = Release|x86
		{6D7202D1-954A-4431-B733-6B47F17B2A02}.Release|x64.ActiveCfg = Release|x64
		{6D7202D1-954A-4431-B733-6B47F17B2A02}.Release|x64.Build.0 = Release|x64
		{6D7202D1-954A-4431-B733-6B47F17B2A02}.Release|x86.ActiveCfg = Release|x86
		{6D7202D1-954A-4431-B733-6B47F17B2A02}.Release|x86.Build.0 = Release|x86
		{A688C320-781A-4453-B86B-324785618DD8}.Debug|Any CPU.ActiveCfg = Debug|x86
		{A688C320-781A-4453-B86B-324785618DD8}.Debug|x64.ActiveCfg = Debug|x64
		{A688C320-781A-4453-B86B-324785618DD8}.Debug|x64.Build.0 = Debug|x64
		{A688C320-781A-4453-B86B-324785618DD8}.Debug|x86.ActiveCfg = Debug|x86
		{A688C320-781A-4453-B86B-324785618DD8}.Debug|x86.Build.0 = Debug|x86
		{A688C320-781A-4453-B86B-324785618DD8}.Release|Any CPU.ActiveCfg = Release|x86
		{A688C320-781A-4453-B86B-324785618DD8}.Release|x64.ActiveCfg = Release|x64
		{A688C320-781A-4453-B86B-324785618DD8}.Release|x64.Build.0 = Release|x64
		{A688C320-781A-4453-B86B-324785618DD8}.Release|x86.ActiveCfg = Release|x86
		{A688C320-781A-4453-B86B-324785618DD8}.Release|x86.Build.0 = Release|x86
		{FAD293B8-C008-4243-88FC-A3A8A01DB52D}.Debug|Any CPU.ActiveCfg = Debug|x86
		{FAD293B8-C008-4243-88FC-A3A8A01DB52D}.Debug|x64.ActiveCfg = Debug|x64
		{FAD293B8-C008-4243-88FC-A3A8A01DB52D}.Debug|x64.Build.0 = Debug|x64
		{FAD293B8-C008-4243-88FC-A3A8A01DB52D}.Debug|x86.ActiveCfg = Debug|x86
		{FAD293B8-C008-4243-88FC-A3A8A01DB52D}.Debug|x86.Build.0 = Debug|x86
		{FAD293B8-C008-4243-88FC-A3A8A01DB52D}.Release|Any CPU.ActiveCfg = Release|x86
		{FAD293B8-C008-4243-88FC-A3A8A01DB52D}.Release|x64.ActiveCfg = Release|x64
		{FAD293B8-C008-4243-88FC-A3A8A01DB52D}.Release|x64.Build.0 = Release|x64
		{FAD293B8-C008-4243-88FC-A3A8A01DB52D}.Release|x86.ActiveCfg = Release|x86
		{FAD293B8-C008-4243-88FC-A3A8A01DB52D}.Release|x86.Build.0 = Release|x86
		{4B41601C-F950-4E9D-9B9F-FF0920B96AAB}.Debug|Any CPU.ActiveCfg = Debug|x86
		{4B41601C-F950-4E9D-9B9F-FF0920B96AAB}.Debug|x64.ActiveCfg = Debug|x64
		{4B41601C-F950-4E9D-9B9F-FF0920B96AAB}.Debug|x64.Build.0 = Debug|x64
		{4B41601C-F950-4E9D-9B9F-FF0920B96AAB}.Debug|x86.ActiveCfg = Debug|x86
		{4B41601C-F950-4E9D-9B9F-FF0920B96AAB}.Debug|x86.Build.0 = Debug|x86
		{4B41601C-F950-4E9D-9B9F-FF0920B96AAB}.Release|Any CPU.ActiveCfg = Release|x86
		{4B41601C-F950-4E9D-9B9F-FF0920B96AAB}.Release|x64.ActiveCfg = Release|x64
		{4B41601C-F950-4E9D-9B9F-FF0920B96AAB}.Release|x64.Build.0 = Release|x64
		{4B41601C-F950-4E9D-9B9F-FF0920B96AAB}.Release|x86.ActiveCfg = Release|x86
		{4B41601C-F950-4E9D-9B9F-FF0920B96AAB}.Release|x86.Build.0 = Release|x86
		{BCF8F7FB-8C2A-4583-8F62-EADEE645243C}.Debug|Any CPU.ActiveCfg = Debug|x86
		{BCF8F7FB-8C2A-4583-8F62-EADEE645243C}.Debug|x64.ActiveCfg = Debug|x64
		{BCF8F7FB-8C2A-4583-8F62-EADEE645243C}.Debug|x64.Build.0 = Debug|x64
		{BCF8F7FB-8C2A-4583-8F62-EADEE645243C}.Debug|x86.ActiveCfg = Debug|x86
		{BCF8F7FB-8C2A-4583-8F62-EADEE645243C}.Debug|x86.Build.0 = Debug|x86
		{BCF8F7FB-8C2A-4583-8F62-EADEE645243C}.Release|Any CPU.ActiveCfg = Release|x86
		{BCF8F7FB-8C2A-4583-8F62-EADEE645243C}.Release|x64.ActiveCfg = Release|x64
		{BCF8F7FB-8C2A-4583-8F62-EADEE645243C}.Release|x64.Build.0 = Release|x64
		{BCF8F7FB-8C2A-4583-8F62-EADEE645243C}.Release|x86.ActiveCfg = Release|x86
		{BCF8F7FB-8C2A-4583-8F62-EADEE645243C}.Release|x86.Build.0 = Release|x86
		{1F5D1B87-40FF-42C0-88D9-874162E5D234}.Debug|Any CPU.ActiveCfg = Debug|x86
		{1F5D1B87-40FF-42C0-88D9-874162E5D234}.Debug|x64.ActiveCfg = Debug|x64
		{1F5D1B87-40FF-42C0-88D9-874162E5D234}.Debug|x64.Build.0 = Debug|x64
		{1F5D1B87-40FF-42C0-88D9-874162E5D234}.Debug|x86.ActiveCfg = Debug|x86
		{1F5D1B87-40FF-42C0-88D9-874162E5D234}.Debug|x86.Build.0 = Debug|x86
		{1F5D1B87-40FF-42C0-88D9-874162E5D234}.Release|Any CPU.ActiveCfg = Release|x86
		{1F5D1B87-40FF-42C0-88D9-874162E5D234}.Release|x64.ActiveCfg = Release|x64
		{1F5D1B87-40FF-42C0-88D9-874162E5D234}.Release|x64.Build.0 = Release|x64
		{1F5D1B87-40FF-42C0-88D9-874162E5D234}.Release|x86.ActiveCfg = Release|x86
		{1F5D1B87-40FF-42C0-88D9-874162E5D234}.Release|x86.Build.0 = Release|x86
		{0F1983A4-F3A8-4340-8F91-1FEA45B798FB}.Debug|Any CPU.ActiveCfg = Debug|x86
		{0F1983A4-F3A8-4340-8F91-1FEA45B798FB}.Debug|x64.ActiveCfg = Debug|x64
		{0F1983A4-F3A8-4340-8F91-1FEA45B798FB}.Debug|x64.Build.0 = Debug|x64
		{0F1983A4-F3A8-4340-8F91-1FEA45B798FB}.Debug|x86.ActiveCfg = Debug|x86
		{0F1983A4-F3A8-4340-8F91-1FEA45B798FB}.Debug|x86.Build.0 = Debug|x86
		{0F1983A4-F3A8-4340-8F91-1FEA45B798FB}.Release|Any CPU.ActiveCfg = Release|x86
		{0F1983A4-F3A8-4340-8F91-1FEA45B798FB}.Release|x64.ActiveCfg = Release|x64
		{0F1983A4-F3A8-4340-8F91-1FEA45B798FB}.Release|x64.Build.0 = Release|x64
		{0F1983A4-F3A8-4340-8F91-1FEA45B798FB}.Release|x86.ActiveCfg = Release|x86
		{0F1983A4-F3A8-4340-8F91-1FEA45B798FB}.Release|x86.Build.0 = Release|x86
		{342CB2B6-1F8C-4A1A-9415-6FCE35B0E54A}.Debug|Any CPU.ActiveCfg = Debug|x86
		{342CB2B6-1F8C-4A1A-9415-6FCE35B0E54A}.Debug|x64.ActiveCfg = Debug|x64
		{342CB2B6-1F8C-4A1A-9415-6FCE35B0E54A}.Debug|x64.Build.0 = Debug|x64
		{342CB2B6-1F8C-4A1A-9415-6FCE35B0E54A}.Debug|x86.ActiveCfg = Debug|x86
		{342CB2B6-1F8C-4A1A-9415-6FCE35B0E54A}.Debug|x86.Build.0 = Debug|x86
		{342CB2B6-1F8C-4A1A-9415-6FCE35B0E54A}.Release|Any CPU.ActiveCfg = Release|x86
		{342CB2B6-1F8C-4A1A-9415-6FCE35B0E54A}.Release|x64.ActiveCfg = Release|x64
		{342CB2B6-1F8C-4A1A-9415-6FCE35B0E54A}.Release|x64.Build.0 = Release|x64
		{342CB2B6-1F8C-4A1A-9415-6FCE35B0E54A}.Release|x86.ActiveCfg = Release|x86
		{342CB2B6-1F8C-4A1A-9415-6FCE35B0E54A}.Release|x86.Build.0 = Release|x86
		{2A64540F-EA06-4DEC-9597-BEB1095DEF5F}.Debug|Any CPU.ActiveCfg = Debug|x86
		{2A64540F-EA06-4DEC-9597-BEB1095DEF5F}.Debug|x64.ActiveCfg = Debug|x64
		{2A64540F-EA06-4DEC-9597-BEB1095DEF5F}.Debug|x64.Build.0 = Debug|x64
		{2A64540F-EA06-4DEC-9597-BEB1095DEF5F}.Debug|x86.ActiveCfg = Debug|x86
		{2A64540F-EA06-4DEC-9597-BEB1095DEF5F}.Debug|x86.Build.0 = Debug|x86
		{2A64540F-EA06-4DEC-9597-BEB1095DEF5F}.Release|Any CPU.ActiveCfg = Release|x86
		{2A64540F-EA06-4DEC-9597-BEB1095DEF5F}.Release|x64.ActiveCfg = Release|x64
		{2A64540F-EA06-4DEC-9597-BEB1095DEF5F}.Release|x64.Build.0 = Release|x64
		{2A64540F-EA06-4DEC-9597-BEB1095DEF5F}.Release|x86.ActiveCfg = Release|x86
		{2A64540F-EA06-4DEC-9597-BEB1095DEF5F}.Release|x86.Build.0 = Release|x86
		{E631F2A3-FE02-451A-A298-B72EA0935329}.Debug|Any CPU.ActiveCfg = Debug|x86
		{E631F2A3-FE02-451A-A298-B72EA0935329}.Debug|x64.ActiveCfg = Debug|x64
		{E631F2A3-FE02-451A-A298-B72EA0935329}.Debug|x64.Build.0 = Debug|x64
		{E631F2A3-FE02-451A-A298-B72EA0935329}.Debug|x86.ActiveCfg = Debug|x86
		{E631F2A3-FE02-451A-A298-B72EA0935329}.Debug|x86.Build.0 = Debug|x86
		{E631F2A3-FE02-451A-A298-B72EA0935329}.Release|Any CPU.ActiveCfg = Release|x86
		{E631F2A3-FE02-451A-A298-B72EA0935329}.Release|x64.ActiveCfg = Release|x64
		{E631F2A3-FE02-451A-A298-B72EA0935329}.Release|x64.Build.0 = Release|x64
		{E631F2A3-FE02-451A-A298-B72EA0935329}.Release|x86.ActiveCfg = Release|x86
		{E631F2A3-FE02-451A-A298-B72EA0935329}.Release|x86.Build.0 = Release|x86
		{04F7D174-201A-40B9-BA19-204499F38091}.Debug|Any CPU.ActiveCfg = Debug|x86
		{04F7D174-201A-40B9-BA19-204499F38091}.Debug|x64.ActiveCfg = Debug|x64
		{04F7D174-201A-40B9-BA19-204499F38091}.Debug|x64.Build.0 = Debug|x64
		{04F7D174-201A-40B9-BA19-204499F38091}.Debug|x86.ActiveCfg = Debug|x86
		{04F7D174-201A-40B9-BA19-204499F38091}.Debug|x86.Build.0 = Debug|x86
		{04F7D174-201A-40B9-BA19-204499F38091}.Release|Any CPU.ActiveCfg = Release|x86
		{04F7D174-201A-40B9-BA19-204499F38091}.Release|x64.ActiveCfg = Release|x64
		{04F7D174-201A-40B9-BA19-204499F38091}.Release|x64.Build.0 = Release|x64
		{04F7D174-201A-40B9-BA19-204499F38091}.Release|x86.ActiveCfg = Release|x86
		{04F7D174-201A-40B9-BA19-204499F38091}.Release|x86.Build.0 = Release|x86
		{B57CF9DF-0446-40A7-AABA-1140FD3B5C79}.Debug|Any CPU.ActiveCfg = Debug|x86
		{B57CF9DF-0446-40A7-AABA-1140FD3B5C79}.Debug|x64.ActiveCfg = Debug|x64
		{B57CF9DF-0446-40A7-AABA-1140FD3B5C79}.Debug|x64.Build.0 = Debug|x64
		{B57CF9DF-0446-40A7-AABA-1140FD3B5C79}.Debug|x86.ActiveCfg = Debug|x86
		{B57CF9DF-0446-40A7-AABA-1140FD3B5C79}.Debug|x86.Build.0 = Debug|x86
		{B57CF9DF-0446-40A7-AABA-1140FD3B5C79}.Release|Any CPU.ActiveCfg = Release|x86
		{B57CF9DF-0446-40A7-AABA-1140FD3B5C79}.Release|x64.ActiveCfg = Release|x64
		{B57CF9DF-0446-40A7-AABA-1140FD3B5C79}.Release|x64.Build.0 = Release|x64
		{B57CF9DF-0446-40A7-AABA-1140FD3B5C79}.Release|x86.ActiveCfg = Release|x86
		{B57CF9DF-0446-40A7-AABA-1140FD3B5C79}.Release|x86.Build.0 = Release|x86
		{F2F394BF-088C-4ED4-8610-C96ABA021DD1}.Debug|Any CPU.ActiveCfg = Debug|x86
		{F2F394BF-088C-4ED4-8610-C96ABA021DD1}.Debug|x64.ActiveCfg = Debug|x64
		{F2F394BF-088C-4ED4-8610-C96ABA021DD1}.Debug|x64.Build.0 = Debug|x64
		{F2F394BF-088C-4ED4-8610-C96ABA021DD1}.Debug|x86.ActiveCfg = Debug|x86
		{F2F394BF-088C-4ED4-8610-C96ABA021DD1}.Debug|x86.Build.0 = Debug|x86
		{F2F394BF-088C-4ED4-8610-C96ABA021DD1}.Release|Any CPU.ActiveCfg = Release|x86
		{F2F394BF-088C-4ED4-8610-C96ABA021DD1}.Release|x64.ActiveCfg = Release|x64
		{F2F394BF-088C-4ED4-8610-C96ABA021DD1}.Release|x64.Build.0 = Release|x64
		{F2F394BF-088C-4ED4-8610-C96ABA021DD1}.Release|x86.ActiveCfg = Release|x86
		{F2F394BF-088C-4ED4-8610-C96ABA021DD1}.Release|x86.Build.0 = Release|x86
		{03FB5D97-71E4-4304-B52F-6836605398B5}.Debug|Any CPU.ActiveCfg = Debug|x86
		{03FB5D97-71E4-4304-B52F-6836605398B5}.Debug|x64.ActiveCfg = Debug|x64
		{03FB5D97-71E4-4304-B52F-6836605398B5}.Debug|x64.Build.0 = Debug|x64
		{03FB5D97-71E4-4304-B52F-6836605398B5}.Debug|x86.ActiveCfg = Debug|x86
		{03FB5D97-71E4-4304-B52F-6836605398B5}.Debug|x86.Build.0 = Debug|x86
		{03FB5D97-71E4-4304-B52F-6836605398B5}.Release|Any CPU.ActiveCfg = Release|x86
		{03FB5D97-71E4-4304-B52F-6836605398B5}.Release|x64.ActiveCfg = Release|x64
		{03FB5D97-71E4-4304-B52F-6836605398B5}.Release|x64.Build.0 = Release|x64
		{03FB5D97-71E4-4304-B52F-6836605398B5}.Release|x86.ActiveCfg = Release|x86
		{03FB5D97-71E4-4304-B52F-6836605398B5}.Release|x86.Build.0 = Release|x86
		{6F98AED1-5215-4347-B8AF-F66504B2941E}.Debug|Any CPU.ActiveCfg = Debug|x86
		{6F98AED1-5215-4347-B8AF-F66504B2941E}.Debug|x64.ActiveCfg = Debug|x64
		{6F98AED1-5215-4347-B8AF-F66504B2941E}.Debug|x64.Build.0 = Debug|x64
		{6F98AED1-5215-4347-B8AF-F66504B2941E}.Debug|x86.ActiveCfg = Debug|x86
		{6F98AED1-5215-4347-B8AF-F66504B2941E}.Debug|x86.Build.0 = Debug|x86
		{6F98AED1-5215-4347-B8AF-F66504B2941E}.Release|Any CPU.ActiveCfg = Release|x86
		{6F98AED1-5215-4347-B8AF-F66504B2941E}.Release|x64.ActiveCfg = Release|x64
		{6F98AED1-5215-4347-B8AF-F66504B2941E}.Release|x64.Build.0 = Release|x64
		{6F98AED1-5215-4347-B8AF-F66504B2941E}.Release|x86.ActiveCfg = Release|x86
		{6F98AED1-5215-4347-B8AF-F66504B2941E}.Release|x86.Build.0 = Release|x86
		{CCF11A7F-1157-4FF7-BD00-DE4307D95F04}.Debug|Any CPU.ActiveCfg = Debug|Win32
		{CCF11A7F-1157-4FF7-BD00-DE4307D95F04}.Debug|x64.ActiveCfg = Debug|x64
		{CCF11A7F-1157-4FF7-BD00-DE4307D95F04}.Debug|x64.Build.0 = Debug|x64
		{CCF11A7F-1157-4FF7-BD00-DE4307D95F04}.Debug|x86.ActiveCfg = Debug|Win32
		{CCF11A7F-1157-4FF7-BD00-DE4307D95F04}.Debug|x86.Build.0 = Debug|Win32
		{CCF11A7F-1157-4FF7-BD00-DE4307D95F04}.Release|Any CPU.ActiveCfg = Release|Win32
		{CCF11A7F-1157-4FF7-BD00-DE4307D95F04}.Release|x64.ActiveCfg = Release|x64
		{CCF11A7F-1157-4FF7-BD00-DE4307D95F04}.Release|x64.Build.0 = Release|x64
		{CCF11A7F-1157-4FF7-BD00-DE4307D95F04}.Release|x86.ActiveCfg = Release|Win32
		{CCF11A7F-1157-4FF7-BD00-DE4307D95F04}.Release|x86.Build.0 = Release|Win32
		{49A91B40-AA68-43E0-AA17-B26DA7430489}.Debug|Any CPU.ActiveCfg = Debug|Win32
		{49A91B40-AA68-43E0-AA17-B26DA7430489}.Debug|x64.ActiveCfg = Debug|x64
		{49A91B40-AA68-43E0-AA17-B26DA7430489}.Debug|x64.Build.0 = Debug|x64
		{49A91B40-AA68-43E0-AA17-B26DA7430489}.Debug|x86.ActiveCfg = Debug|Win32
		{49A91B40-AA68-43E0-AA17-B26DA7430489}.Release|Any CPU.ActiveCfg = Release|Win32
		{49A91B40-AA68-43E0-AA17-B26DA7430489}.Release|x64.ActiveCfg = Release|x64
		{49A91B40-AA68-43E0-AA17-B26DA7430489}.Release|x64.Build.0 = Release|x64
		{49A91B40-AA68-43E0-AA17-B26DA7430489}.Release|x86.ActiveCfg = Release|Win32
		{49A91B40-AA68-43E0-AA17-B26DA7430489}.Release|x86.Build.0 = Release|Win32
		{69DD4D0A-FFB3-4C18-AA98-4DD13A65E2C8}.Debug|Any CPU.ActiveCfg = Debug|Any CPU
		{69DD4D0A-FFB3-4C18-AA98-4DD13A65E2C8}.Debug|Any CPU.Build.0 = Debug|Any CPU
		{69DD4D0A-FFB3-4C18-AA98-4DD13A65E2C8}.Debug|x64.ActiveCfg = Debug|Any CPU
		{69DD4D0A-FFB3-4C18-AA98-4DD13A65E2C8}.Debug|x64.Build.0 = Debug|Any CPU
		{69DD4D0A-FFB3-4C18-AA98-4DD13A65E2C8}.Debug|x86.ActiveCfg = Debug|Any CPU
		{69DD4D0A-FFB3-4C18-AA98-4DD13A65E2C8}.Debug|x86.Build.0 = Debug|Any CPU
		{69DD4D0A-FFB3-4C18-AA98-4DD13A65E2C8}.Release|Any CPU.ActiveCfg = Release|Any CPU
		{69DD4D0A-FFB3-4C18-AA98-4DD13A65E2C8}.Release|Any CPU.Build.0 = Release|Any CPU
		{69DD4D0A-FFB3-4C18-AA98-4DD13A65E2C8}.Release|x64.ActiveCfg = Release|Any CPU
		{69DD4D0A-FFB3-4C18-AA98-4DD13A65E2C8}.Release|x64.Build.0 = Release|Any CPU
		{69DD4D0A-FFB3-4C18-AA98-4DD13A65E2C8}.Release|x86.ActiveCfg = Release|Any CPU
		{69DD4D0A-FFB3-4C18-AA98-4DD13A65E2C8}.Release|x86.Build.0 = Release|Any CPU
		{B0165914-17FA-4C02-BFD1-BF2F6C664152}.Debug|Any CPU.ActiveCfg = Debug|Any CPU
		{B0165914-17FA-4C02-BFD1-BF2F6C664152}.Debug|Any CPU.Build.0 = Debug|Any CPU
		{B0165914-17FA-4C02-BFD1-BF2F6C664152}.Debug|x64.ActiveCfg = Debug|Any CPU
		{B0165914-17FA-4C02-BFD1-BF2F6C664152}.Debug|x64.Build.0 = Debug|Any CPU
		{B0165914-17FA-4C02-BFD1-BF2F6C664152}.Debug|x86.ActiveCfg = Debug|Any CPU
		{B0165914-17FA-4C02-BFD1-BF2F6C664152}.Debug|x86.Build.0 = Debug|Any CPU
		{B0165914-17FA-4C02-BFD1-BF2F6C664152}.Release|Any CPU.ActiveCfg = Release|Any CPU
		{B0165914-17FA-4C02-BFD1-BF2F6C664152}.Release|Any CPU.Build.0 = Release|Any CPU
		{B0165914-17FA-4C02-BFD1-BF2F6C664152}.Release|x64.ActiveCfg = Release|Any CPU
		{B0165914-17FA-4C02-BFD1-BF2F6C664152}.Release|x64.Build.0 = Release|Any CPU
		{B0165914-17FA-4C02-BFD1-BF2F6C664152}.Release|x86.ActiveCfg = Release|Any CPU
		{B0165914-17FA-4C02-BFD1-BF2F6C664152}.Release|x86.Build.0 = Release|Any CPU
		{0381D4D0-945E-4340-B974-9D07B2830D4F}.Debug|Any CPU.ActiveCfg = Debug|Any CPU
		{0381D4D0-945E-4340-B974-9D07B2830D4F}.Debug|Any CPU.Build.0 = Debug|Any CPU
		{0381D4D0-945E-4340-B974-9D07B2830D4F}.Debug|x64.ActiveCfg = Debug|Any CPU
		{0381D4D0-945E-4340-B974-9D07B2830D4F}.Debug|x64.Build.0 = Debug|Any CPU
		{0381D4D0-945E-4340-B974-9D07B2830D4F}.Debug|x86.ActiveCfg = Debug|Any CPU
		{0381D4D0-945E-4340-B974-9D07B2830D4F}.Debug|x86.Build.0 = Debug|Any CPU
		{0381D4D0-945E-4340-B974-9D07B2830D4F}.Release|Any CPU.ActiveCfg = Release|Any CPU
		{0381D4D0-945E-4340-B974-9D07B2830D4F}.Release|Any CPU.Build.0 = Release|Any CPU
		{0381D4D0-945E-4340-B974-9D07B2830D4F}.Release|x64.ActiveCfg = Release|Any CPU
		{0381D4D0-945E-4340-B974-9D07B2830D4F}.Release|x64.Build.0 = Release|Any CPU
		{0381D4D0-945E-4340-B974-9D07B2830D4F}.Release|x86.ActiveCfg = Release|Any CPU
		{0381D4D0-945E-4340-B974-9D07B2830D4F}.Release|x86.Build.0 = Release|Any CPU
	EndGlobalSection
	GlobalSection(SolutionProperties) = preSolution
		HideSolutionNode = FALSE
	EndGlobalSection
	GlobalSection(NestedProjects) = preSolution
		{6FCD1EF9-8936-4C8B-9F36-255CCE291CA9} = {AD12953D-9230-4ADC-A115-596FBFAADBE7}
		{74792445-F224-4C75-B204-094FF689D950} = {627C754E-CB96-49CC-BC0E-9EEDF9C5385B}
		{99D68A6A-FD3D-4AAB-A02C-4307A6851F17} = {18C721D5-8339-4A66-8A6F-2B974ACD9598}
		{4451AD21-AD52-49F1-874B-0BBAB2D4DF95} = {99D68A6A-FD3D-4AAB-A02C-4307A6851F17}
		{558E1C70-3D0F-4124-B115-91C35FE19379} = {99D68A6A-FD3D-4AAB-A02C-4307A6851F17}
		{694E1F18-C1BE-4741-870C-86645033BBC9} = {01EF580E-0E69-4C67-8BE1-904D34CBE92A}
		{01EF580E-0E69-4C67-8BE1-904D34CBE92A} = {18C721D5-8339-4A66-8A6F-2B974ACD9598}
		{AD12953D-9230-4ADC-A115-596FBFAADBE7} = {18C721D5-8339-4A66-8A6F-2B974ACD9598}
		{627C754E-CB96-49CC-BC0E-9EEDF9C5385B} = {18C721D5-8339-4A66-8A6F-2B974ACD9598}
		{FC03E7AD-F794-49EE-9803-61A7423BCEF7} = {627C754E-CB96-49CC-BC0E-9EEDF9C5385B}
		{3434E74C-D7B5-4315-A8E1-51DBCE878199} = {AD12953D-9230-4ADC-A115-596FBFAADBE7}
		{6EE92035-958C-468C-A823-6B780535207D} = {18C721D5-8339-4A66-8A6F-2B974ACD9598}
		{6D7202D1-954A-4431-B733-6B47F17B2A02} = {DBDC2DF6-0316-4E7D-A6D4-B09CA321CAB7}
		{A688C320-781A-4453-B86B-324785618DD8} = {18C721D5-8339-4A66-8A6F-2B974ACD9598}
		{FAD293B8-C008-4243-88FC-A3A8A01DB52D} = {99D68A6A-FD3D-4AAB-A02C-4307A6851F17}
		{4B41601C-F950-4E9D-9B9F-FF0920B96AAB} = {99D68A6A-FD3D-4AAB-A02C-4307A6851F17}
		{BCF8F7FB-8C2A-4583-8F62-EADEE645243C} = {99D68A6A-FD3D-4AAB-A02C-4307A6851F17}
		{0F1983A4-F3A8-4340-8F91-1FEA45B798FB} = {6EE92035-958C-468C-A823-6B780535207D}
		{342CB2B6-1F8C-4A1A-9415-6FCE35B0E54A} = {6EE92035-958C-468C-A823-6B780535207D}
		{2A64540F-EA06-4DEC-9597-BEB1095DEF5F} = {6EE92035-958C-468C-A823-6B780535207D}
		{E631F2A3-FE02-451A-A298-B72EA0935329} = {6EE92035-958C-468C-A823-6B780535207D}
		{04F7D174-201A-40B9-BA19-204499F38091} = {6EE92035-958C-468C-A823-6B780535207D}
		{B57CF9DF-0446-40A7-AABA-1140FD3B5C79} = {6EE92035-958C-468C-A823-6B780535207D}
		{F2F394BF-088C-4ED4-8610-C96ABA021DD1} = {6EE92035-958C-468C-A823-6B780535207D}
		{03FB5D97-71E4-4304-B52F-6836605398B5} = {18C721D5-8339-4A66-8A6F-2B974ACD9598}
		{6F98AED1-5215-4347-B8AF-F66504B2941E} = {18C721D5-8339-4A66-8A6F-2B974ACD9598}
		{CCF11A7F-1157-4FF7-BD00-DE4307D95F04} = {18C721D5-8339-4A66-8A6F-2B974ACD9598}
		{0381D4D0-945E-4340-B974-9D07B2830D4F} = {99D68A6A-FD3D-4AAB-A02C-4307A6851F17}
	EndGlobalSection
	GlobalSection(ExtensibilityGlobals) = postSolution
		SolutionGuid = {4E0A2F67-7D8F-4910-BFB7-8AE9E0B25204}
	EndGlobalSection
EndGlobal
