
Microsoft Visual Studio Solution File, Format Version 12.00
# Visual Studio Version 16
VisualStudioVersion = 16.0.30204.135
MinimumVisualStudioVersion = 10.0.40219.1
Project("{9A19103F-16F7-4668-BE54-9A1E7A4F7556}") = "KmDevLib", "KayMcCormick.Dev\KmDevLib.csproj", "{B567FBED-A1A9-4DED-828B-5FCD1A115ED7}"
EndProject
Project("{9A19103F-16F7-4668-BE54-9A1E7A4F7556}") = "AnalysisAppLibCore", "Desktop\Analysis\AnalysisAppLib\AnalysisAppLibCore.csproj", "{B8FB1008-19E1-4313-84BB-1FE397208B52}"
EndProject
Project("{9A19103F-16F7-4668-BE54-9A1E7A4F7556}") = "AnalysisControlsCore", "Desktop\Analysis\AnalysisControls\AnalysisControlsCore.csproj", "{352CA9A9-AE23-4520-870E-8DB8673BBB43}"
EndProject
Project("{9A19103F-16F7-4668-BE54-9A1E7A4F7556}") = "KmDevWpfControlsCore", "..\KmDevWpfControls\KmDevWpfControls\KmDevWpfControlsCore.csproj", "{B8944BEE-A2F8-4525-9B76-BBA8BC02EE31}"
EndProject
Project("{9A19103F-16F7-4668-BE54-9A1E7A4F7556}") = "RibbonLibCore", "..\RibbonLib\src\RibbonLibCore\RibbonLibCore.csproj", "{42CC9D74-3C3E-43FF-9900-B28A6D133156}"
EndProject
Project("{9A19103F-16F7-4668-BE54-9A1E7A4F7556}") = "AvalonDock", "..\AvalonDock\source\Components\AvalonDock\AvalonDock.csproj", "{AD20767C-69DF-4A9D-A80A-99F0E090126C}"
EndProject
Project("{9A19103F-16F7-4668-BE54-9A1E7A4F7556}") = "WpfLibCore", "Desktop\WpfLib\WpfLibCore.csproj", "{AC239737-2C57-48AF-A05A-2FF28637FF72}"
EndProject
Project("{9A19103F-16F7-4668-BE54-9A1E7A4F7556}") = "Client2Core", "Desktop\Analysis\Client2\Client2Core.csproj", "{CB18A238-0712-46B4-9FB1-8CE25C83888C}"
EndProject
Project("{9A19103F-16F7-4668-BE54-9A1E7A4F7556}") = "NetCoreTest1", "Tests\NetCoreTest1\NetCoreTest1.csproj", "{11E23261-4BB6-46B6-BF58-A05EE5F55DEC}"
EndProject
Project("{9A19103F-16F7-4668-BE54-9A1E7A4F7556}") = "ProjTestsCore", "Tests\ProjTests\ProjTestsCore.csproj", "{76734411-D15C-4C12-B970-E2A23EADA840}"
EndProject
Project("{9A19103F-16F7-4668-BE54-9A1E7A4F7556}") = "WpfApp1", "WpfApp1\WpfApp1.csproj", "{730CE047-8794-489A-A72F-3F2298C0F174}"
EndProject
Project("{9A19103F-16F7-4668-BE54-9A1E7A4F7556}") = "RoslynCodeControls", "..\RoslynCodeControls\src\RoslynCodeControls\RoslynCodeControls.csproj", "{0CA347AA-2B5F-434A-AAE4-607B66D20CE0}"
EndProject
Project("{FAE04EC0-301F-11D3-BF4B-00C04F79EFBC}") = "Client3", "Desktop\Analysis\Client3\Client3.csproj", "{56A54BD7-8679-412E-A759-72566651BA84}"
EndProject
Global
	GlobalSection(SolutionConfigurationPlatforms) = preSolution
		Debug|Any CPU = Debug|Any CPU
		Debug|x64 = Debug|x64
		Debug|x86 = Debug|x86
		Release|Any CPU = Release|Any CPU
		Release|x64 = Release|x64
		Release|x86 = Release|x86
	EndGlobalSection
	GlobalSection(ProjectConfigurationPlatforms) = postSolution
		{B567FBED-A1A9-4DED-828B-5FCD1A115ED7}.Debug|Any CPU.ActiveCfg = Debug|Any CPU
		{B567FBED-A1A9-4DED-828B-5FCD1A115ED7}.Debug|Any CPU.Build.0 = Debug|Any CPU
		{B567FBED-A1A9-4DED-828B-5FCD1A115ED7}.Debug|x64.ActiveCfg = Debug|Any CPU
		{B567FBED-A1A9-4DED-828B-5FCD1A115ED7}.Debug|x64.Build.0 = Debug|Any CPU
		{B567FBED-A1A9-4DED-828B-5FCD1A115ED7}.Debug|x86.ActiveCfg = Debug|Any CPU
		{B567FBED-A1A9-4DED-828B-5FCD1A115ED7}.Debug|x86.Build.0 = Debug|Any CPU
		{B567FBED-A1A9-4DED-828B-5FCD1A115ED7}.Release|Any CPU.ActiveCfg = Release|Any CPU
		{B567FBED-A1A9-4DED-828B-5FCD1A115ED7}.Release|Any CPU.Build.0 = Release|Any CPU
		{B567FBED-A1A9-4DED-828B-5FCD1A115ED7}.Release|x64.ActiveCfg = Release|Any CPU
		{B567FBED-A1A9-4DED-828B-5FCD1A115ED7}.Release|x64.Build.0 = Release|Any CPU
		{B567FBED-A1A9-4DED-828B-5FCD1A115ED7}.Release|x86.ActiveCfg = Release|Any CPU
		{B567FBED-A1A9-4DED-828B-5FCD1A115ED7}.Release|x86.Build.0 = Release|Any CPU
		{B8FB1008-19E1-4313-84BB-1FE397208B52}.Debug|Any CPU.ActiveCfg = Debug|Any CPU
		{B8FB1008-19E1-4313-84BB-1FE397208B52}.Debug|Any CPU.Build.0 = Debug|Any CPU
		{B8FB1008-19E1-4313-84BB-1FE397208B52}.Debug|x64.ActiveCfg = Debug|Any CPU
		{B8FB1008-19E1-4313-84BB-1FE397208B52}.Debug|x64.Build.0 = Debug|Any CPU
		{B8FB1008-19E1-4313-84BB-1FE397208B52}.Debug|x86.ActiveCfg = Debug|Any CPU
		{B8FB1008-19E1-4313-84BB-1FE397208B52}.Debug|x86.Build.0 = Debug|Any CPU
		{B8FB1008-19E1-4313-84BB-1FE397208B52}.Release|Any CPU.ActiveCfg = Release|Any CPU
		{B8FB1008-19E1-4313-84BB-1FE397208B52}.Release|Any CPU.Build.0 = Release|Any CPU
		{B8FB1008-19E1-4313-84BB-1FE397208B52}.Release|x64.ActiveCfg = Release|Any CPU
		{B8FB1008-19E1-4313-84BB-1FE397208B52}.Release|x64.Build.0 = Release|Any CPU
		{B8FB1008-19E1-4313-84BB-1FE397208B52}.Release|x86.ActiveCfg = Release|Any CPU
		{B8FB1008-19E1-4313-84BB-1FE397208B52}.Release|x86.Build.0 = Release|Any CPU
		{352CA9A9-AE23-4520-870E-8DB8673BBB43}.Debug|Any CPU.ActiveCfg = Debug|Any CPU
		{352CA9A9-AE23-4520-870E-8DB8673BBB43}.Debug|Any CPU.Build.0 = Debug|Any CPU
		{352CA9A9-AE23-4520-870E-8DB8673BBB43}.Debug|x64.ActiveCfg = Debug|Any CPU
		{352CA9A9-AE23-4520-870E-8DB8673BBB43}.Debug|x64.Build.0 = Debug|Any CPU
		{352CA9A9-AE23-4520-870E-8DB8673BBB43}.Debug|x86.ActiveCfg = Debug|Any CPU
		{352CA9A9-AE23-4520-870E-8DB8673BBB43}.Debug|x86.Build.0 = Debug|Any CPU
		{352CA9A9-AE23-4520-870E-8DB8673BBB43}.Release|Any CPU.ActiveCfg = Release|Any CPU
		{352CA9A9-AE23-4520-870E-8DB8673BBB43}.Release|Any CPU.Build.0 = Release|Any CPU
		{352CA9A9-AE23-4520-870E-8DB8673BBB43}.Release|x64.ActiveCfg = Release|Any CPU
		{352CA9A9-AE23-4520-870E-8DB8673BBB43}.Release|x64.Build.0 = Release|Any CPU
		{352CA9A9-AE23-4520-870E-8DB8673BBB43}.Release|x86.ActiveCfg = Release|Any CPU
		{352CA9A9-AE23-4520-870E-8DB8673BBB43}.Release|x86.Build.0 = Release|Any CPU
		{B8944BEE-A2F8-4525-9B76-BBA8BC02EE31}.Debug|Any CPU.ActiveCfg = Debug|Any CPU
		{B8944BEE-A2F8-4525-9B76-BBA8BC02EE31}.Debug|Any CPU.Build.0 = Debug|Any CPU
		{B8944BEE-A2F8-4525-9B76-BBA8BC02EE31}.Debug|x64.ActiveCfg = Debug|Any CPU
		{B8944BEE-A2F8-4525-9B76-BBA8BC02EE31}.Debug|x64.Build.0 = Debug|Any CPU
		{B8944BEE-A2F8-4525-9B76-BBA8BC02EE31}.Debug|x86.ActiveCfg = Debug|Any CPU
		{B8944BEE-A2F8-4525-9B76-BBA8BC02EE31}.Debug|x86.Build.0 = Debug|Any CPU
		{B8944BEE-A2F8-4525-9B76-BBA8BC02EE31}.Release|Any CPU.ActiveCfg = Release|Any CPU
		{B8944BEE-A2F8-4525-9B76-BBA8BC02EE31}.Release|Any CPU.Build.0 = Release|Any CPU
		{B8944BEE-A2F8-4525-9B76-BBA8BC02EE31}.Release|x64.ActiveCfg = Release|Any CPU
		{B8944BEE-A2F8-4525-9B76-BBA8BC02EE31}.Release|x64.Build.0 = Release|Any CPU
		{B8944BEE-A2F8-4525-9B76-BBA8BC02EE31}.Release|x86.ActiveCfg = Release|Any CPU
		{B8944BEE-A2F8-4525-9B76-BBA8BC02EE31}.Release|x86.Build.0 = Release|Any CPU
		{42CC9D74-3C3E-43FF-9900-B28A6D133156}.Debug|Any CPU.ActiveCfg = Debug|Any CPU
		{42CC9D74-3C3E-43FF-9900-B28A6D133156}.Debug|Any CPU.Build.0 = Debug|Any CPU
		{42CC9D74-3C3E-43FF-9900-B28A6D133156}.Debug|x64.ActiveCfg = Debug|Any CPU
		{42CC9D74-3C3E-43FF-9900-B28A6D133156}.Debug|x64.Build.0 = Debug|Any CPU
		{42CC9D74-3C3E-43FF-9900-B28A6D133156}.Debug|x86.ActiveCfg = Debug|Any CPU
		{42CC9D74-3C3E-43FF-9900-B28A6D133156}.Debug|x86.Build.0 = Debug|Any CPU
		{42CC9D74-3C3E-43FF-9900-B28A6D133156}.Release|Any CPU.ActiveCfg = Release|Any CPU
		{42CC9D74-3C3E-43FF-9900-B28A6D133156}.Release|Any CPU.Build.0 = Release|Any CPU
		{42CC9D74-3C3E-43FF-9900-B28A6D133156}.Release|x64.ActiveCfg = Release|Any CPU
		{42CC9D74-3C3E-43FF-9900-B28A6D133156}.Release|x64.Build.0 = Release|Any CPU
		{42CC9D74-3C3E-43FF-9900-B28A6D133156}.Release|x86.ActiveCfg = Release|Any CPU
		{42CC9D74-3C3E-43FF-9900-B28A6D133156}.Release|x86.Build.0 = Release|Any CPU
		{AD20767C-69DF-4A9D-A80A-99F0E090126C}.Debug|Any CPU.ActiveCfg = Debug|Any CPU
		{AD20767C-69DF-4A9D-A80A-99F0E090126C}.Debug|Any CPU.Build.0 = Debug|Any CPU
		{AD20767C-69DF-4A9D-A80A-99F0E090126C}.Debug|x64.ActiveCfg = Debug|Any CPU
		{AD20767C-69DF-4A9D-A80A-99F0E090126C}.Debug|x64.Build.0 = Debug|Any CPU
		{AD20767C-69DF-4A9D-A80A-99F0E090126C}.Debug|x86.ActiveCfg = Debug|Any CPU
		{AD20767C-69DF-4A9D-A80A-99F0E090126C}.Debug|x86.Build.0 = Debug|Any CPU
		{AD20767C-69DF-4A9D-A80A-99F0E090126C}.Release|Any CPU.ActiveCfg = Release|Any CPU
		{AD20767C-69DF-4A9D-A80A-99F0E090126C}.Release|Any CPU.Build.0 = Release|Any CPU
		{AD20767C-69DF-4A9D-A80A-99F0E090126C}.Release|x64.ActiveCfg = Release|Any CPU
		{AD20767C-69DF-4A9D-A80A-99F0E090126C}.Release|x64.Build.0 = Release|Any CPU
		{AD20767C-69DF-4A9D-A80A-99F0E090126C}.Release|x86.ActiveCfg = Release|Any CPU
		{AD20767C-69DF-4A9D-A80A-99F0E090126C}.Release|x86.Build.0 = Release|Any CPU
		{AC239737-2C57-48AF-A05A-2FF28637FF72}.Debug|Any CPU.ActiveCfg = Debug|Any CPU
		{AC239737-2C57-48AF-A05A-2FF28637FF72}.Debug|Any CPU.Build.0 = Debug|Any CPU
		{AC239737-2C57-48AF-A05A-2FF28637FF72}.Debug|x64.ActiveCfg = Debug|Any CPU
		{AC239737-2C57-48AF-A05A-2FF28637FF72}.Debug|x64.Build.0 = Debug|Any CPU
		{AC239737-2C57-48AF-A05A-2FF28637FF72}.Debug|x86.ActiveCfg = Debug|Any CPU
		{AC239737-2C57-48AF-A05A-2FF28637FF72}.Debug|x86.Build.0 = Debug|Any CPU
		{AC239737-2C57-48AF-A05A-2FF28637FF72}.Release|Any CPU.ActiveCfg = Release|Any CPU
		{AC239737-2C57-48AF-A05A-2FF28637FF72}.Release|Any CPU.Build.0 = Release|Any CPU
		{AC239737-2C57-48AF-A05A-2FF28637FF72}.Release|x64.ActiveCfg = Release|Any CPU
		{AC239737-2C57-48AF-A05A-2FF28637FF72}.Release|x64.Build.0 = Release|Any CPU
		{AC239737-2C57-48AF-A05A-2FF28637FF72}.Release|x86.ActiveCfg = Release|Any CPU
		{AC239737-2C57-48AF-A05A-2FF28637FF72}.Release|x86.Build.0 = Release|Any CPU
		{CB18A238-0712-46B4-9FB1-8CE25C83888C}.Debug|Any CPU.ActiveCfg = Debug|Any CPU
		{CB18A238-0712-46B4-9FB1-8CE25C83888C}.Debug|Any CPU.Build.0 = Debug|Any CPU
		{CB18A238-0712-46B4-9FB1-8CE25C83888C}.Debug|x64.ActiveCfg = Debug|Any CPU
		{CB18A238-0712-46B4-9FB1-8CE25C83888C}.Debug|x64.Build.0 = Debug|Any CPU
		{CB18A238-0712-46B4-9FB1-8CE25C83888C}.Debug|x86.ActiveCfg = Debug|Any CPU
		{CB18A238-0712-46B4-9FB1-8CE25C83888C}.Debug|x86.Build.0 = Debug|Any CPU
		{CB18A238-0712-46B4-9FB1-8CE25C83888C}.Release|Any CPU.ActiveCfg = Release|Any CPU
		{CB18A238-0712-46B4-9FB1-8CE25C83888C}.Release|Any CPU.Build.0 = Release|Any CPU
		{CB18A238-0712-46B4-9FB1-8CE25C83888C}.Release|x64.ActiveCfg = Release|Any CPU
		{CB18A238-0712-46B4-9FB1-8CE25C83888C}.Release|x64.Build.0 = Release|Any CPU
		{CB18A238-0712-46B4-9FB1-8CE25C83888C}.Release|x86.ActiveCfg = Release|Any CPU
		{CB18A238-0712-46B4-9FB1-8CE25C83888C}.Release|x86.Build.0 = Release|Any CPU
		{11E23261-4BB6-46B6-BF58-A05EE5F55DEC}.Debug|Any CPU.ActiveCfg = Debug|Any CPU
		{11E23261-4BB6-46B6-BF58-A05EE5F55DEC}.Debug|Any CPU.Build.0 = Debug|Any CPU
		{11E23261-4BB6-46B6-BF58-A05EE5F55DEC}.Debug|x64.ActiveCfg = Debug|Any CPU
		{11E23261-4BB6-46B6-BF58-A05EE5F55DEC}.Debug|x64.Build.0 = Debug|Any CPU
		{11E23261-4BB6-46B6-BF58-A05EE5F55DEC}.Debug|x86.ActiveCfg = Debug|Any CPU
		{11E23261-4BB6-46B6-BF58-A05EE5F55DEC}.Debug|x86.Build.0 = Debug|Any CPU
		{11E23261-4BB6-46B6-BF58-A05EE5F55DEC}.Release|Any CPU.ActiveCfg = Release|Any CPU
		{11E23261-4BB6-46B6-BF58-A05EE5F55DEC}.Release|Any CPU.Build.0 = Release|Any CPU
		{11E23261-4BB6-46B6-BF58-A05EE5F55DEC}.Release|x64.ActiveCfg = Release|Any CPU
		{11E23261-4BB6-46B6-BF58-A05EE5F55DEC}.Release|x64.Build.0 = Release|Any CPU
		{11E23261-4BB6-46B6-BF58-A05EE5F55DEC}.Release|x86.ActiveCfg = Release|Any CPU
		{11E23261-4BB6-46B6-BF58-A05EE5F55DEC}.Release|x86.Build.0 = Release|Any CPU
		{76734411-D15C-4C12-B970-E2A23EADA840}.Debug|Any CPU.ActiveCfg = Debug|Any CPU
		{76734411-D15C-4C12-B970-E2A23EADA840}.Debug|Any CPU.Build.0 = Debug|Any CPU
		{76734411-D15C-4C12-B970-E2A23EADA840}.Debug|x64.ActiveCfg = Debug|Any CPU
		{76734411-D15C-4C12-B970-E2A23EADA840}.Debug|x64.Build.0 = Debug|Any CPU
		{76734411-D15C-4C12-B970-E2A23EADA840}.Debug|x86.ActiveCfg = Debug|Any CPU
		{76734411-D15C-4C12-B970-E2A23EADA840}.Debug|x86.Build.0 = Debug|Any CPU
		{76734411-D15C-4C12-B970-E2A23EADA840}.Release|Any CPU.ActiveCfg = Release|Any CPU
		{76734411-D15C-4C12-B970-E2A23EADA840}.Release|Any CPU.Build.0 = Release|Any CPU
		{76734411-D15C-4C12-B970-E2A23EADA840}.Release|x64.ActiveCfg = Release|Any CPU
		{76734411-D15C-4C12-B970-E2A23EADA840}.Release|x64.Build.0 = Release|Any CPU
		{76734411-D15C-4C12-B970-E2A23EADA840}.Release|x86.ActiveCfg = Release|Any CPU
		{76734411-D15C-4C12-B970-E2A23EADA840}.Release|x86.Build.0 = Release|Any CPU
		{730CE047-8794-489A-A72F-3F2298C0F174}.Debug|Any CPU.ActiveCfg = Debug|Any CPU
		{730CE047-8794-489A-A72F-3F2298C0F174}.Debug|Any CPU.Build.0 = Debug|Any CPU
		{730CE047-8794-489A-A72F-3F2298C0F174}.Debug|x64.ActiveCfg = Debug|Any CPU
		{730CE047-8794-489A-A72F-3F2298C0F174}.Debug|x64.Build.0 = Debug|Any CPU
		{730CE047-8794-489A-A72F-3F2298C0F174}.Debug|x86.ActiveCfg = Debug|Any CPU
		{730CE047-8794-489A-A72F-3F2298C0F174}.Debug|x86.Build.0 = Debug|Any CPU
		{730CE047-8794-489A-A72F-3F2298C0F174}.Release|Any CPU.ActiveCfg = Release|Any CPU
		{730CE047-8794-489A-A72F-3F2298C0F174}.Release|Any CPU.Build.0 = Release|Any CPU
		{730CE047-8794-489A-A72F-3F2298C0F174}.Release|x64.ActiveCfg = Release|Any CPU
		{730CE047-8794-489A-A72F-3F2298C0F174}.Release|x64.Build.0 = Release|Any CPU
		{730CE047-8794-489A-A72F-3F2298C0F174}.Release|x86.ActiveCfg = Release|Any CPU
		{730CE047-8794-489A-A72F-3F2298C0F174}.Release|x86.Build.0 = Release|Any CPU
		{0CA347AA-2B5F-434A-AAE4-607B66D20CE0}.Debug|Any CPU.ActiveCfg = Debug|Any CPU
		{0CA347AA-2B5F-434A-AAE4-607B66D20CE0}.Debug|Any CPU.Build.0 = Debug|Any CPU
		{0CA347AA-2B5F-434A-AAE4-607B66D20CE0}.Debug|x64.ActiveCfg = Debug|Any CPU
		{0CA347AA-2B5F-434A-AAE4-607B66D20CE0}.Debug|x64.Build.0 = Debug|Any CPU
		{0CA347AA-2B5F-434A-AAE4-607B66D20CE0}.Debug|x86.ActiveCfg = Debug|Any CPU
		{0CA347AA-2B5F-434A-AAE4-607B66D20CE0}.Debug|x86.Build.0 = Debug|Any CPU
		{0CA347AA-2B5F-434A-AAE4-607B66D20CE0}.Release|Any CPU.ActiveCfg = Release|Any CPU
		{0CA347AA-2B5F-434A-AAE4-607B66D20CE0}.Release|Any CPU.Build.0 = Release|Any CPU
		{0CA347AA-2B5F-434A-AAE4-607B66D20CE0}.Release|x64.ActiveCfg = Release|Any CPU
		{0CA347AA-2B5F-434A-AAE4-607B66D20CE0}.Release|x64.Build.0 = Release|Any CPU
		{0CA347AA-2B5F-434A-AAE4-607B66D20CE0}.Release|x86.ActiveCfg = Release|Any CPU
		{0CA347AA-2B5F-434A-AAE4-607B66D20CE0}.Release|x86.Build.0 = Release|Any CPU
		{56A54BD7-8679-412E-A759-72566651BA84}.Debug|Any CPU.ActiveCfg = Debug|Any CPU
		{56A54BD7-8679-412E-A759-72566651BA84}.Debug|Any CPU.Build.0 = Debug|Any CPU
		{56A54BD7-8679-412E-A759-72566651BA84}.Debug|x64.ActiveCfg = Debug|Any CPU
		{56A54BD7-8679-412E-A759-72566651BA84}.Debug|x64.Build.0 = Debug|Any CPU
		{56A54BD7-8679-412E-A759-72566651BA84}.Debug|x86.ActiveCfg = Debug|Any CPU
		{56A54BD7-8679-412E-A759-72566651BA84}.Debug|x86.Build.0 = Debug|Any CPU
		{56A54BD7-8679-412E-A759-72566651BA84}.Release|Any CPU.ActiveCfg = Release|Any CPU
		{56A54BD7-8679-412E-A759-72566651BA84}.Release|Any CPU.Build.0 = Release|Any CPU
		{56A54BD7-8679-412E-A759-72566651BA84}.Release|x64.ActiveCfg = Release|Any CPU
		{56A54BD7-8679-412E-A759-72566651BA84}.Release|x64.Build.0 = Release|Any CPU
		{56A54BD7-8679-412E-A759-72566651BA84}.Release|x86.ActiveCfg = Release|Any CPU
		{56A54BD7-8679-412E-A759-72566651BA84}.Release|x86.Build.0 = Release|Any CPU
	EndGlobalSection
	GlobalSection(SolutionProperties) = preSolution
		HideSolutionNode = FALSE
	EndGlobalSection
	GlobalSection(ExtensibilityGlobals) = postSolution
		SolutionGuid = {2FDEDE77-8C51-4B5B-BC5D-A8BEDCA01691}
	EndGlobalSection
EndGlobal
