
Microsoft Visual Studio Solution File, Format Version 12.00
# Visual Studio Version 16
VisualStudioVersion = 16.0.29806.167
MinimumVisualStudioVersion = 10.0.40219.1
Project("{FAE04EC0-301F-11D3-BF4B-00C04F79EFBC}") = "WpfApp2", "Desktop\WpfApp2\WpfApp2.csproj", "{FC03E7AD-F794-49EE-9803-61A7423BCEF7}"
EndProject
Project("{FAE04EC0-301F-11D3-BF4B-00C04F79EFBC}") = "AnalysisFramework", "Desktop\Analysis\AnalysisFramework\AnalysisFramework.csproj", "{4B41601C-F950-4E9D-9B9F-FF0920B96AAB}"
EndProject
Project("{FAE04EC0-301F-11D3-BF4B-00C04F79EFBC}") = "ConsoleApp1", "Desktop\Analysis\Analyze\ConsoleApp1\ConsoleApp1.csproj", "{FAD293B8-C008-4243-88FC-A3A8A01DB52D}"
EndProject
Project("{FAE04EC0-301F-11D3-BF4B-00C04F79EFBC}") = "ProjLib", "Desktop\Analysis\ProjLib\ProjLib.csproj", "{558E1C70-3D0F-4124-B115-91C35FE19379}"
EndProject
Project("{FAE04EC0-301F-11D3-BF4B-00C04F79EFBC}") = "ProjInterface", "Desktop\Analysis\ProjInterface\ProjInterface.csproj", "{4451AD21-AD52-49F1-874B-0BBAB2D4DF95}"
EndProject
Project("{FAE04EC0-301F-11D3-BF4B-00C04F79EFBC}") = "CodeAnalysisApp1", "Desktop\Analysis\CodeAnalysisApp1\CodeAnalysisApp1.csproj", "{8290C68F-59DF-4283-8961-22B47DD198BD}"
EndProject
Project("{FAE04EC0-301F-11D3-BF4B-00C04F79EFBC}") = "App1", "Desktop\App1\App1.csproj", "{D9A8D6EF-7632-4B7E-A70B-A0496274C201}"
EndProject
Project("{FAE04EC0-301F-11D3-BF4B-00C04F79EFBC}") = "WpfApp", "Desktop\WpfApp\WpfApp.csproj", "{74792445-F224-4C75-B204-094FF689D950}"
EndProject
Project("{FAE04EC0-301F-11D3-BF4B-00C04F79EFBC}") = "KayMcCormick.Lib.Wpf", "Desktop\Wpf\KayMcCormick.Lib.Wpf.csproj", "{3434E74C-D7B5-4315-A8E1-51DBCE878199}"
EndProject
Project("{FAE04EC0-301F-11D3-BF4B-00C04F79EFBC}") = "KayMcCormick.Dev", "KayMcCormick.Dev\KayMcCormick.Dev.csproj", "{6FCD1EF9-8936-4C8B-9F36-255CCE291CA9}"
EndProject
Project("{FAE04EC0-301F-11D3-BF4B-00C04F79EFBC}") = "ConfigTest", "ConfigTest\ConfigTest.csproj", "{A688C320-781A-4453-B86B-324785618DD8}"
EndProject
Project("{FAE04EC0-301F-11D3-BF4B-00C04F79EFBC}") = "LogService", "Services\LogService\LogService\LogService.csproj", "{29806796-4B30-4429-A447-75D5B89624D3}"
EndProject
Project("{9A19103F-16F7-4668-BE54-9A1E7A4F7556}") = "CommandLine", "CommandLine\src\CommandLine\CommandLine.csproj", "{D89BD4D2-8108-4167-8886-51E79720E5C2}"
EndProject
Global
	GlobalSection(SolutionConfigurationPlatforms) = preSolution
		Debug|Any CPU = Debug|Any CPU
		Debug|x64 = Debug|x64
		Debug|x86 = Debug|x86
		Release|Any CPU = Release|Any CPU
		Release|x64 = Release|x64
		Release|x86 = Release|x86
	EndGlobalSection
	GlobalSection(ProjectConfigurationPlatforms) = postSolution
		{FC03E7AD-F794-49EE-9803-61A7423BCEF7}.Debug|Any CPU.ActiveCfg = Debug|x86
		{FC03E7AD-F794-49EE-9803-61A7423BCEF7}.Debug|x64.ActiveCfg = Debug|x64
		{FC03E7AD-F794-49EE-9803-61A7423BCEF7}.Debug|x64.Build.0 = Debug|x64
		{FC03E7AD-F794-49EE-9803-61A7423BCEF7}.Debug|x86.ActiveCfg = Debug|x86
		{FC03E7AD-F794-49EE-9803-61A7423BCEF7}.Debug|x86.Build.0 = Debug|x86
		{FC03E7AD-F794-49EE-9803-61A7423BCEF7}.Release|Any CPU.ActiveCfg = Release|x86
		{FC03E7AD-F794-49EE-9803-61A7423BCEF7}.Release|x64.ActiveCfg = Release|x64
		{FC03E7AD-F794-49EE-9803-61A7423BCEF7}.Release|x64.Build.0 = Release|x64
		{FC03E7AD-F794-49EE-9803-61A7423BCEF7}.Release|x86.ActiveCfg = Release|x86
		{FC03E7AD-F794-49EE-9803-61A7423BCEF7}.Release|x86.Build.0 = Release|x86
		{4B41601C-F950-4E9D-9B9F-FF0920B96AAB}.Debug|Any CPU.ActiveCfg = Debug|x86
		{4B41601C-F950-4E9D-9B9F-FF0920B96AAB}.Debug|x64.ActiveCfg = Debug|x64
		{4B41601C-F950-4E9D-9B9F-FF0920B96AAB}.Debug|x64.Build.0 = Debug|x64
		{4B41601C-F950-4E9D-9B9F-FF0920B96AAB}.Debug|x86.ActiveCfg = Debug|x86
		{4B41601C-F950-4E9D-9B9F-FF0920B96AAB}.Debug|x86.Build.0 = Debug|x86
		{4B41601C-F950-4E9D-9B9F-FF0920B96AAB}.Release|Any CPU.ActiveCfg = Release|x86
		{4B41601C-F950-4E9D-9B9F-FF0920B96AAB}.Release|x64.ActiveCfg = Release|x64
		{4B41601C-F950-4E9D-9B9F-FF0920B96AAB}.Release|x64.Build.0 = Release|x64
		{4B41601C-F950-4E9D-9B9F-FF0920B96AAB}.Release|x86.ActiveCfg = Release|x86
		{4B41601C-F950-4E9D-9B9F-FF0920B96AAB}.Release|x86.Build.0 = Release|x86
		{FAD293B8-C008-4243-88FC-A3A8A01DB52D}.Debug|Any CPU.ActiveCfg = Debug|x86
		{FAD293B8-C008-4243-88FC-A3A8A01DB52D}.Debug|x64.ActiveCfg = Debug|x64
		{FAD293B8-C008-4243-88FC-A3A8A01DB52D}.Debug|x64.Build.0 = Debug|x64
		{FAD293B8-C008-4243-88FC-A3A8A01DB52D}.Debug|x86.ActiveCfg = Debug|x86
		{FAD293B8-C008-4243-88FC-A3A8A01DB52D}.Debug|x86.Build.0 = Debug|x86
		{FAD293B8-C008-4243-88FC-A3A8A01DB52D}.Release|Any CPU.ActiveCfg = Release|x86
		{FAD293B8-C008-4243-88FC-A3A8A01DB52D}.Release|x64.ActiveCfg = Release|x64
		{FAD293B8-C008-4243-88FC-A3A8A01DB52D}.Release|x64.Build.0 = Release|x64
		{FAD293B8-C008-4243-88FC-A3A8A01DB52D}.Release|x86.ActiveCfg = Release|x86
		{FAD293B8-C008-4243-88FC-A3A8A01DB52D}.Release|x86.Build.0 = Release|x86
		{558E1C70-3D0F-4124-B115-91C35FE19379}.Debug|Any CPU.ActiveCfg = Debug|x86
		{558E1C70-3D0F-4124-B115-91C35FE19379}.Debug|x64.ActiveCfg = Debug|x64
		{558E1C70-3D0F-4124-B115-91C35FE19379}.Debug|x64.Build.0 = Debug|x64
		{558E1C70-3D0F-4124-B115-91C35FE19379}.Debug|x86.ActiveCfg = Debug|x86
		{558E1C70-3D0F-4124-B115-91C35FE19379}.Debug|x86.Build.0 = Debug|x86
		{558E1C70-3D0F-4124-B115-91C35FE19379}.Release|Any CPU.ActiveCfg = Release|x86
		{558E1C70-3D0F-4124-B115-91C35FE19379}.Release|x64.ActiveCfg = Release|x64
		{558E1C70-3D0F-4124-B115-91C35FE19379}.Release|x64.Build.0 = Release|x64
		{558E1C70-3D0F-4124-B115-91C35FE19379}.Release|x86.ActiveCfg = Release|x86
		{558E1C70-3D0F-4124-B115-91C35FE19379}.Release|x86.Build.0 = Release|x86
		{4451AD21-AD52-49F1-874B-0BBAB2D4DF95}.Debug|Any CPU.ActiveCfg = Debug|x86
		{4451AD21-AD52-49F1-874B-0BBAB2D4DF95}.Debug|x64.ActiveCfg = Debug|x64
		{4451AD21-AD52-49F1-874B-0BBAB2D4DF95}.Debug|x64.Build.0 = Debug|x64
		{4451AD21-AD52-49F1-874B-0BBAB2D4DF95}.Debug|x86.ActiveCfg = Debug|x86
		{4451AD21-AD52-49F1-874B-0BBAB2D4DF95}.Debug|x86.Build.0 = Debug|x86
		{4451AD21-AD52-49F1-874B-0BBAB2D4DF95}.Release|Any CPU.ActiveCfg = Release|x86
		{4451AD21-AD52-49F1-874B-0BBAB2D4DF95}.Release|x64.ActiveCfg = Release|x64
		{4451AD21-AD52-49F1-874B-0BBAB2D4DF95}.Release|x64.Build.0 = Release|x64
		{4451AD21-AD52-49F1-874B-0BBAB2D4DF95}.Release|x86.ActiveCfg = Release|x86
		{4451AD21-AD52-49F1-874B-0BBAB2D4DF95}.Release|x86.Build.0 = Release|x86
		{8290C68F-59DF-4283-8961-22B47DD198BD}.Debug|Any CPU.ActiveCfg = Debug|x86
		{8290C68F-59DF-4283-8961-22B47DD198BD}.Debug|x64.ActiveCfg = Debug|x64
		{8290C68F-59DF-4283-8961-22B47DD198BD}.Debug|x64.Build.0 = Debug|x64
		{8290C68F-59DF-4283-8961-22B47DD198BD}.Debug|x86.ActiveCfg = Debug|x86
		{8290C68F-59DF-4283-8961-22B47DD198BD}.Debug|x86.Build.0 = Debug|x86
		{8290C68F-59DF-4283-8961-22B47DD198BD}.Release|Any CPU.ActiveCfg = Release|x86
		{8290C68F-59DF-4283-8961-22B47DD198BD}.Release|x64.ActiveCfg = Release|x64
		{8290C68F-59DF-4283-8961-22B47DD198BD}.Release|x64.Build.0 = Release|x64
		{8290C68F-59DF-4283-8961-22B47DD198BD}.Release|x86.ActiveCfg = Release|x86
		{8290C68F-59DF-4283-8961-22B47DD198BD}.Release|x86.Build.0 = Release|x86
		{D9A8D6EF-7632-4B7E-A70B-A0496274C201}.Debug|Any CPU.ActiveCfg = Debug|x86
		{D9A8D6EF-7632-4B7E-A70B-A0496274C201}.Debug|x64.ActiveCfg = Debug|x64
		{D9A8D6EF-7632-4B7E-A70B-A0496274C201}.Debug|x64.Build.0 = Debug|x64
		{D9A8D6EF-7632-4B7E-A70B-A0496274C201}.Debug|x86.ActiveCfg = Debug|x86
		{D9A8D6EF-7632-4B7E-A70B-A0496274C201}.Debug|x86.Build.0 = Debug|x86
		{D9A8D6EF-7632-4B7E-A70B-A0496274C201}.Release|Any CPU.ActiveCfg = Release|x86
		{D9A8D6EF-7632-4B7E-A70B-A0496274C201}.Release|x64.ActiveCfg = Release|x64
		{D9A8D6EF-7632-4B7E-A70B-A0496274C201}.Release|x64.Build.0 = Release|x64
		{D9A8D6EF-7632-4B7E-A70B-A0496274C201}.Release|x86.ActiveCfg = Release|x86
		{D9A8D6EF-7632-4B7E-A70B-A0496274C201}.Release|x86.Build.0 = Release|x86
		{74792445-F224-4C75-B204-094FF689D950}.Debug|Any CPU.ActiveCfg = Debug|x86
		{74792445-F224-4C75-B204-094FF689D950}.Debug|x64.ActiveCfg = Debug|x64
		{74792445-F224-4C75-B204-094FF689D950}.Debug|x64.Build.0 = Debug|x64
		{74792445-F224-4C75-B204-094FF689D950}.Debug|x86.ActiveCfg = Debug|x86
		{74792445-F224-4C75-B204-094FF689D950}.Debug|x86.Build.0 = Debug|x86
		{74792445-F224-4C75-B204-094FF689D950}.Release|Any CPU.ActiveCfg = Release|x86
		{74792445-F224-4C75-B204-094FF689D950}.Release|x64.ActiveCfg = Release|x64
		{74792445-F224-4C75-B204-094FF689D950}.Release|x64.Build.0 = Release|x64
		{74792445-F224-4C75-B204-094FF689D950}.Release|x86.ActiveCfg = Release|x86
		{74792445-F224-4C75-B204-094FF689D950}.Release|x86.Build.0 = Release|x86
		{3434E74C-D7B5-4315-A8E1-51DBCE878199}.Debug|Any CPU.ActiveCfg = Debug|x86
		{3434E74C-D7B5-4315-A8E1-51DBCE878199}.Debug|x64.ActiveCfg = Debug|x64
		{3434E74C-D7B5-4315-A8E1-51DBCE878199}.Debug|x64.Build.0 = Debug|x64
		{3434E74C-D7B5-4315-A8E1-51DBCE878199}.Debug|x86.ActiveCfg = Debug|x86
		{3434E74C-D7B5-4315-A8E1-51DBCE878199}.Debug|x86.Build.0 = Debug|x86
		{3434E74C-D7B5-4315-A8E1-51DBCE878199}.Release|Any CPU.ActiveCfg = Release|x86
		{3434E74C-D7B5-4315-A8E1-51DBCE878199}.Release|x64.ActiveCfg = Release|x64
		{3434E74C-D7B5-4315-A8E1-51DBCE878199}.Release|x64.Build.0 = Release|x64
		{3434E74C-D7B5-4315-A8E1-51DBCE878199}.Release|x86.ActiveCfg = Release|x86
		{3434E74C-D7B5-4315-A8E1-51DBCE878199}.Release|x86.Build.0 = Release|x86
		{6FCD1EF9-8936-4C8B-9F36-255CCE291CA9}.Debug|Any CPU.ActiveCfg = Debug|x86
		{6FCD1EF9-8936-4C8B-9F36-255CCE291CA9}.Debug|x64.ActiveCfg = Debug|x64
		{6FCD1EF9-8936-4C8B-9F36-255CCE291CA9}.Debug|x64.Build.0 = Debug|x64
		{6FCD1EF9-8936-4C8B-9F36-255CCE291CA9}.Debug|x86.ActiveCfg = Debug|x86
		{6FCD1EF9-8936-4C8B-9F36-255CCE291CA9}.Debug|x86.Build.0 = Debug|x86
		{6FCD1EF9-8936-4C8B-9F36-255CCE291CA9}.Release|Any CPU.ActiveCfg = Release|x86
		{6FCD1EF9-8936-4C8B-9F36-255CCE291CA9}.Release|x64.ActiveCfg = Release|x64
		{6FCD1EF9-8936-4C8B-9F36-255CCE291CA9}.Release|x64.Build.0 = Release|x64
		{6FCD1EF9-8936-4C8B-9F36-255CCE291CA9}.Release|x86.ActiveCfg = Release|x86
		{6FCD1EF9-8936-4C8B-9F36-255CCE291CA9}.Release|x86.Build.0 = Release|x86
		{A688C320-781A-4453-B86B-324785618DD8}.Debug|Any CPU.ActiveCfg = Debug|x86
		{A688C320-781A-4453-B86B-324785618DD8}.Debug|x64.ActiveCfg = Debug|x64
		{A688C320-781A-4453-B86B-324785618DD8}.Debug|x64.Build.0 = Debug|x64
		{A688C320-781A-4453-B86B-324785618DD8}.Debug|x86.ActiveCfg = Debug|x86
		{A688C320-781A-4453-B86B-324785618DD8}.Debug|x86.Build.0 = Debug|x86
		{A688C320-781A-4453-B86B-324785618DD8}.Release|Any CPU.ActiveCfg = Release|x86
		{A688C320-781A-4453-B86B-324785618DD8}.Release|x64.ActiveCfg = Release|x64
		{A688C320-781A-4453-B86B-324785618DD8}.Release|x64.Build.0 = Release|x64
		{A688C320-781A-4453-B86B-324785618DD8}.Release|x86.ActiveCfg = Release|x86
		{A688C320-781A-4453-B86B-324785618DD8}.Release|x86.Build.0 = Release|x86
		{29806796-4B30-4429-A447-75D5B89624D3}.Debug|Any CPU.ActiveCfg = Debug|x86
		{29806796-4B30-4429-A447-75D5B89624D3}.Debug|x64.ActiveCfg = Debug|x64
		{29806796-4B30-4429-A447-75D5B89624D3}.Debug|x64.Build.0 = Debug|x64
		{29806796-4B30-4429-A447-75D5B89624D3}.Debug|x86.ActiveCfg = Debug|x86
		{29806796-4B30-4429-A447-75D5B89624D3}.Debug|x86.Build.0 = Debug|x86
		{29806796-4B30-4429-A447-75D5B89624D3}.Release|Any CPU.ActiveCfg = Release|x86
		{29806796-4B30-4429-A447-75D5B89624D3}.Release|x64.ActiveCfg = Release|x64
		{29806796-4B30-4429-A447-75D5B89624D3}.Release|x64.Build.0 = Release|x64
		{29806796-4B30-4429-A447-75D5B89624D3}.Release|x86.ActiveCfg = Release|x86
		{29806796-4B30-4429-A447-75D5B89624D3}.Release|x86.Build.0 = Release|x86
		{D89BD4D2-8108-4167-8886-51E79720E5C2}.Debug|Any CPU.ActiveCfg = Debug|Any CPU
		{D89BD4D2-8108-4167-8886-51E79720E5C2}.Debug|Any CPU.Build.0 = Debug|Any CPU
		{D89BD4D2-8108-4167-8886-51E79720E5C2}.Debug|x64.ActiveCfg = Debug|x64
		{D89BD4D2-8108-4167-8886-51E79720E5C2}.Debug|x64.Build.0 = Debug|x64
		{D89BD4D2-8108-4167-8886-51E79720E5C2}.Debug|x86.ActiveCfg = Debug|x86
		{D89BD4D2-8108-4167-8886-51E79720E5C2}.Debug|x86.Build.0 = Debug|x86
		{D89BD4D2-8108-4167-8886-51E79720E5C2}.Release|Any CPU.ActiveCfg = Release|Any CPU
		{D89BD4D2-8108-4167-8886-51E79720E5C2}.Release|Any CPU.Build.0 = Release|Any CPU
		{D89BD4D2-8108-4167-8886-51E79720E5C2}.Release|x64.ActiveCfg = Release|x64
		{D89BD4D2-8108-4167-8886-51E79720E5C2}.Release|x64.Build.0 = Release|x64
		{D89BD4D2-8108-4167-8886-51E79720E5C2}.Release|x86.ActiveCfg = Release|x86
		{D89BD4D2-8108-4167-8886-51E79720E5C2}.Release|x86.Build.0 = Release|x86
	EndGlobalSection
	GlobalSection(SolutionProperties) = preSolution
		HideSolutionNode = FALSE
	EndGlobalSection
	GlobalSection(ExtensibilityGlobals) = postSolution
		SolutionGuid = {24625A87-A5C2-43B4-B8C5-47AE37052536}
	EndGlobalSection
EndGlobal
