
Microsoft Visual Studio Solution File, Format Version 12.00
# Visual Studio Version 16
VisualStudioVersion = 16.0.29806.167
MinimumVisualStudioVersion = 10.0.40219.1
Project("{FAE04EC0-301F-11D3-BF4B-00C04F79EFBC}") = "KayMcCormick.Dev", "KayMcCormick.Dev\KayMcCormick.Dev.csproj", "{6FCD1EF9-8936-4C8B-9F36-255CCE291CA9}"
EndProject
Project("{FAE04EC0-301F-11D3-BF4B-00C04F79EFBC}") = "CodeAnalysisApp1", "Desktop\Analysis\CodeAnalysisApp1\CodeAnalysisApp1.csproj", "{8290C68F-59DF-4283-8961-22B47DD198BD}"
EndProject
Project("{2150E333-8FDC-42A3-9474-1A3956D46DE8}") = "Desktop", "Desktop", "{18C721D5-8339-4A66-8A6F-2B974ACD9598}"
EndProject
Project("{2150E333-8FDC-42A3-9474-1A3956D46DE8}") = "Analysis", "Analysis", "{99D68A6A-FD3D-4AAB-A02C-4307A6851F17}"
EndProject
Project("{2150E333-8FDC-42A3-9474-1A3956D46DE8}") = "Tests", "Tests", "{DBDC2DF6-0316-4E7D-A6D4-B09CA321CAB7}"
EndProject
Project("{FAE04EC0-301F-11D3-BF4B-00C04F79EFBC}") = "ProjInterface", "Desktop\Analysis\ProjInterface\ProjInterface.csproj", "{4451AD21-AD52-49F1-874B-0BBAB2D4DF95}"
EndProject
Project("{FAE04EC0-301F-11D3-BF4B-00C04F79EFBC}") = "ProjLib", "Desktop\Analysis\ProjLib\ProjLib.csproj", "{558E1C70-3D0F-4124-B115-91C35FE19379}"
EndProject
Project("{2150E333-8FDC-42A3-9474-1A3956D46DE8}") = "Refactoring", "Refactoring", "{A85F1F2B-E221-432A-A17F-78CE5148BCCB}"
EndProject
Project("{2150E333-8FDC-42A3-9474-1A3956D46DE8}") = "ClassLib", "ClassLib", "{AD12953D-9230-4ADC-A115-596FBFAADBE7}"
EndProject
Project("{9A19103F-16F7-4668-BE54-9A1E7A4F7556}") = "CodeAnalysisApp1Tests", "Tests\CodeAnalysisApp1Tests\CodeAnalysisApp1Tests.csproj", "{8FEA5B24-628C-42A5-AC5D-1F1A4CC44CF3}"
EndProject
Project("{FAE04EC0-301F-11D3-BF4B-00C04F79EFBC}") = "ProjTests", "ProjTests\ProjTests.csproj", "{6D7202D1-954A-4431-B733-6B47F17B2A02}"
EndProject
Global
	GlobalSection(SolutionConfigurationPlatforms) = preSolution
		Debug|Any CPU = Debug|Any CPU
		Debug|x64 = Debug|x64
		Debug|x86 = Debug|x86
		Release|Any CPU = Release|Any CPU
		Release|x64 = Release|x64
		Release|x86 = Release|x86
	EndGlobalSection
	GlobalSection(ProjectConfigurationPlatforms) = postSolution
		{6FCD1EF9-8936-4C8B-9F36-255CCE291CA9}.Debug|Any CPU.ActiveCfg = Debug|x86
		{6FCD1EF9-8936-4C8B-9F36-255CCE291CA9}.Debug|x64.ActiveCfg = Debug|x64
		{6FCD1EF9-8936-4C8B-9F36-255CCE291CA9}.Debug|x64.Build.0 = Debug|x64
		{6FCD1EF9-8936-4C8B-9F36-255CCE291CA9}.Debug|x86.ActiveCfg = Debug|x86
		{6FCD1EF9-8936-4C8B-9F36-255CCE291CA9}.Debug|x86.Build.0 = Debug|x86
		{6FCD1EF9-8936-4C8B-9F36-255CCE291CA9}.Release|Any CPU.ActiveCfg = Release|x86
		{6FCD1EF9-8936-4C8B-9F36-255CCE291CA9}.Release|x64.ActiveCfg = Release|x64
		{6FCD1EF9-8936-4C8B-9F36-255CCE291CA9}.Release|x64.Build.0 = Release|x64
		{6FCD1EF9-8936-4C8B-9F36-255CCE291CA9}.Release|x86.ActiveCfg = Release|x86
		{6FCD1EF9-8936-4C8B-9F36-255CCE291CA9}.Release|x86.Build.0 = Release|x86
		{8290C68F-59DF-4283-8961-22B47DD198BD}.Debug|Any CPU.ActiveCfg = Debug|x86
		{8290C68F-59DF-4283-8961-22B47DD198BD}.Debug|x64.ActiveCfg = Debug|x64
		{8290C68F-59DF-4283-8961-22B47DD198BD}.Debug|x64.Build.0 = Debug|x64
		{8290C68F-59DF-4283-8961-22B47DD198BD}.Debug|x86.ActiveCfg = Debug|x86
		{8290C68F-59DF-4283-8961-22B47DD198BD}.Debug|x86.Build.0 = Debug|x86
		{8290C68F-59DF-4283-8961-22B47DD198BD}.Release|Any CPU.ActiveCfg = Release|x86
		{8290C68F-59DF-4283-8961-22B47DD198BD}.Release|x64.ActiveCfg = Release|x64
		{8290C68F-59DF-4283-8961-22B47DD198BD}.Release|x64.Build.0 = Release|x64
		{8290C68F-59DF-4283-8961-22B47DD198BD}.Release|x86.ActiveCfg = Release|x86
		{8290C68F-59DF-4283-8961-22B47DD198BD}.Release|x86.Build.0 = Release|x86
		{4451AD21-AD52-49F1-874B-0BBAB2D4DF95}.Debug|Any CPU.ActiveCfg = Debug|x86
		{4451AD21-AD52-49F1-874B-0BBAB2D4DF95}.Debug|x64.ActiveCfg = Debug|x64
		{4451AD21-AD52-49F1-874B-0BBAB2D4DF95}.Debug|x64.Build.0 = Debug|x64
		{4451AD21-AD52-49F1-874B-0BBAB2D4DF95}.Debug|x86.ActiveCfg = Debug|x86
		{4451AD21-AD52-49F1-874B-0BBAB2D4DF95}.Debug|x86.Build.0 = Debug|x86
		{4451AD21-AD52-49F1-874B-0BBAB2D4DF95}.Release|Any CPU.ActiveCfg = Release|x86
		{4451AD21-AD52-49F1-874B-0BBAB2D4DF95}.Release|x64.ActiveCfg = Release|x64
		{4451AD21-AD52-49F1-874B-0BBAB2D4DF95}.Release|x64.Build.0 = Release|x64
		{4451AD21-AD52-49F1-874B-0BBAB2D4DF95}.Release|x86.ActiveCfg = Release|x86
		{4451AD21-AD52-49F1-874B-0BBAB2D4DF95}.Release|x86.Build.0 = Release|x86
		{558E1C70-3D0F-4124-B115-91C35FE19379}.Debug|Any CPU.ActiveCfg = Debug|x86
		{558E1C70-3D0F-4124-B115-91C35FE19379}.Debug|x64.ActiveCfg = Debug|x64
		{558E1C70-3D0F-4124-B115-91C35FE19379}.Debug|x64.Build.0 = Debug|x64
		{558E1C70-3D0F-4124-B115-91C35FE19379}.Debug|x86.ActiveCfg = Debug|x86
		{558E1C70-3D0F-4124-B115-91C35FE19379}.Debug|x86.Build.0 = Debug|x86
		{558E1C70-3D0F-4124-B115-91C35FE19379}.Release|Any CPU.ActiveCfg = Release|x86
		{558E1C70-3D0F-4124-B115-91C35FE19379}.Release|x64.ActiveCfg = Release|x64
		{558E1C70-3D0F-4124-B115-91C35FE19379}.Release|x64.Build.0 = Release|x64
		{558E1C70-3D0F-4124-B115-91C35FE19379}.Release|x86.ActiveCfg = Release|x86
		{558E1C70-3D0F-4124-B115-91C35FE19379}.Release|x86.Build.0 = Release|x86
		{8FEA5B24-628C-42A5-AC5D-1F1A4CC44CF3}.Debug|Any CPU.ActiveCfg = Debug|x86
		{8FEA5B24-628C-42A5-AC5D-1F1A4CC44CF3}.Debug|x64.ActiveCfg = Debug|x64
		{8FEA5B24-628C-42A5-AC5D-1F1A4CC44CF3}.Debug|x64.Build.0 = Debug|x64
		{8FEA5B24-628C-42A5-AC5D-1F1A4CC44CF3}.Debug|x86.ActiveCfg = Debug|x86
		{8FEA5B24-628C-42A5-AC5D-1F1A4CC44CF3}.Debug|x86.Build.0 = Debug|x86
		{8FEA5B24-628C-42A5-AC5D-1F1A4CC44CF3}.Release|Any CPU.ActiveCfg = Release|x86
		{8FEA5B24-628C-42A5-AC5D-1F1A4CC44CF3}.Release|x64.ActiveCfg = Release|x64
		{8FEA5B24-628C-42A5-AC5D-1F1A4CC44CF3}.Release|x64.Build.0 = Release|x64
		{8FEA5B24-628C-42A5-AC5D-1F1A4CC44CF3}.Release|x86.ActiveCfg = Release|x86
		{8FEA5B24-628C-42A5-AC5D-1F1A4CC44CF3}.Release|x86.Build.0 = Release|x86
		{6D7202D1-954A-4431-B733-6B47F17B2A02}.Debug|Any CPU.ActiveCfg = Debug|Any CPU
		{6D7202D1-954A-4431-B733-6B47F17B2A02}.Debug|Any CPU.Build.0 = Debug|Any CPU
		{6D7202D1-954A-4431-B733-6B47F17B2A02}.Debug|x64.ActiveCfg = Debug|Any CPU
		{6D7202D1-954A-4431-B733-6B47F17B2A02}.Debug|x64.Build.0 = Debug|Any CPU
		{6D7202D1-954A-4431-B733-6B47F17B2A02}.Debug|x86.ActiveCfg = Debug|x86
		{6D7202D1-954A-4431-B733-6B47F17B2A02}.Debug|x86.Build.0 = Debug|x86
		{6D7202D1-954A-4431-B733-6B47F17B2A02}.Release|Any CPU.ActiveCfg = Release|Any CPU
		{6D7202D1-954A-4431-B733-6B47F17B2A02}.Release|Any CPU.Build.0 = Release|Any CPU
		{6D7202D1-954A-4431-B733-6B47F17B2A02}.Release|x64.ActiveCfg = Release|Any CPU
		{6D7202D1-954A-4431-B733-6B47F17B2A02}.Release|x64.Build.0 = Release|Any CPU
		{6D7202D1-954A-4431-B733-6B47F17B2A02}.Release|x86.ActiveCfg = Release|Any CPU
		{6D7202D1-954A-4431-B733-6B47F17B2A02}.Release|x86.Build.0 = Release|Any CPU
	EndGlobalSection
	GlobalSection(SolutionProperties) = preSolution
		HideSolutionNode = FALSE
	EndGlobalSection
	GlobalSection(NestedProjects) = preSolution
		{6FCD1EF9-8936-4C8B-9F36-255CCE291CA9} = {AD12953D-9230-4ADC-A115-596FBFAADBE7}
		{8290C68F-59DF-4283-8961-22B47DD198BD} = {99D68A6A-FD3D-4AAB-A02C-4307A6851F17}
		{99D68A6A-FD3D-4AAB-A02C-4307A6851F17} = {18C721D5-8339-4A66-8A6F-2B974ACD9598}
		{4451AD21-AD52-49F1-874B-0BBAB2D4DF95} = {99D68A6A-FD3D-4AAB-A02C-4307A6851F17}
		{558E1C70-3D0F-4124-B115-91C35FE19379} = {99D68A6A-FD3D-4AAB-A02C-4307A6851F17}
		{A85F1F2B-E221-432A-A17F-78CE5148BCCB} = {99D68A6A-FD3D-4AAB-A02C-4307A6851F17}
		{6D7202D1-954A-4431-B733-6B47F17B2A02} = {DBDC2DF6-0316-4E7D-A6D4-B09CA321CAB7}
	EndGlobalSection
	GlobalSection(ExtensibilityGlobals) = postSolution
		SolutionGuid = {4E0A2F67-7D8F-4910-BFB7-8AE9E0B25204}
	EndGlobalSection
EndGlobal
