
Microsoft Visual Studio Solution File, Format Version 12.00
# Visual Studio Version 16
VisualStudioVersion = 16.0.30011.22
MinimumVisualStudioVersion = 10.0.40219.1
Project("{FAE04EC0-301F-11D3-BF4B-00C04F79EFBC}") = "KayMcCormick.Dev", "KayMcCormick.Dev\KayMcCormick.Dev.csproj", "{6FCD1EF9-8936-4C8B-9F36-255CCE291CA9}"
EndProject
Project("{2150E333-8FDC-42A3-9474-1A3956D46DE8}") = "Desktop", "Desktop", "{18C721D5-8339-4A66-8A6F-2B974ACD9598}"
EndProject
Project("{2150E333-8FDC-42A3-9474-1A3956D46DE8}") = "Analysis", "Analysis", "{99D68A6A-FD3D-4AAB-A02C-4307A6851F17}"
EndProject
Project("{2150E333-8FDC-42A3-9474-1A3956D46DE8}") = "Tests", "Tests", "{DBDC2DF6-0316-4E7D-A6D4-B09CA321CAB7}"
EndProject
Project("{2150E333-8FDC-42A3-9474-1A3956D46DE8}") = "ClassLib", "ClassLib", "{AD12953D-9230-4ADC-A115-596FBFAADBE7}"
EndProject
Project("{FAE04EC0-301F-11D3-BF4B-00C04F79EFBC}") = "AnalysisControls", "Desktop\Analysis\AnalysisControls\AnalysisControls.csproj", "{BCF8F7FB-8C2A-4583-8F62-EADEE645243C}"
EndProject
Project("{2150E333-8FDC-42A3-9474-1A3956D46DE8}") = "Solution Items", "Solution Items", "{7B99D87D-95C8-4A9B-8CBD-6494E55E77BF}"
	ProjectSection(SolutionItems) = preProject
		CodeMap1.dgml = CodeMap1.dgml
		CodeMap2.dgml = CodeMap2.dgml
		CodeMap2_1.dgml = CodeMap2_1.dgml
		CodeMap2_1_1.dgml = CodeMap2_1_1.dgml
		CodeMap2_1_1_1.dgml = CodeMap2_1_1_1.dgml
		CodeMap2_1_1_2.dgml = CodeMap2_1_1_2.dgml
		CodeMap3.-2dgml.dgml = CodeMap3.-2dgml.dgml
		CodeMap3.dgml = CodeMap3.dgml
		CodeMap4.dgml = CodeMap4.dgml
	EndProjectSection
EndProject
Project("{FAE04EC0-301F-11D3-BF4B-00C04F79EFBC}") = "Explorer", "..\WpfExplorer\Explorer\Explorer.csproj", "{03FB5D97-71E4-4304-B52F-6836605398B5}"
EndProject
Project("{FAE04EC0-301F-11D3-BF4B-00C04F79EFBC}") = "AnalysisAppLib", "Desktop\Analysis\AnalysisAppLib\AnalysisAppLib.csproj", "{0381D4D0-945E-4340-B974-9D07B2830D4F}"
EndProject
Project("{FAE04EC0-301F-11D3-BF4B-00C04F79EFBC}") = "ModelTests", "Tests\ModelTests\ModelTests.csproj", "{B0165914-17FA-4C02-BFD1-BF2F6C664152}"
EndProject
Project("{FAE04EC0-301F-11D3-BF4B-00C04F79EFBC}") = "ProjTests", "Tests\ProjTests\ProjTests.csproj", "{6D7202D1-954A-4431-B733-6B47F17B2A02}"
EndProject
Project("{FAE04EC0-301F-11D3-BF4B-00C04F79EFBC}") = "WpfLib", "Desktop\WpfLib\WpfLib.csproj", "{2012CAA5-09C0-4E58-81B4-5007C9D31DB9}"
EndProject
Project("{9A19103F-16F7-4668-BE54-9A1E7A4F7556}") = "AvalonDock", "..\..\..\AvalonDock\source\Components\AvalonDock\AvalonDock.csproj", "{11221345-BC85-488C-8E5C-395C0F848682}"
EndProject
Project("{FAE04EC0-301F-11D3-BF4B-00C04F79EFBC}") = "TestCodeRendererApp", "TestCodeRendererApp\TestCodeRendererApp.csproj", "{4D046126-813D-40A0-9589-624602720EDC}"
EndProject
Project("{FAE04EC0-301F-11D3-BF4B-00C04F79EFBC}") = "FindLogUsages", "Desktop\Analysis\FindLogUsages\FindLogUsages.csproj", "{BCC116D4-A7B9-4BB8-AE90-5D95E60B41CC}"
EndProject
Global
	GlobalSection(SolutionConfigurationPlatforms) = preSolution
		Debug|Any CPU = Debug|Any CPU
		Debug|ARM = Debug|ARM
		Debug|ARM64 = Debug|ARM64
		Debug|x64 = Debug|x64
		Debug|x86 = Debug|x86
		Release|Any CPU = Release|Any CPU
		Release|ARM = Release|ARM
		Release|ARM64 = Release|ARM64
		Release|x64 = Release|x64
		Release|x86 = Release|x86
	EndGlobalSection
	GlobalSection(ProjectConfigurationPlatforms) = postSolution
		{6FCD1EF9-8936-4C8B-9F36-255CCE291CA9}.Debug|Any CPU.ActiveCfg = Debug|Any CPU
		{6FCD1EF9-8936-4C8B-9F36-255CCE291CA9}.Debug|Any CPU.Build.0 = Debug|Any CPU
		{6FCD1EF9-8936-4C8B-9F36-255CCE291CA9}.Debug|ARM.ActiveCfg = Debug|Any CPU
		{6FCD1EF9-8936-4C8B-9F36-255CCE291CA9}.Debug|ARM.Build.0 = Debug|Any CPU
		{6FCD1EF9-8936-4C8B-9F36-255CCE291CA9}.Debug|ARM64.ActiveCfg = Debug|Any CPU
		{6FCD1EF9-8936-4C8B-9F36-255CCE291CA9}.Debug|ARM64.Build.0 = Debug|Any CPU
		{6FCD1EF9-8936-4C8B-9F36-255CCE291CA9}.Debug|x64.ActiveCfg = Debug|x64
		{6FCD1EF9-8936-4C8B-9F36-255CCE291CA9}.Debug|x64.Build.0 = Debug|x64
		{6FCD1EF9-8936-4C8B-9F36-255CCE291CA9}.Debug|x86.ActiveCfg = Debug|x86
		{6FCD1EF9-8936-4C8B-9F36-255CCE291CA9}.Debug|x86.Build.0 = Debug|x86
		{6FCD1EF9-8936-4C8B-9F36-255CCE291CA9}.Release|Any CPU.ActiveCfg = Release|Any CPU
		{6FCD1EF9-8936-4C8B-9F36-255CCE291CA9}.Release|Any CPU.Build.0 = Release|Any CPU
		{6FCD1EF9-8936-4C8B-9F36-255CCE291CA9}.Release|ARM.ActiveCfg = Release|Any CPU
		{6FCD1EF9-8936-4C8B-9F36-255CCE291CA9}.Release|ARM.Build.0 = Release|Any CPU
		{6FCD1EF9-8936-4C8B-9F36-255CCE291CA9}.Release|ARM64.ActiveCfg = Release|Any CPU
		{6FCD1EF9-8936-4C8B-9F36-255CCE291CA9}.Release|ARM64.Build.0 = Release|Any CPU
		{6FCD1EF9-8936-4C8B-9F36-255CCE291CA9}.Release|x64.ActiveCfg = Release|x64
		{6FCD1EF9-8936-4C8B-9F36-255CCE291CA9}.Release|x64.Build.0 = Release|x64
		{6FCD1EF9-8936-4C8B-9F36-255CCE291CA9}.Release|x86.ActiveCfg = Release|x86
		{6FCD1EF9-8936-4C8B-9F36-255CCE291CA9}.Release|x86.Build.0 = Release|x86
		{BCF8F7FB-8C2A-4583-8F62-EADEE645243C}.Debug|Any CPU.ActiveCfg = Debug|x86
		{BCF8F7FB-8C2A-4583-8F62-EADEE645243C}.Debug|ARM.ActiveCfg = Debug|x86
		{BCF8F7FB-8C2A-4583-8F62-EADEE645243C}.Debug|ARM64.ActiveCfg = Debug|x86
		{BCF8F7FB-8C2A-4583-8F62-EADEE645243C}.Debug|x64.ActiveCfg = Debug|x64
		{BCF8F7FB-8C2A-4583-8F62-EADEE645243C}.Debug|x64.Build.0 = Debug|x64
		{BCF8F7FB-8C2A-4583-8F62-EADEE645243C}.Debug|x86.ActiveCfg = Debug|x86
		{BCF8F7FB-8C2A-4583-8F62-EADEE645243C}.Debug|x86.Build.0 = Debug|x86
		{BCF8F7FB-8C2A-4583-8F62-EADEE645243C}.Release|Any CPU.ActiveCfg = Release|x86
		{BCF8F7FB-8C2A-4583-8F62-EADEE645243C}.Release|ARM.ActiveCfg = Release|x86
		{BCF8F7FB-8C2A-4583-8F62-EADEE645243C}.Release|ARM64.ActiveCfg = Release|x86
		{BCF8F7FB-8C2A-4583-8F62-EADEE645243C}.Release|x64.ActiveCfg = Release|x64
		{BCF8F7FB-8C2A-4583-8F62-EADEE645243C}.Release|x64.Build.0 = Release|x64
		{BCF8F7FB-8C2A-4583-8F62-EADEE645243C}.Release|x86.ActiveCfg = Release|x86
		{BCF8F7FB-8C2A-4583-8F62-EADEE645243C}.Release|x86.Build.0 = Release|x86
		{03FB5D97-71E4-4304-B52F-6836605398B5}.Debug|Any CPU.ActiveCfg = Debug|x86
		{03FB5D97-71E4-4304-B52F-6836605398B5}.Debug|ARM.ActiveCfg = Debug|x86
		{03FB5D97-71E4-4304-B52F-6836605398B5}.Debug|ARM64.ActiveCfg = Debug|x86
		{03FB5D97-71E4-4304-B52F-6836605398B5}.Debug|x64.ActiveCfg = Debug|x64
		{03FB5D97-71E4-4304-B52F-6836605398B5}.Debug|x64.Build.0 = Debug|x64
		{03FB5D97-71E4-4304-B52F-6836605398B5}.Debug|x86.ActiveCfg = Debug|x86
		{03FB5D97-71E4-4304-B52F-6836605398B5}.Debug|x86.Build.0 = Debug|x86
		{03FB5D97-71E4-4304-B52F-6836605398B5}.Release|Any CPU.ActiveCfg = Release|x86
		{03FB5D97-71E4-4304-B52F-6836605398B5}.Release|ARM.ActiveCfg = Release|x86
		{03FB5D97-71E4-4304-B52F-6836605398B5}.Release|ARM64.ActiveCfg = Release|x86
		{03FB5D97-71E4-4304-B52F-6836605398B5}.Release|x64.ActiveCfg = Release|x64
		{03FB5D97-71E4-4304-B52F-6836605398B5}.Release|x64.Build.0 = Release|x64
		{03FB5D97-71E4-4304-B52F-6836605398B5}.Release|x86.ActiveCfg = Release|x86
		{03FB5D97-71E4-4304-B52F-6836605398B5}.Release|x86.Build.0 = Release|x86
		{0381D4D0-945E-4340-B974-9D07B2830D4F}.Debug|Any CPU.ActiveCfg = Debug|x86
		{0381D4D0-945E-4340-B974-9D07B2830D4F}.Debug|ARM.ActiveCfg = Debug|x86
		{0381D4D0-945E-4340-B974-9D07B2830D4F}.Debug|ARM64.ActiveCfg = Debug|x86
		{0381D4D0-945E-4340-B974-9D07B2830D4F}.Debug|x64.ActiveCfg = Debug|x64
		{0381D4D0-945E-4340-B974-9D07B2830D4F}.Debug|x64.Build.0 = Debug|x64
		{0381D4D0-945E-4340-B974-9D07B2830D4F}.Debug|x86.ActiveCfg = Debug|x86
		{0381D4D0-945E-4340-B974-9D07B2830D4F}.Debug|x86.Build.0 = Debug|x86
		{0381D4D0-945E-4340-B974-9D07B2830D4F}.Release|Any CPU.ActiveCfg = Release|x86
		{0381D4D0-945E-4340-B974-9D07B2830D4F}.Release|ARM.ActiveCfg = Release|x86
		{0381D4D0-945E-4340-B974-9D07B2830D4F}.Release|ARM64.ActiveCfg = Release|x86
		{0381D4D0-945E-4340-B974-9D07B2830D4F}.Release|x64.ActiveCfg = Release|x64
		{0381D4D0-945E-4340-B974-9D07B2830D4F}.Release|x64.Build.0 = Release|x64
		{0381D4D0-945E-4340-B974-9D07B2830D4F}.Release|x86.ActiveCfg = Release|x86
		{0381D4D0-945E-4340-B974-9D07B2830D4F}.Release|x86.Build.0 = Release|x86
		{B0165914-17FA-4C02-BFD1-BF2F6C664152}.Debug|Any CPU.ActiveCfg = Debug|x86
		{B0165914-17FA-4C02-BFD1-BF2F6C664152}.Debug|ARM.ActiveCfg = Debug|x86
		{B0165914-17FA-4C02-BFD1-BF2F6C664152}.Debug|ARM64.ActiveCfg = Debug|x86
		{B0165914-17FA-4C02-BFD1-BF2F6C664152}.Debug|x64.ActiveCfg = Debug|x64
		{B0165914-17FA-4C02-BFD1-BF2F6C664152}.Debug|x64.Build.0 = Debug|x64
		{B0165914-17FA-4C02-BFD1-BF2F6C664152}.Debug|x86.ActiveCfg = Debug|x86
		{B0165914-17FA-4C02-BFD1-BF2F6C664152}.Debug|x86.Build.0 = Debug|x86
		{B0165914-17FA-4C02-BFD1-BF2F6C664152}.Release|Any CPU.ActiveCfg = Release|x86
		{B0165914-17FA-4C02-BFD1-BF2F6C664152}.Release|ARM.ActiveCfg = Release|x86
		{B0165914-17FA-4C02-BFD1-BF2F6C664152}.Release|ARM64.ActiveCfg = Release|x86
		{B0165914-17FA-4C02-BFD1-BF2F6C664152}.Release|x64.ActiveCfg = Release|x64
		{B0165914-17FA-4C02-BFD1-BF2F6C664152}.Release|x64.Build.0 = Release|x64
		{B0165914-17FA-4C02-BFD1-BF2F6C664152}.Release|x86.ActiveCfg = Release|x86
		{B0165914-17FA-4C02-BFD1-BF2F6C664152}.Release|x86.Build.0 = Release|x86
		{6D7202D1-954A-4431-B733-6B47F17B2A02}.Debug|Any CPU.ActiveCfg = Debug|x86
		{6D7202D1-954A-4431-B733-6B47F17B2A02}.Debug|ARM.ActiveCfg = Debug|x86
		{6D7202D1-954A-4431-B733-6B47F17B2A02}.Debug|ARM64.ActiveCfg = Debug|x86
		{6D7202D1-954A-4431-B733-6B47F17B2A02}.Debug|x64.ActiveCfg = Debug|x64
		{6D7202D1-954A-4431-B733-6B47F17B2A02}.Debug|x64.Build.0 = Debug|x64
		{6D7202D1-954A-4431-B733-6B47F17B2A02}.Debug|x86.ActiveCfg = Debug|x86
		{6D7202D1-954A-4431-B733-6B47F17B2A02}.Debug|x86.Build.0 = Debug|x86
		{6D7202D1-954A-4431-B733-6B47F17B2A02}.Release|Any CPU.ActiveCfg = Release|x86
		{6D7202D1-954A-4431-B733-6B47F17B2A02}.Release|ARM.ActiveCfg = Release|x86
		{6D7202D1-954A-4431-B733-6B47F17B2A02}.Release|ARM64.ActiveCfg = Release|x86
		{6D7202D1-954A-4431-B733-6B47F17B2A02}.Release|x64.ActiveCfg = Release|x64
		{6D7202D1-954A-4431-B733-6B47F17B2A02}.Release|x64.Build.0 = Release|x64
		{6D7202D1-954A-4431-B733-6B47F17B2A02}.Release|x86.ActiveCfg = Release|x86
		{6D7202D1-954A-4431-B733-6B47F17B2A02}.Release|x86.Build.0 = Release|x86
		{2012CAA5-09C0-4E58-81B4-5007C9D31DB9}.Debug|Any CPU.ActiveCfg = Debug|Any CPU
		{2012CAA5-09C0-4E58-81B4-5007C9D31DB9}.Debug|Any CPU.Build.0 = Debug|Any CPU
		{2012CAA5-09C0-4E58-81B4-5007C9D31DB9}.Debug|ARM.ActiveCfg = Debug|Any CPU
		{2012CAA5-09C0-4E58-81B4-5007C9D31DB9}.Debug|ARM.Build.0 = Debug|Any CPU
		{2012CAA5-09C0-4E58-81B4-5007C9D31DB9}.Debug|ARM64.ActiveCfg = Debug|Any CPU
		{2012CAA5-09C0-4E58-81B4-5007C9D31DB9}.Debug|ARM64.Build.0 = Debug|Any CPU
		{2012CAA5-09C0-4E58-81B4-5007C9D31DB9}.Debug|x64.ActiveCfg = Debug|Any CPU
		{2012CAA5-09C0-4E58-81B4-5007C9D31DB9}.Debug|x64.Build.0 = Debug|Any CPU
		{2012CAA5-09C0-4E58-81B4-5007C9D31DB9}.Debug|x86.ActiveCfg = Debug|x86
		{2012CAA5-09C0-4E58-81B4-5007C9D31DB9}.Debug|x86.Build.0 = Debug|x86
		{2012CAA5-09C0-4E58-81B4-5007C9D31DB9}.Release|Any CPU.ActiveCfg = Release|Any CPU
		{2012CAA5-09C0-4E58-81B4-5007C9D31DB9}.Release|Any CPU.Build.0 = Release|Any CPU
		{2012CAA5-09C0-4E58-81B4-5007C9D31DB9}.Release|ARM.ActiveCfg = Release|Any CPU
		{2012CAA5-09C0-4E58-81B4-5007C9D31DB9}.Release|ARM.Build.0 = Release|Any CPU
		{2012CAA5-09C0-4E58-81B4-5007C9D31DB9}.Release|ARM64.ActiveCfg = Release|Any CPU
		{2012CAA5-09C0-4E58-81B4-5007C9D31DB9}.Release|ARM64.Build.0 = Release|Any CPU
		{2012CAA5-09C0-4E58-81B4-5007C9D31DB9}.Release|x64.ActiveCfg = Release|Any CPU
		{2012CAA5-09C0-4E58-81B4-5007C9D31DB9}.Release|x64.Build.0 = Release|Any CPU
		{2012CAA5-09C0-4E58-81B4-5007C9D31DB9}.Release|x86.ActiveCfg = Release|Any CPU
		{2012CAA5-09C0-4E58-81B4-5007C9D31DB9}.Release|x86.Build.0 = Release|Any CPU
		{11221345-BC85-488C-8E5C-395C0F848682}.Debug|Any CPU.ActiveCfg = Debug|Any CPU
		{11221345-BC85-488C-8E5C-395C0F848682}.Debug|Any CPU.Build.0 = Debug|Any CPU
		{11221345-BC85-488C-8E5C-395C0F848682}.Debug|ARM.ActiveCfg = Debug|Any CPU
		{11221345-BC85-488C-8E5C-395C0F848682}.Debug|ARM.Build.0 = Debug|Any CPU
		{11221345-BC85-488C-8E5C-395C0F848682}.Debug|ARM64.ActiveCfg = Debug|Any CPU
		{11221345-BC85-488C-8E5C-395C0F848682}.Debug|ARM64.Build.0 = Debug|Any CPU
		{11221345-BC85-488C-8E5C-395C0F848682}.Debug|x64.ActiveCfg = Debug|Any CPU
		{11221345-BC85-488C-8E5C-395C0F848682}.Debug|x64.Build.0 = Debug|Any CPU
		{11221345-BC85-488C-8E5C-395C0F848682}.Debug|x86.ActiveCfg = Debug|Any CPU
		{11221345-BC85-488C-8E5C-395C0F848682}.Debug|x86.Build.0 = Debug|Any CPU
		{11221345-BC85-488C-8E5C-395C0F848682}.Release|Any CPU.ActiveCfg = Release|Any CPU
		{11221345-BC85-488C-8E5C-395C0F848682}.Release|Any CPU.Build.0 = Release|Any CPU
		{11221345-BC85-488C-8E5C-395C0F848682}.Release|ARM.ActiveCfg = Release|Any CPU
		{11221345-BC85-488C-8E5C-395C0F848682}.Release|ARM.Build.0 = Release|Any CPU
		{11221345-BC85-488C-8E5C-395C0F848682}.Release|ARM64.ActiveCfg = Release|Any CPU
		{11221345-BC85-488C-8E5C-395C0F848682}.Release|ARM64.Build.0 = Release|Any CPU
		{11221345-BC85-488C-8E5C-395C0F848682}.Release|x64.ActiveCfg = Release|Any CPU
		{11221345-BC85-488C-8E5C-395C0F848682}.Release|x64.Build.0 = Release|Any CPU
		{11221345-BC85-488C-8E5C-395C0F848682}.Release|x86.ActiveCfg = Release|Any CPU
		{11221345-BC85-488C-8E5C-395C0F848682}.Release|x86.Build.0 = Release|Any CPU
		{4D046126-813D-40A0-9589-624602720EDC}.Debug|Any CPU.ActiveCfg = Debug|Any CPU
		{4D046126-813D-40A0-9589-624602720EDC}.Debug|Any CPU.Build.0 = Debug|Any CPU
		{4D046126-813D-40A0-9589-624602720EDC}.Debug|ARM.ActiveCfg = Debug|Any CPU
		{4D046126-813D-40A0-9589-624602720EDC}.Debug|ARM.Build.0 = Debug|Any CPU
		{4D046126-813D-40A0-9589-624602720EDC}.Debug|ARM64.ActiveCfg = Debug|Any CPU
		{4D046126-813D-40A0-9589-624602720EDC}.Debug|ARM64.Build.0 = Debug|Any CPU
		{4D046126-813D-40A0-9589-624602720EDC}.Debug|x64.ActiveCfg = Debug|Any CPU
		{4D046126-813D-40A0-9589-624602720EDC}.Debug|x64.Build.0 = Debug|Any CPU
		{4D046126-813D-40A0-9589-624602720EDC}.Debug|x86.ActiveCfg = Debug|Any CPU
		{4D046126-813D-40A0-9589-624602720EDC}.Debug|x86.Build.0 = Debug|Any CPU
		{4D046126-813D-40A0-9589-624602720EDC}.Release|Any CPU.ActiveCfg = Release|Any CPU
		{4D046126-813D-40A0-9589-624602720EDC}.Release|Any CPU.Build.0 = Release|Any CPU
		{4D046126-813D-40A0-9589-624602720EDC}.Release|ARM.ActiveCfg = Release|Any CPU
		{4D046126-813D-40A0-9589-624602720EDC}.Release|ARM.Build.0 = Release|Any CPU
		{4D046126-813D-40A0-9589-624602720EDC}.Release|ARM64.ActiveCfg = Release|Any CPU
		{4D046126-813D-40A0-9589-624602720EDC}.Release|ARM64.Build.0 = Release|Any CPU
		{4D046126-813D-40A0-9589-624602720EDC}.Release|x64.ActiveCfg = Release|Any CPU
		{4D046126-813D-40A0-9589-624602720EDC}.Release|x64.Build.0 = Release|Any CPU
		{4D046126-813D-40A0-9589-624602720EDC}.Release|x86.ActiveCfg = Release|Any CPU
		{4D046126-813D-40A0-9589-624602720EDC}.Release|x86.Build.0 = Release|Any CPU
		{BCC116D4-A7B9-4BB8-AE90-5D95E60B41CC}.Debug|Any CPU.ActiveCfg = Debug|Any CPU
		{BCC116D4-A7B9-4BB8-AE90-5D95E60B41CC}.Debug|Any CPU.Build.0 = Debug|Any CPU
		{BCC116D4-A7B9-4BB8-AE90-5D95E60B41CC}.Debug|ARM.ActiveCfg = Debug|Any CPU
		{BCC116D4-A7B9-4BB8-AE90-5D95E60B41CC}.Debug|ARM.Build.0 = Debug|Any CPU
		{BCC116D4-A7B9-4BB8-AE90-5D95E60B41CC}.Debug|ARM64.ActiveCfg = Debug|Any CPU
		{BCC116D4-A7B9-4BB8-AE90-5D95E60B41CC}.Debug|ARM64.Build.0 = Debug|Any CPU
		{BCC116D4-A7B9-4BB8-AE90-5D95E60B41CC}.Debug|x64.ActiveCfg = Debug|x64
		{BCC116D4-A7B9-4BB8-AE90-5D95E60B41CC}.Debug|x64.Build.0 = Debug|x64
		{BCC116D4-A7B9-4BB8-AE90-5D95E60B41CC}.Debug|x86.ActiveCfg = Debug|x86
		{BCC116D4-A7B9-4BB8-AE90-5D95E60B41CC}.Debug|x86.Build.0 = Debug|x86
		{BCC116D4-A7B9-4BB8-AE90-5D95E60B41CC}.Release|Any CPU.ActiveCfg = Release|Any CPU
		{BCC116D4-A7B9-4BB8-AE90-5D95E60B41CC}.Release|Any CPU.Build.0 = Release|Any CPU
		{BCC116D4-A7B9-4BB8-AE90-5D95E60B41CC}.Release|ARM.ActiveCfg = Release|Any CPU
		{BCC116D4-A7B9-4BB8-AE90-5D95E60B41CC}.Release|ARM.Build.0 = Release|Any CPU
		{BCC116D4-A7B9-4BB8-AE90-5D95E60B41CC}.Release|ARM64.ActiveCfg = Release|Any CPU
		{BCC116D4-A7B9-4BB8-AE90-5D95E60B41CC}.Release|ARM64.Build.0 = Release|Any CPU
		{BCC116D4-A7B9-4BB8-AE90-5D95E60B41CC}.Release|x64.ActiveCfg = Release|x64
		{BCC116D4-A7B9-4BB8-AE90-5D95E60B41CC}.Release|x64.Build.0 = Release|x64
		{BCC116D4-A7B9-4BB8-AE90-5D95E60B41CC}.Release|x86.ActiveCfg = Release|x86
		{BCC116D4-A7B9-4BB8-AE90-5D95E60B41CC}.Release|x86.Build.0 = Release|x86
	EndGlobalSection
	GlobalSection(SolutionProperties) = preSolution
		HideSolutionNode = FALSE
	EndGlobalSection
	GlobalSection(NestedProjects) = preSolution
		{6FCD1EF9-8936-4C8B-9F36-255CCE291CA9} = {AD12953D-9230-4ADC-A115-596FBFAADBE7}
		{AD12953D-9230-4ADC-A115-596FBFAADBE7} = {18C721D5-8339-4A66-8A6F-2B974ACD9598}
		{BCF8F7FB-8C2A-4583-8F62-EADEE645243C} = {99D68A6A-FD3D-4AAB-A02C-4307A6851F17}
		{03FB5D97-71E4-4304-B52F-6836605398B5} = {18C721D5-8339-4A66-8A6F-2B974ACD9598}
		{0381D4D0-945E-4340-B974-9D07B2830D4F} = {99D68A6A-FD3D-4AAB-A02C-4307A6851F17}
		{B0165914-17FA-4C02-BFD1-BF2F6C664152} = {DBDC2DF6-0316-4E7D-A6D4-B09CA321CAB7}
		{6D7202D1-954A-4431-B733-6B47F17B2A02} = {DBDC2DF6-0316-4E7D-A6D4-B09CA321CAB7}
		{2012CAA5-09C0-4E58-81B4-5007C9D31DB9} = {AD12953D-9230-4ADC-A115-596FBFAADBE7}
		{11221345-BC85-488C-8E5C-395C0F848682} = {18C721D5-8339-4A66-8A6F-2B974ACD9598}
		{4D046126-813D-40A0-9589-624602720EDC} = {DBDC2DF6-0316-4E7D-A6D4-B09CA321CAB7}
		{BCC116D4-A7B9-4BB8-AE90-5D95E60B41CC} = {99D68A6A-FD3D-4AAB-A02C-4307A6851F17}
	EndGlobalSection
	GlobalSection(ExtensibilityGlobals) = postSolution
		SolutionGuid = {4E0A2F67-7D8F-4910-BFB7-8AE9E0B25204}
	EndGlobalSection
EndGlobal
