
Microsoft Visual Studio Solution File, Format Version 12.00
# Visual Studio Version 16
VisualStudioVersion = 16.0.29806.167
MinimumVisualStudioVersion = 10.0.40219.1
Project("{FAE04EC0-301F-11D3-BF4B-00C04F79EFBC}") = "ConfigTest", "ConfigTest\ConfigTest.csproj", "{A688C320-781A-4453-B86B-324785618DD8}"
EndProject
Project("{FAE04EC0-301F-11D3-BF4B-00C04F79EFBC}") = "KayMcCormick.Dev", "KayMcCormick.Dev\KayMcCormick.Dev.csproj", "{6FCD1EF9-8936-4C8B-9F36-255CCE291CA9}"
EndProject
Project("{930C7802-8A8C-48F9-8165-68863BCCD9DD}") = "ConfigTestSetup", "Install\ConfigTestSetup\ConfigTestSetup.wixproj", "{D7672351-3BB3-4F76-9FEB-7046F9D0FBED}"
EndProject
Project("{FAE04EC0-301F-11D3-BF4B-00C04F79EFBC}") = "ClassLibTests", "Tests\ClassLibTests\ClassLibTests.csproj", "{94530180-751F-4A72-A747-637D066EF5A9}"
EndProject
Project("{2150E333-8FDC-42A3-9474-1A3956D46DE8}") = "Solution Items", "Solution Items", "{3B099ACC-8896-4AC9-8991-80E6A63C15B6}"
	ProjectSection(SolutionItems) = preProject
		ConfigTest\.editorconfig = ConfigTest\.editorconfig
	EndProjectSection
EndProject
Project("{FAE04EC0-301F-11D3-BF4B-00C04F79EFBC}") = "KayMcCormick.Lib.Wpf", "Desktop\Wpf\KayMcCormick.Lib.Wpf.csproj", "{3434E74C-D7B5-4315-A8E1-51DBCE878199}"
EndProject
Project("{FAE04EC0-301F-11D3-BF4B-00C04F79EFBC}") = "WpfApp2", "Desktop\WpfApp2\WpfApp2.csproj", "{FC03E7AD-F794-49EE-9803-61A7423BCEF7}"
EndProject
Global
	GlobalSection(SolutionConfigurationPlatforms) = preSolution
		Debug|Any CPU = Debug|Any CPU
		Debug|x64 = Debug|x64
		Debug|x86 = Debug|x86
		Release|Any CPU = Release|Any CPU
		Release|x64 = Release|x64
		Release|x86 = Release|x86
	EndGlobalSection
	GlobalSection(ProjectConfigurationPlatforms) = postSolution
		{A688C320-781A-4453-B86B-324785618DD8}.Debug|Any CPU.ActiveCfg = Debug|x86
		{A688C320-781A-4453-B86B-324785618DD8}.Debug|x64.ActiveCfg = Debug|x64
		{A688C320-781A-4453-B86B-324785618DD8}.Debug|x64.Build.0 = Debug|x64
		{A688C320-781A-4453-B86B-324785618DD8}.Debug|x86.ActiveCfg = Debug|x86
		{A688C320-781A-4453-B86B-324785618DD8}.Debug|x86.Build.0 = Debug|x86
		{A688C320-781A-4453-B86B-324785618DD8}.Release|Any CPU.ActiveCfg = Release|x86
		{A688C320-781A-4453-B86B-324785618DD8}.Release|x64.ActiveCfg = Release|x64
		{A688C320-781A-4453-B86B-324785618DD8}.Release|x64.Build.0 = Release|x64
		{A688C320-781A-4453-B86B-324785618DD8}.Release|x86.ActiveCfg = Release|x86
		{A688C320-781A-4453-B86B-324785618DD8}.Release|x86.Build.0 = Release|x86
		{6FCD1EF9-8936-4C8B-9F36-255CCE291CA9}.Debug|Any CPU.ActiveCfg = Debug|Any CPU
		{6FCD1EF9-8936-4C8B-9F36-255CCE291CA9}.Debug|Any CPU.Build.0 = Debug|Any CPU
		{6FCD1EF9-8936-4C8B-9F36-255CCE291CA9}.Debug|x64.ActiveCfg = Debug|x64
		{6FCD1EF9-8936-4C8B-9F36-255CCE291CA9}.Debug|x64.Build.0 = Debug|x64
		{6FCD1EF9-8936-4C8B-9F36-255CCE291CA9}.Debug|x86.ActiveCfg = Debug|x86
		{6FCD1EF9-8936-4C8B-9F36-255CCE291CA9}.Debug|x86.Build.0 = Debug|x86
		{6FCD1EF9-8936-4C8B-9F36-255CCE291CA9}.Release|Any CPU.ActiveCfg = Release|Any CPU
		{6FCD1EF9-8936-4C8B-9F36-255CCE291CA9}.Release|Any CPU.Build.0 = Release|Any CPU
		{6FCD1EF9-8936-4C8B-9F36-255CCE291CA9}.Release|x64.ActiveCfg = Release|x64
		{6FCD1EF9-8936-4C8B-9F36-255CCE291CA9}.Release|x64.Build.0 = Release|x64
		{6FCD1EF9-8936-4C8B-9F36-255CCE291CA9}.Release|x86.ActiveCfg = Release|x86
		{6FCD1EF9-8936-4C8B-9F36-255CCE291CA9}.Release|x86.Build.0 = Release|x86
		{D7672351-3BB3-4F76-9FEB-7046F9D0FBED}.Debug|Any CPU.ActiveCfg = Debug|x86
		{D7672351-3BB3-4F76-9FEB-7046F9D0FBED}.Debug|x64.ActiveCfg = Debug|x86
		{D7672351-3BB3-4F76-9FEB-7046F9D0FBED}.Debug|x86.ActiveCfg = Debug|x86
		{D7672351-3BB3-4F76-9FEB-7046F9D0FBED}.Debug|x86.Build.0 = Debug|x86
		{D7672351-3BB3-4F76-9FEB-7046F9D0FBED}.Release|Any CPU.ActiveCfg = Release|x86
		{D7672351-3BB3-4F76-9FEB-7046F9D0FBED}.Release|x64.ActiveCfg = Release|x86
		{D7672351-3BB3-4F76-9FEB-7046F9D0FBED}.Release|x86.ActiveCfg = Release|x86
		{D7672351-3BB3-4F76-9FEB-7046F9D0FBED}.Release|x86.Build.0 = Release|x86
		{94530180-751F-4A72-A747-637D066EF5A9}.Debug|Any CPU.ActiveCfg = Debug|x86
		{94530180-751F-4A72-A747-637D066EF5A9}.Debug|x64.ActiveCfg = Debug|x64
		{94530180-751F-4A72-A747-637D066EF5A9}.Debug|x64.Build.0 = Debug|x64
		{94530180-751F-4A72-A747-637D066EF5A9}.Debug|x86.ActiveCfg = Debug|x86
		{94530180-751F-4A72-A747-637D066EF5A9}.Debug|x86.Build.0 = Debug|x86
		{94530180-751F-4A72-A747-637D066EF5A9}.Release|Any CPU.ActiveCfg = Release|x86
		{94530180-751F-4A72-A747-637D066EF5A9}.Release|x64.ActiveCfg = Release|x64
		{94530180-751F-4A72-A747-637D066EF5A9}.Release|x64.Build.0 = Release|x64
		{94530180-751F-4A72-A747-637D066EF5A9}.Release|x86.ActiveCfg = Release|x86
		{94530180-751F-4A72-A747-637D066EF5A9}.Release|x86.Build.0 = Release|x86
		{3434E74C-D7B5-4315-A8E1-51DBCE878199}.Debug|Any CPU.ActiveCfg = Debug|x86
		{3434E74C-D7B5-4315-A8E1-51DBCE878199}.Debug|x64.ActiveCfg = Debug|x64
		{3434E74C-D7B5-4315-A8E1-51DBCE878199}.Debug|x64.Build.0 = Debug|x64
		{3434E74C-D7B5-4315-A8E1-51DBCE878199}.Debug|x86.ActiveCfg = Debug|x86
		{3434E74C-D7B5-4315-A8E1-51DBCE878199}.Debug|x86.Build.0 = Debug|x86
		{3434E74C-D7B5-4315-A8E1-51DBCE878199}.Release|Any CPU.ActiveCfg = Release|x86
		{3434E74C-D7B5-4315-A8E1-51DBCE878199}.Release|x64.ActiveCfg = Release|x64
		{3434E74C-D7B5-4315-A8E1-51DBCE878199}.Release|x64.Build.0 = Release|x64
		{3434E74C-D7B5-4315-A8E1-51DBCE878199}.Release|x86.ActiveCfg = Release|x86
		{3434E74C-D7B5-4315-A8E1-51DBCE878199}.Release|x86.Build.0 = Release|x86
		{FC03E7AD-F794-49EE-9803-61A7423BCEF7}.Debug|Any CPU.ActiveCfg = Debug|x86
		{FC03E7AD-F794-49EE-9803-61A7423BCEF7}.Debug|x64.ActiveCfg = Debug|x64
		{FC03E7AD-F794-49EE-9803-61A7423BCEF7}.Debug|x64.Build.0 = Debug|x64
		{FC03E7AD-F794-49EE-9803-61A7423BCEF7}.Debug|x86.ActiveCfg = Debug|x86
		{FC03E7AD-F794-49EE-9803-61A7423BCEF7}.Debug|x86.Build.0 = Debug|x86
		{FC03E7AD-F794-49EE-9803-61A7423BCEF7}.Release|Any CPU.ActiveCfg = Release|x86
		{FC03E7AD-F794-49EE-9803-61A7423BCEF7}.Release|x64.ActiveCfg = Release|x64
		{FC03E7AD-F794-49EE-9803-61A7423BCEF7}.Release|x64.Build.0 = Release|x64
		{FC03E7AD-F794-49EE-9803-61A7423BCEF7}.Release|x86.ActiveCfg = Release|x86
		{FC03E7AD-F794-49EE-9803-61A7423BCEF7}.Release|x86.Build.0 = Release|x86
	EndGlobalSection
	GlobalSection(SolutionProperties) = preSolution
		HideSolutionNode = FALSE
	EndGlobalSection
	GlobalSection(ExtensibilityGlobals) = postSolution
		SolutionGuid = {4EFE4896-49FD-4CE0-9157-C1E8CC30B85B}
	EndGlobalSection
EndGlobal
