
Microsoft Visual Studio Solution File, Format Version 12.00
# Visual Studio Version 16
VisualStudioVersion = 16.0.29806.167
MinimumVisualStudioVersion = 10.0.40219.1
Project("{FAE04EC0-301F-11D3-BF4B-00C04F79EFBC}") = "KayMcCormick.Dev", "KayMcCormick.Dev\KayMcCormick.Dev.csproj", "{6FCD1EF9-8936-4C8B-9F36-255CCE291CA9}"
EndProject
Project("{FAE04EC0-301F-11D3-BF4B-00C04F79EFBC}") = "ClassLibTests", "Tests\ClassLibTests\ClassLibTests.csproj", "{94530180-751F-4A72-A747-637D066EF5A9}"
EndProject
Project("{2150E333-8FDC-42A3-9474-1A3956D46DE8}") = "Solution Items", "Solution Items", "{3B099ACC-8896-4AC9-8991-80E6A63C15B6}"
	ProjectSection(SolutionItems) = preProject
		ConfigTest\.editorconfig = ConfigTest\.editorconfig
	EndProjectSection
EndProject
Project("{FAE04EC0-301F-11D3-BF4B-00C04F79EFBC}") = "KayMcCormick.Lib.Wpf", "Desktop\Wpf\KayMcCormick.Lib.Wpf.csproj", "{3434E74C-D7B5-4315-A8E1-51DBCE878199}"
EndProject
Project("{FAE04EC0-301F-11D3-BF4B-00C04F79EFBC}") = "WpfApp", "Desktop\WpfApp\WpfApp.csproj", "{74792445-F224-4C75-B204-094FF689D950}"
EndProject
Project("{F088123C-0E9E-452A-89E6-6BA2F21D5CAC}") = "WpfDependencyValidation", "WpfDependencyValidation\WpfDependencyValidation.modelproj", "{5F23C019-CCD5-48FF-8BFA-2CB0DBB7CA9E}"
EndProject
Global
	GlobalSection(SolutionConfigurationPlatforms) = preSolution
		Debug|Any CPU = Debug|Any CPU
		Debug|x64 = Debug|x64
		Debug|x86 = Debug|x86
		Release|Any CPU = Release|Any CPU
		Release|x64 = Release|x64
		Release|x86 = Release|x86
	EndGlobalSection
	GlobalSection(ProjectConfigurationPlatforms) = postSolution
		{6FCD1EF9-8936-4C8B-9F36-255CCE291CA9}.Debug|Any CPU.ActiveCfg = Debug|Any CPU
		{6FCD1EF9-8936-4C8B-9F36-255CCE291CA9}.Debug|Any CPU.Build.0 = Debug|Any CPU
		{6FCD1EF9-8936-4C8B-9F36-255CCE291CA9}.Debug|x64.ActiveCfg = Debug|x64
		{6FCD1EF9-8936-4C8B-9F36-255CCE291CA9}.Debug|x64.Build.0 = Debug|x64
		{6FCD1EF9-8936-4C8B-9F36-255CCE291CA9}.Debug|x86.ActiveCfg = Debug|x86
		{6FCD1EF9-8936-4C8B-9F36-255CCE291CA9}.Debug|x86.Build.0 = Debug|x86
		{6FCD1EF9-8936-4C8B-9F36-255CCE291CA9}.Release|Any CPU.ActiveCfg = Release|Any CPU
		{6FCD1EF9-8936-4C8B-9F36-255CCE291CA9}.Release|Any CPU.Build.0 = Release|Any CPU
		{6FCD1EF9-8936-4C8B-9F36-255CCE291CA9}.Release|x64.ActiveCfg = Release|x64
		{6FCD1EF9-8936-4C8B-9F36-255CCE291CA9}.Release|x64.Build.0 = Release|x64
		{6FCD1EF9-8936-4C8B-9F36-255CCE291CA9}.Release|x86.ActiveCfg = Release|x86
		{6FCD1EF9-8936-4C8B-9F36-255CCE291CA9}.Release|x86.Build.0 = Release|x86
		{94530180-751F-4A72-A747-637D066EF5A9}.Debug|Any CPU.ActiveCfg = Debug|x86
		{94530180-751F-4A72-A747-637D066EF5A9}.Debug|x64.ActiveCfg = Debug|x64
		{94530180-751F-4A72-A747-637D066EF5A9}.Debug|x64.Build.0 = Debug|x64
		{94530180-751F-4A72-A747-637D066EF5A9}.Debug|x86.ActiveCfg = Debug|x86
		{94530180-751F-4A72-A747-637D066EF5A9}.Debug|x86.Build.0 = Debug|x86
		{94530180-751F-4A72-A747-637D066EF5A9}.Release|Any CPU.ActiveCfg = Release|x86
		{94530180-751F-4A72-A747-637D066EF5A9}.Release|x64.ActiveCfg = Release|x64
		{94530180-751F-4A72-A747-637D066EF5A9}.Release|x64.Build.0 = Release|x64
		{94530180-751F-4A72-A747-637D066EF5A9}.Release|x86.ActiveCfg = Release|x86
		{94530180-751F-4A72-A747-637D066EF5A9}.Release|x86.Build.0 = Release|x86
		{3434E74C-D7B5-4315-A8E1-51DBCE878199}.Debug|Any CPU.ActiveCfg = Debug|x86
		{3434E74C-D7B5-4315-A8E1-51DBCE878199}.Debug|x64.ActiveCfg = Debug|x64
		{3434E74C-D7B5-4315-A8E1-51DBCE878199}.Debug|x64.Build.0 = Debug|x64
		{3434E74C-D7B5-4315-A8E1-51DBCE878199}.Debug|x86.ActiveCfg = Debug|x86
		{3434E74C-D7B5-4315-A8E1-51DBCE878199}.Debug|x86.Build.0 = Debug|x86
		{3434E74C-D7B5-4315-A8E1-51DBCE878199}.Release|Any CPU.ActiveCfg = Release|x86
		{3434E74C-D7B5-4315-A8E1-51DBCE878199}.Release|x64.ActiveCfg = Release|x64
		{3434E74C-D7B5-4315-A8E1-51DBCE878199}.Release|x64.Build.0 = Release|x64
		{3434E74C-D7B5-4315-A8E1-51DBCE878199}.Release|x86.ActiveCfg = Release|x86
		{3434E74C-D7B5-4315-A8E1-51DBCE878199}.Release|x86.Build.0 = Release|x86
		{74792445-F224-4C75-B204-094FF689D950}.Debug|Any CPU.ActiveCfg = Debug|x86
		{74792445-F224-4C75-B204-094FF689D950}.Debug|x64.ActiveCfg = Debug|x64
		{74792445-F224-4C75-B204-094FF689D950}.Debug|x64.Build.0 = Debug|x64
		{74792445-F224-4C75-B204-094FF689D950}.Debug|x86.ActiveCfg = Debug|x86
		{74792445-F224-4C75-B204-094FF689D950}.Debug|x86.Build.0 = Debug|x86
		{74792445-F224-4C75-B204-094FF689D950}.Release|Any CPU.ActiveCfg = Release|x86
		{74792445-F224-4C75-B204-094FF689D950}.Release|x64.ActiveCfg = Release|x64
		{74792445-F224-4C75-B204-094FF689D950}.Release|x64.Build.0 = Release|x64
		{74792445-F224-4C75-B204-094FF689D950}.Release|x86.ActiveCfg = Release|x86
		{74792445-F224-4C75-B204-094FF689D950}.Release|x86.Build.0 = Release|x86
		{5F23C019-CCD5-48FF-8BFA-2CB0DBB7CA9E}.Debug|Any CPU.ActiveCfg = Debug|Any CPU
		{5F23C019-CCD5-48FF-8BFA-2CB0DBB7CA9E}.Debug|Any CPU.Build.0 = Debug|Any CPU
		{5F23C019-CCD5-48FF-8BFA-2CB0DBB7CA9E}.Debug|x64.ActiveCfg = Debug|Any CPU
		{5F23C019-CCD5-48FF-8BFA-2CB0DBB7CA9E}.Debug|x64.Build.0 = Debug|Any CPU
		{5F23C019-CCD5-48FF-8BFA-2CB0DBB7CA9E}.Debug|x86.ActiveCfg = Debug|Any CPU
		{5F23C019-CCD5-48FF-8BFA-2CB0DBB7CA9E}.Debug|x86.Build.0 = Debug|Any CPU
		{5F23C019-CCD5-48FF-8BFA-2CB0DBB7CA9E}.Release|Any CPU.ActiveCfg = Release|Any CPU
		{5F23C019-CCD5-48FF-8BFA-2CB0DBB7CA9E}.Release|Any CPU.Build.0 = Release|Any CPU
		{5F23C019-CCD5-48FF-8BFA-2CB0DBB7CA9E}.Release|x64.ActiveCfg = Release|Any CPU
		{5F23C019-CCD5-48FF-8BFA-2CB0DBB7CA9E}.Release|x64.Build.0 = Release|Any CPU
		{5F23C019-CCD5-48FF-8BFA-2CB0DBB7CA9E}.Release|x86.ActiveCfg = Release|Any CPU
		{5F23C019-CCD5-48FF-8BFA-2CB0DBB7CA9E}.Release|x86.Build.0 = Release|Any CPU
	EndGlobalSection
	GlobalSection(SolutionProperties) = preSolution
		HideSolutionNode = FALSE
	EndGlobalSection
	GlobalSection(ExtensibilityGlobals) = postSolution
		SolutionGuid = {4EFE4896-49FD-4CE0-9157-C1E8CC30B85B}
	EndGlobalSection
EndGlobal
