
Microsoft Visual Studio Solution File, Format Version 12.00
# Visual Studio 15
VisualStudioVersion = 15.0.28307.1062
MinimumVisualStudioVersion = 10.0.40219.1
Project("{FAE04EC0-301F-11D3-BF4B-00C04F79EFBC}") = "Analyzer2", "Analyzer2.csproj", "{6CE640A5-AD97-42BB-AAF4-F78CFAB6AC57}"
EndProject
Project("{FAE04EC0-301F-11D3-BF4B-00C04F79EFBC}") = "Analyzer2.Vsix", "..\Analyzer2.Vsix\Analyzer2.Vsix.csproj", "{33EB184D-88A1-4FE3-9C5B-AB54BF9ECC8B}"
EndProject
Project("{FAE04EC0-301F-11D3-BF4B-00C04F79EFBC}") = "FindLogUsages", "..\..\FindLogUsages\FindLogUsages.csproj", "{BCC116D4-A7B9-4BB8-AE90-5D95E60B41CC}"
EndProject
Global
	GlobalSection(SolutionConfigurationPlatforms) = preSolution
		Debug|Any CPU = Debug|Any CPU
		Release|Any CPU = Release|Any CPU
	EndGlobalSection
	GlobalSection(ProjectConfigurationPlatforms) = postSolution
		{6CE640A5-AD97-42BB-AAF4-F78CFAB6AC57}.Debug|Any CPU.ActiveCfg = Debug|Any CPU
		{6CE640A5-AD97-42BB-AAF4-F78CFAB6AC57}.Debug|Any CPU.Build.0 = Debug|Any CPU
		{6CE640A5-AD97-42BB-AAF4-F78CFAB6AC57}.Release|Any CPU.ActiveCfg = Release|Any CPU
		{6CE640A5-AD97-42BB-AAF4-F78CFAB6AC57}.Release|Any CPU.Build.0 = Release|Any CPU
		{33EB184D-88A1-4FE3-9C5B-AB54BF9ECC8B}.Debug|Any CPU.ActiveCfg = Debug|Any CPU
		{33EB184D-88A1-4FE3-9C5B-AB54BF9ECC8B}.Debug|Any CPU.Build.0 = Debug|Any CPU
		{33EB184D-88A1-4FE3-9C5B-AB54BF9ECC8B}.Release|Any CPU.ActiveCfg = Release|Any CPU
		{33EB184D-88A1-4FE3-9C5B-AB54BF9ECC8B}.Release|Any CPU.Build.0 = Release|Any CPU
		{BCC116D4-A7B9-4BB8-AE90-5D95E60B41CC}.Debug|Any CPU.ActiveCfg = Debug|Any CPU
		{BCC116D4-A7B9-4BB8-AE90-5D95E60B41CC}.Debug|Any CPU.Build.0 = Debug|Any CPU
		{BCC116D4-A7B9-4BB8-AE90-5D95E60B41CC}.Release|Any CPU.ActiveCfg = Release|Any CPU
		{BCC116D4-A7B9-4BB8-AE90-5D95E60B41CC}.Release|Any CPU.Build.0 = Release|Any CPU
	EndGlobalSection
	GlobalSection(SolutionProperties) = preSolution
		HideSolutionNode = FALSE
	EndGlobalSection
	GlobalSection(ExtensibilityGlobals) = postSolution
		SolutionGuid = {217C82B3-9714-4289-8CB1-312AEB44D075}
	EndGlobalSection
EndGlobal
