
Microsoft Visual Studio Solution File, Format Version 12.00
# Visual Studio Version 16
VisualStudioVersion = 16.0.30104.148
MinimumVisualStudioVersion = 10.0.40219.1
Project("{FAE04EC0-301F-11D3-BF4B-00C04F79EFBC}") = "RibbonLib", "RibbonLib.csproj", "{42CC9D74-3C3E-43FF-9900-B28A6D133156}"
EndProject
Global
	GlobalSection(SolutionConfigurationPlatforms) = preSolution
		Debug|Any CPU = Debug|Any CPU
		Release|Any CPU = Release|Any CPU
	EndGlobalSection
	GlobalSection(ProjectConfigurationPlatforms) = postSolution
		{42CC9D74-3C3E-43FF-9900-B28A6D133156}.Debug|Any CPU.ActiveCfg = Debug|Any CPU
		{42CC9D74-3C3E-43FF-9900-B28A6D133156}.Debug|Any CPU.Build.0 = Debug|Any CPU
		{42CC9D74-3C3E-43FF-9900-B28A6D133156}.Release|Any CPU.ActiveCfg = Release|Any CPU
		{42CC9D74-3C3E-43FF-9900-B28A6D133156}.Release|Any CPU.Build.0 = Release|Any CPU
	EndGlobalSection
	GlobalSection(SolutionProperties) = preSolution
		HideSolutionNode = FALSE
	EndGlobalSection
	GlobalSection(ExtensibilityGlobals) = postSolution
		SolutionGuid = {6B149294-75BA-42F3-9107-5B51D833D570}
	EndGlobalSection
EndGlobal
