
Microsoft Visual Studio Solution File, Format Version 12.00
# Visual Studio Version 16
VisualStudioVersion = 16.0.30128.36
MinimumVisualStudioVersion = 10.0.40219.1
Project("{9A19103F-16F7-4668-BE54-9A1E7A4F7556}") = "TraceSources", "TraceSources.csproj", "{67F339A4-8851-4717-AA32-E7B207C35DC0}"
EndProject
Project("{9A19103F-16F7-4668-BE54-9A1E7A4F7556}") = "KmDevWpfControlsCore", "..\..\KmDevWpfControls\KmDevWpfControls\KmDevWpfControlsCore.csproj", "{65AC9AF5-B8A6-4B92-BADD-8468E5D3E234}"
EndProject
Global
	GlobalSection(SolutionConfigurationPlatforms) = preSolution
		Debug|Any CPU = Debug|Any CPU
		Release|Any CPU = Release|Any CPU
	EndGlobalSection
	GlobalSection(ProjectConfigurationPlatforms) = postSolution
		{67F339A4-8851-4717-AA32-E7B207C35DC0}.Debug|Any CPU.ActiveCfg = Debug|Any CPU
		{67F339A4-8851-4717-AA32-E7B207C35DC0}.Debug|Any CPU.Build.0 = Debug|Any CPU
		{67F339A4-8851-4717-AA32-E7B207C35DC0}.Release|Any CPU.ActiveCfg = Release|Any CPU
		{67F339A4-8851-4717-AA32-E7B207C35DC0}.Release|Any CPU.Build.0 = Release|Any CPU
		{65AC9AF5-B8A6-4B92-BADD-8468E5D3E234}.Debug|Any CPU.ActiveCfg = Debug|Any CPU
		{65AC9AF5-B8A6-4B92-BADD-8468E5D3E234}.Debug|Any CPU.Build.0 = Debug|Any CPU
		{65AC9AF5-B8A6-4B92-BADD-8468E5D3E234}.Release|Any CPU.ActiveCfg = Release|Any CPU
		{65AC9AF5-B8A6-4B92-BADD-8468E5D3E234}.Release|Any CPU.Build.0 = Release|Any CPU
	EndGlobalSection
	GlobalSection(SolutionProperties) = preSolution
		HideSolutionNode = FALSE
	EndGlobalSection
	GlobalSection(ExtensibilityGlobals) = postSolution
		SolutionGuid = {BFB87F86-C9FA-4AF9-9F1E-4539BD2904A0}
	EndGlobalSection
EndGlobal
