
Microsoft Visual Studio Solution File, Format Version 12.00
# Visual Studio Version 16
VisualStudioVersion = 16.0.29806.167
MinimumVisualStudioVersion = 10.0.40219.1
Project("{9A19103F-16F7-4668-BE54-9A1E7A4F7556}") = "AnalysisFramework", "AnalysisFramework\AnalysisFramework.csproj", "{65D5BC52-F62D-43E7-AE38-9ADE7510F181}"
EndProject
Project("{9A19103F-16F7-4668-BE54-9A1E7A4F7556}") = "wpf", "..\Wpf\wpf.csproj", "{6B5D522D-EB68-43ED-8DC4-456FB634F95C}"
EndProject
Project("{9A19103F-16F7-4668-BE54-9A1E7A4F7556}") = "KayMcCormick.Dev", "..\KayMcCormick.Dev\KayMcCormick.Dev.csproj", "{6A8192AC-C1F2-4D5B-9B15-03C37B64E027}"
EndProject
Project("{9A19103F-16F7-4668-BE54-9A1E7A4F7556}") = "ProjLib", "ProjLib\ProjLib.csproj", "{EB54804F-D56D-4AF6-A4D6-76C23B2F6ACD}"
EndProject
Project("{9A19103F-16F7-4668-BE54-9A1E7A4F7556}") = "ProjInterface", "ProjInterface\ProjInterface.csproj", "{C8E896C3-4182-423B-B94C-F62ED347C5E6}"
EndProject
Project("{9A19103F-16F7-4668-BE54-9A1E7A4F7556}") = "AnalysisControls", "AnalysisControls\AnalysisControls.csproj", "{2D7B412E-9A70-424D-91FD-D5B1E518CEA6}"
EndProject
Global
	GlobalSection(SolutionConfigurationPlatforms) = preSolution
		Debug|Any CPU = Debug|Any CPU
		Release|Any CPU = Release|Any CPU
	EndGlobalSection
	GlobalSection(ProjectConfigurationPlatforms) = postSolution
		{65D5BC52-F62D-43E7-AE38-9ADE7510F181}.Debug|Any CPU.ActiveCfg = Debug|Any CPU
		{65D5BC52-F62D-43E7-AE38-9ADE7510F181}.Debug|Any CPU.Build.0 = Debug|Any CPU
		{65D5BC52-F62D-43E7-AE38-9ADE7510F181}.Release|Any CPU.ActiveCfg = Release|Any CPU
		{65D5BC52-F62D-43E7-AE38-9ADE7510F181}.Release|Any CPU.Build.0 = Release|Any CPU
		{6B5D522D-EB68-43ED-8DC4-456FB634F95C}.Debug|Any CPU.ActiveCfg = Debug|Any CPU
		{6B5D522D-EB68-43ED-8DC4-456FB634F95C}.Debug|Any CPU.Build.0 = Debug|Any CPU
		{6B5D522D-EB68-43ED-8DC4-456FB634F95C}.Release|Any CPU.ActiveCfg = Release|Any CPU
		{6B5D522D-EB68-43ED-8DC4-456FB634F95C}.Release|Any CPU.Build.0 = Release|Any CPU
		{6A8192AC-C1F2-4D5B-9B15-03C37B64E027}.Debug|Any CPU.ActiveCfg = Debug|Any CPU
		{6A8192AC-C1F2-4D5B-9B15-03C37B64E027}.Debug|Any CPU.Build.0 = Debug|Any CPU
		{6A8192AC-C1F2-4D5B-9B15-03C37B64E027}.Release|Any CPU.ActiveCfg = Release|Any CPU
		{6A8192AC-C1F2-4D5B-9B15-03C37B64E027}.Release|Any CPU.Build.0 = Release|Any CPU
		{EB54804F-D56D-4AF6-A4D6-76C23B2F6ACD}.Debug|Any CPU.ActiveCfg = Debug|Any CPU
		{EB54804F-D56D-4AF6-A4D6-76C23B2F6ACD}.Debug|Any CPU.Build.0 = Debug|Any CPU
		{EB54804F-D56D-4AF6-A4D6-76C23B2F6ACD}.Release|Any CPU.ActiveCfg = Release|Any CPU
		{EB54804F-D56D-4AF6-A4D6-76C23B2F6ACD}.Release|Any CPU.Build.0 = Release|Any CPU
		{C8E896C3-4182-423B-B94C-F62ED347C5E6}.Debug|Any CPU.ActiveCfg = Debug|Any CPU
		{C8E896C3-4182-423B-B94C-F62ED347C5E6}.Debug|Any CPU.Build.0 = Debug|Any CPU
		{C8E896C3-4182-423B-B94C-F62ED347C5E6}.Release|Any CPU.ActiveCfg = Release|Any CPU
		{C8E896C3-4182-423B-B94C-F62ED347C5E6}.Release|Any CPU.Build.0 = Release|Any CPU
		{2D7B412E-9A70-424D-91FD-D5B1E518CEA6}.Debug|Any CPU.ActiveCfg = Debug|Any CPU
		{2D7B412E-9A70-424D-91FD-D5B1E518CEA6}.Debug|Any CPU.Build.0 = Debug|Any CPU
		{2D7B412E-9A70-424D-91FD-D5B1E518CEA6}.Release|Any CPU.ActiveCfg = Release|Any CPU
		{2D7B412E-9A70-424D-91FD-D5B1E518CEA6}.Release|Any CPU.Build.0 = Release|Any CPU
	EndGlobalSection
	GlobalSection(SolutionProperties) = preSolution
		HideSolutionNode = FALSE
	EndGlobalSection
	GlobalSection(ExtensibilityGlobals) = postSolution
		SolutionGuid = {D83E6A52-4D8E-48A4-95DA-B57B01896815}
	EndGlobalSection
EndGlobal
