
Microsoft Visual Studio Solution File, Format Version 12.00
# Visual Studio Version 16
VisualStudioVersion = 16.0.29806.167
MinimumVisualStudioVersion = 10.0.40219.1
Project("{9A19103F-16F7-4668-BE54-9A1E7A4F7556}") = "KayMcCormick.Dev", "..\KayMcCormick.Dev\KayMcCormick.Dev.csproj", "{6A8192AC-C1F2-4D5B-9B15-03C37B64E027}"
EndProject
Project("{9A19103F-16F7-4668-BE54-9A1E7A4F7556}") = "ProjLib", "ProjLib\ProjLib.csproj", "{EB54804F-D56D-4AF6-A4D6-76C23B2F6ACD}"
EndProject
Global
	GlobalSection(SolutionConfigurationPlatforms) = preSolution
		Debug|Any CPU = Debug|Any CPU
		Release|Any CPU = Release|Any CPU
	EndGlobalSection
	GlobalSection(ProjectConfigurationPlatforms) = postSolution
		{6A8192AC-C1F2-4D5B-9B15-03C37B64E027}.Debug|Any CPU.ActiveCfg = Debug|Any CPU
		{6A8192AC-C1F2-4D5B-9B15-03C37B64E027}.Debug|Any CPU.Build.0 = Debug|Any CPU
		{6A8192AC-C1F2-4D5B-9B15-03C37B64E027}.Release|Any CPU.ActiveCfg = Release|Any CPU
		{6A8192AC-C1F2-4D5B-9B15-03C37B64E027}.Release|Any CPU.Build.0 = Release|Any CPU
		{EB54804F-D56D-4AF6-A4D6-76C23B2F6ACD}.Debug|Any CPU.ActiveCfg = Debug|Any CPU
		{EB54804F-D56D-4AF6-A4D6-76C23B2F6ACD}.Debug|Any CPU.Build.0 = Debug|Any CPU
		{EB54804F-D56D-4AF6-A4D6-76C23B2F6ACD}.Release|Any CPU.ActiveCfg = Release|Any CPU
		{EB54804F-D56D-4AF6-A4D6-76C23B2F6ACD}.Release|Any CPU.Build.0 = Release|Any CPU
	EndGlobalSection
	GlobalSection(SolutionProperties) = preSolution
		HideSolutionNode = FALSE
	EndGlobalSection
	GlobalSection(ExtensibilityGlobals) = postSolution
		SolutionGuid = {D83E6A52-4D8E-48A4-95DA-B57B01896815}
	EndGlobalSection
EndGlobal
