
Microsoft Visual Studio Solution File, Format Version 12.00
# Visual Studio Version 16
VisualStudioVersion = 16.0.30204.135
MinimumVisualStudioVersion = 10.0.40219.1
Project("{9A19103F-16F7-4668-BE54-9A1E7A4F7556}") = "KmDevWpfControlsCore", "KmDevWpfControls\KmDevWpfControls\KmDevWpfControlsCore.csproj", "{F5EE80CA-9B80-4EEE-A034-DB1877FA93DF}"
EndProject
Project("{FAE04EC0-301F-11D3-BF4B-00C04F79EFBC}") = "WpfControllGallery", "KmDevWpfControls\WpfControllGallery\WpfControllGallery.csproj", "{987C0B3E-75E3-436D-B56E-B8143F105A23}"
EndProject
Global
	GlobalSection(SolutionConfigurationPlatforms) = preSolution
		Debug|Any CPU = Debug|Any CPU
		Release|Any CPU = Release|Any CPU
	EndGlobalSection
	GlobalSection(ProjectConfigurationPlatforms) = postSolution
		{F5EE80CA-9B80-4EEE-A034-DB1877FA93DF}.Debug|Any CPU.ActiveCfg = Debug|Any CPU
		{F5EE80CA-9B80-4EEE-A034-DB1877FA93DF}.Debug|Any CPU.Build.0 = Debug|Any CPU
		{F5EE80CA-9B80-4EEE-A034-DB1877FA93DF}.Release|Any CPU.ActiveCfg = Release|Any CPU
		{F5EE80CA-9B80-4EEE-A034-DB1877FA93DF}.Release|Any CPU.Build.0 = Release|Any CPU
		{987C0B3E-75E3-436D-B56E-B8143F105A23}.Debug|Any CPU.ActiveCfg = Debug|Any CPU
		{987C0B3E-75E3-436D-B56E-B8143F105A23}.Debug|Any CPU.Build.0 = Debug|Any CPU
		{987C0B3E-75E3-436D-B56E-B8143F105A23}.Release|Any CPU.ActiveCfg = Release|Any CPU
		{987C0B3E-75E3-436D-B56E-B8143F105A23}.Release|Any CPU.Build.0 = Release|Any CPU
	EndGlobalSection
	GlobalSection(SolutionProperties) = preSolution
		HideSolutionNode = FALSE
	EndGlobalSection
	GlobalSection(ExtensibilityGlobals) = postSolution
		SolutionGuid = {C6E38C92-0E95-4C4B-82F0-4DF5B1333365}
	EndGlobalSection
EndGlobal
